<?xml version="1.0" encoding="utf-8"?>
<Project ToolsVersion="4.0" xmlns="http://schemas.microsoft.com/developer/msbuild/2003">
  <ItemGroup>
    <Filter Include="源文件">
      <UniqueIdentifier>{4FC737F1-C7A5-4376-A066-2A32D752A2FF}</UniqueIdentifier>
      <Extensions>cpp;c;cc;cxx;def;odl;idl;hpj;bat;asm;asmx</Extensions>
    </Filter>
    <Filter Include="头文件">
      <UniqueIdentifier>{93995380-89BD-4b04-88EB-625FBE52EBFB}</UniqueIdentifier>
      <Extensions>h;hh;hpp;hxx;hm;inl;inc;ipp;xsd</Extensions>
    </Filter>
    <Filter Include="资源文件">
      <UniqueIdentifier>{67DA6AB6-F800-4c08-8B7A-83BB121AAD01}</UniqueIdentifier>
      <Extensions>rc;ico;cur;bmp;dlg;rc2;rct;bin;rgs;gif;jpg;jpeg;jpe;resx;tiff;tif;png;wav;mfcribbon-ms</Extensions>
    </Filter>
    <Filter Include="Code">
      <UniqueIdentifier>{2bed1235-6bda-4b11-a801-3321a4aafe06}</UniqueIdentifier>
    </Filter>
    <Filter Include="SDK">
      <UniqueIdentifier>{5d014321-6770-4085-9a57-7c42ad5c8659}</UniqueIdentifier>
    </Filter>
    <Filter Include="GameCenter">
      <UniqueIdentifier>{8f3c3041-fad9-4aa9-a3b4-75916e4f090c}</UniqueIdentifier>
    </Filter>
    <Filter Include="AccountCenter">
      <UniqueIdentifier>{7ad0d05a-8e95-4da1-9cbd-e681f5749b67}</UniqueIdentifier>
    </Filter>
    <Filter Include="DataServer">
      <UniqueIdentifier>{26d8cec2-84dd-441e-8c2e-e5126e79df28}</UniqueIdentifier>
    </Filter>
    <Filter Include="Common">
      <UniqueIdentifier>{22cd39f2-81ef-410a-b86a-bac9b5eb7f32}</UniqueIdentifier>
    </Filter>
    <Filter Include="Goods">
      <UniqueIdentifier>{7a51c652-11db-4b7f-ac96-2cee33a2041d}</UniqueIdentifier>
    </Filter>
  </ItemGroup>
  <ItemGroup>
    <ClCompile Include="Code\CenterThread.cpp">
      <Filter>Code</Filter>
    </ClCompile>
    <ClCompile Include="CenterServer.cpp">
      <Filter>源文件</Filter>
    </ClCompile>
    <ClCompile Include="Code\AccountCenterActor.cpp">
      <Filter>AccountCenter</Filter>
    </ClCompile>
  </ItemGroup>
  <ItemGroup>
    <ClInclude Include="resource.h">
      <Filter>头文件</Filter>
    </ClInclude>
    <ClInclude Include="Code\LoginNetProtocol.h">
      <Filter>头文件</Filter>
    </ClInclude>
    <ClInclude Include="Code\CenterThread.h">
      <Filter>Code</Filter>
    </ClInclude>
    <ClInclude Include="Code\AccountCenterActor.h">
      <Filter>AccountCenter</Filter>
    </ClInclude>
    <ClInclude Include="..\Common\DBUser_t_account.h">
      <Filter>AccountCenter</Filter>
    </ClInclude>
    <ClInclude Include="..\Common\CommonDefine.h">
      <Filter>Code</Filter>
    </ClInclude>
    <ClInclude Include="Code\GameCenterActor.h">
      <Filter>GameCenter</Filter>
    </ClInclude>
    <ClInclude Include="..\Common\DBUser_t_resources.h">
      <Filter>AccountCenter</Filter>
    </ClInclude>
    <ClInclude Include="..\Common\ServerToolMsg.h">
      <Filter>AccountCenter</Filter>
    </ClInclude>
    <ClInclude Include="Code\DataActor.h">
      <Filter>DataServer</Filter>
    </ClInclude>
    <ClInclude Include="..\Common\DBUser_t_userdata.h">
      <Filter>Common</Filter>
    </ClInclude>
    <ClInclude Include="..\Common\DBUser_t_data.h">
      <Filter>Common</Filter>
    </ClInclude>
    <ClInclude Include="..\Common\DBUser_t_manager.h">
      <Filter>Common</Filter>
    </ClInclude>
    <ClInclude Include="..\Common\DBUser_t_commodity.h">
      <Filter>Common</Filter>
    </ClInclude>
    <ClInclude Include="..\Common\ExVideoFileActor.h">
      <Filter>DataServer</Filter>
    </ClInclude>
    <ClInclude Include="..\Common\GoodsLogicActor.h">
      <Filter>Goods</Filter>
    </ClInclude>
  </ItemGroup>
  <ItemGroup>
    <Image Include="CenterServer.ico">
      <Filter>资源文件</Filter>
    </Image>
  </ItemGroup>
  <ItemGroup>
    <ResourceCompile Include="CenterServer.rc">
      <Filter>资源文件</Filter>
    </ResourceCompile>
  </ItemGroup>
</Project>