
Microsoft Visual Studio Solution File, Format Version 12.00
# Visual Studio 15
VisualStudioVersion = 15.0.28307.902
MinimumVisualStudioVersion = 10.0.40219.1
Project("{8BC9CEB8-8B4A-11D0-8D11-00A0C91BC942}") = "BaseCommon", "BaseCommon\BaseCommon.vcxproj", "{54FED940-494F-4117-99E0-8ABFD440E1E5}"
EndProject
Project("{8BC9CEB8-8B4A-11D0-8D11-00A0C91BC942}") = "EventCore", "EventCore\EventCore.vcxproj", "{17FA507E-D451-43AB-A01C-2DE8781E74FA}"
EndProject
Project("{8BC9CEB8-8B4A-11D0-8D11-00A0C91BC942}") = "ServerNet", "ServerNet\ServerNet.vcxproj", "{E93BC884-A5B7-4508-A49F-D48589B780A9}"
EndProject
Project("{8BC9CEB8-8B4A-11D0-8D11-00A0C91BC942}") = "AsyncDB", "AsyncDB\AsyncDB.vcxproj", "{00472508-0D07-4DDE-B707-95CFC811580C}"
EndProject
Project("{8BC9CEB8-8B4A-11D0-8D11-00A0C91BC942}") = "Async", "Async\Async.vcxproj", "{3C1DBE49-A68D-445D-8B00-653258FC692B}"
EndProject
Project("{8BC9CEB8-8B4A-11D0-8D11-00A0C91BC942}") = "NetNode", "NetNode\NetNode.vcxproj", "{FBEE9C09-209B-4FB5-86A2-BF431E466DA0}"
EndProject
Project("{8BC9CEB8-8B4A-11D0-8D11-00A0C91BC942}") = "TestAsync", "TestAsync\TestAsync.vcxproj", "{57EF7A3F-366A-4D34-81CB-7D7AC93C6D7B}"
EndProject
Project("{8BC9CEB8-8B4A-11D0-8D11-00A0C91BC942}") = "TestCo", "TestCo\TestCo.vcxproj", "{2C7C1322-9550-4615-BD62-993B88E5881E}"
EndProject
Project("{8BC9CEB8-8B4A-11D0-8D11-00A0C91BC942}") = "JsonLib", "JsonLib\JsonLib.vcxproj", "{9DBEA8D7-B7FE-41AB-9DA2-EA9787367646}"
EndProject
Project("{2150E333-8FDC-42A3-9474-1A3956D46DE8}") = "CommonLib", "CommonLib", "{743E099A-2DA6-4217-A93A-06EE6BD08E11}"
EndProject
Project("{2150E333-8FDC-42A3-9474-1A3956D46DE8}") = "Test", "Test", "{AA4974DF-AC6B-48D8-8E39-A1E4527DF542}"
EndProject
Project("{2150E333-8FDC-42A3-9474-1A3956D46DE8}") = "DBLib", "DBLib", "{3575BC7D-9761-490C-8518-A1AACA58B890}"
EndProject
Project("{8BC9CEB8-8B4A-11D0-8D11-00A0C91BC942}") = "MySQLLib", "MySQLLib\MySQLLib.vcxproj", "{3CA88DA1-B613-40E7-86F0-6EEF6BDCA2D5}"
EndProject
Project("{8BC9CEB8-8B4A-11D0-8D11-00A0C91BC942}") = "ShareDBLib", "ShareDBLib\ShareDBLib.vcxproj", "{65123DF8-C295-4B74-B081-D3010742F730}"
EndProject
Project("{8BC9CEB8-8B4A-11D0-8D11-00A0C91BC942}") = "ShareMemDBLib", "ShareMemDBLib\ShareMemDBLib.vcxproj", "{9A9D6AF5-EDD4-4089-932A-15BC5C7169C0}"
EndProject
Project("{2150E333-8FDC-42A3-9474-1A3956D46DE8}") = "WssLib", "WssLib", "{6FAAD85A-F0C0-4CBF-926C-1FA3A2C792E4}"
EndProject
Project("{8BC9CEB8-8B4A-11D0-8D11-00A0C91BC942}") = "WebSockets", "WebSockets\WebSockets.vcxproj", "{0E66C378-28BE-457D-A2F6-FCEE0B389465}"
EndProject
Global
	GlobalSection(SolutionConfigurationPlatforms) = preSolution
		Debug|ARM = Debug|ARM
		Debug|ARM64 = Debug|ARM64
		Debug|x64 = Debug|x64
		Debug|x86 = Debug|x86
		Release|ARM = Release|ARM
		Release|ARM64 = Release|ARM64
		Release|x64 = Release|x64
		Release|x86 = Release|x86
	EndGlobalSection
	GlobalSection(ProjectConfigurationPlatforms) = postSolution
		{54FED940-494F-4117-99E0-8ABFD440E1E5}.Debug|ARM.ActiveCfg = Debug|ARM
		{54FED940-494F-4117-99E0-8ABFD440E1E5}.Debug|ARM.Build.0 = Debug|ARM
		{54FED940-494F-4117-99E0-8ABFD440E1E5}.Debug|ARM64.ActiveCfg = Debug|ARM64
		{54FED940-494F-4117-99E0-8ABFD440E1E5}.Debug|ARM64.Build.0 = Debug|ARM64
		{54FED940-494F-4117-99E0-8ABFD440E1E5}.Debug|x64.ActiveCfg = Debug|x64
		{54FED940-494F-4117-99E0-8ABFD440E1E5}.Debug|x64.Build.0 = Debug|x64
		{54FED940-494F-4117-99E0-8ABFD440E1E5}.Debug|x86.ActiveCfg = Debug|x86
		{54FED940-494F-4117-99E0-8ABFD440E1E5}.Debug|x86.Build.0 = Debug|x86
		{54FED940-494F-4117-99E0-8ABFD440E1E5}.Release|ARM.ActiveCfg = Release|ARM
		{54FED940-494F-4117-99E0-8ABFD440E1E5}.Release|ARM.Build.0 = Release|ARM
		{54FED940-494F-4117-99E0-8ABFD440E1E5}.Release|ARM64.ActiveCfg = Release|ARM64
		{54FED940-494F-4117-99E0-8ABFD440E1E5}.Release|ARM64.Build.0 = Release|ARM64
		{54FED940-494F-4117-99E0-8ABFD440E1E5}.Release|x64.ActiveCfg = Release|x64
		{54FED940-494F-4117-99E0-8ABFD440E1E5}.Release|x64.Build.0 = Release|x64
		{54FED940-494F-4117-99E0-8ABFD440E1E5}.Release|x86.ActiveCfg = Release|x86
		{54FED940-494F-4117-99E0-8ABFD440E1E5}.Release|x86.Build.0 = Release|x86
		{17FA507E-D451-43AB-A01C-2DE8781E74FA}.Debug|ARM.ActiveCfg = Debug|ARM
		{17FA507E-D451-43AB-A01C-2DE8781E74FA}.Debug|ARM.Build.0 = Debug|ARM
		{17FA507E-D451-43AB-A01C-2DE8781E74FA}.Debug|ARM64.ActiveCfg = Debug|ARM64
		{17FA507E-D451-43AB-A01C-2DE8781E74FA}.Debug|ARM64.Build.0 = Debug|ARM64
		{17FA507E-D451-43AB-A01C-2DE8781E74FA}.Debug|x64.ActiveCfg = Debug|x64
		{17FA507E-D451-43AB-A01C-2DE8781E74FA}.Debug|x64.Build.0 = Debug|x64
		{17FA507E-D451-43AB-A01C-2DE8781E74FA}.Debug|x86.ActiveCfg = Debug|x86
		{17FA507E-D451-43AB-A01C-2DE8781E74FA}.Debug|x86.Build.0 = Debug|x86
		{17FA507E-D451-43AB-A01C-2DE8781E74FA}.Release|ARM.ActiveCfg = Release|ARM
		{17FA507E-D451-43AB-A01C-2DE8781E74FA}.Release|ARM.Build.0 = Release|ARM
		{17FA507E-D451-43AB-A01C-2DE8781E74FA}.Release|ARM64.ActiveCfg = Release|ARM64
		{17FA507E-D451-43AB-A01C-2DE8781E74FA}.Release|ARM64.Build.0 = Release|ARM64
		{17FA507E-D451-43AB-A01C-2DE8781E74FA}.Release|x64.ActiveCfg = Release|x64
		{17FA507E-D451-43AB-A01C-2DE8781E74FA}.Release|x64.Build.0 = Release|x64
		{17FA507E-D451-43AB-A01C-2DE8781E74FA}.Release|x86.ActiveCfg = Release|x86
		{17FA507E-D451-43AB-A01C-2DE8781E74FA}.Release|x86.Build.0 = Release|x86
		{E93BC884-A5B7-4508-A49F-D48589B780A9}.Debug|ARM.ActiveCfg = Debug|ARM
		{E93BC884-A5B7-4508-A49F-D48589B780A9}.Debug|ARM.Build.0 = Debug|ARM
		{E93BC884-A5B7-4508-A49F-D48589B780A9}.Debug|ARM64.ActiveCfg = Debug|ARM64
		{E93BC884-A5B7-4508-A49F-D48589B780A9}.Debug|ARM64.Build.0 = Debug|ARM64
		{E93BC884-A5B7-4508-A49F-D48589B780A9}.Debug|x64.ActiveCfg = Debug|x64
		{E93BC884-A5B7-4508-A49F-D48589B780A9}.Debug|x64.Build.0 = Debug|x64
		{E93BC884-A5B7-4508-A49F-D48589B780A9}.Debug|x86.ActiveCfg = Debug|x86
		{E93BC884-A5B7-4508-A49F-D48589B780A9}.Debug|x86.Build.0 = Debug|x86
		{E93BC884-A5B7-4508-A49F-D48589B780A9}.Release|ARM.ActiveCfg = Release|ARM
		{E93BC884-A5B7-4508-A49F-D48589B780A9}.Release|ARM.Build.0 = Release|ARM
		{E93BC884-A5B7-4508-A49F-D48589B780A9}.Release|ARM64.ActiveCfg = Release|ARM64
		{E93BC884-A5B7-4508-A49F-D48589B780A9}.Release|ARM64.Build.0 = Release|ARM64
		{E93BC884-A5B7-4508-A49F-D48589B780A9}.Release|x64.ActiveCfg = Release|x64
		{E93BC884-A5B7-4508-A49F-D48589B780A9}.Release|x64.Build.0 = Release|x64
		{E93BC884-A5B7-4508-A49F-D48589B780A9}.Release|x86.ActiveCfg = Release|x86
		{E93BC884-A5B7-4508-A49F-D48589B780A9}.Release|x86.Build.0 = Release|x86
		{00472508-0D07-4DDE-B707-95CFC811580C}.Debug|ARM.ActiveCfg = Debug|ARM
		{00472508-0D07-4DDE-B707-95CFC811580C}.Debug|ARM.Build.0 = Debug|ARM
		{00472508-0D07-4DDE-B707-95CFC811580C}.Debug|ARM64.ActiveCfg = Debug|ARM64
		{00472508-0D07-4DDE-B707-95CFC811580C}.Debug|ARM64.Build.0 = Debug|ARM64
		{00472508-0D07-4DDE-B707-95CFC811580C}.Debug|x64.ActiveCfg = Debug|x64
		{00472508-0D07-4DDE-B707-95CFC811580C}.Debug|x64.Build.0 = Debug|x64
		{00472508-0D07-4DDE-B707-95CFC811580C}.Debug|x86.ActiveCfg = Debug|x86
		{00472508-0D07-4DDE-B707-95CFC811580C}.Debug|x86.Build.0 = Debug|x86
		{00472508-0D07-4DDE-B707-95CFC811580C}.Release|ARM.ActiveCfg = Release|ARM
		{00472508-0D07-4DDE-B707-95CFC811580C}.Release|ARM.Build.0 = Release|ARM
		{00472508-0D07-4DDE-B707-95CFC811580C}.Release|ARM64.ActiveCfg = Release|ARM64
		{00472508-0D07-4DDE-B707-95CFC811580C}.Release|ARM64.Build.0 = Release|ARM64
		{00472508-0D07-4DDE-B707-95CFC811580C}.Release|x64.ActiveCfg = Release|x64
		{00472508-0D07-4DDE-B707-95CFC811580C}.Release|x64.Build.0 = Release|x64
		{00472508-0D07-4DDE-B707-95CFC811580C}.Release|x86.ActiveCfg = Release|x86
		{00472508-0D07-4DDE-B707-95CFC811580C}.Release|x86.Build.0 = Release|x86
		{3C1DBE49-A68D-445D-8B00-653258FC692B}.Debug|ARM.ActiveCfg = Debug|ARM
		{3C1DBE49-A68D-445D-8B00-653258FC692B}.Debug|ARM.Build.0 = Debug|ARM
		{3C1DBE49-A68D-445D-8B00-653258FC692B}.Debug|ARM64.ActiveCfg = Debug|ARM64
		{3C1DBE49-A68D-445D-8B00-653258FC692B}.Debug|ARM64.Build.0 = Debug|ARM64
		{3C1DBE49-A68D-445D-8B00-653258FC692B}.Debug|x64.ActiveCfg = Debug|x64
		{3C1DBE49-A68D-445D-8B00-653258FC692B}.Debug|x64.Build.0 = Debug|x64
		{3C1DBE49-A68D-445D-8B00-653258FC692B}.Debug|x86.ActiveCfg = Debug|x86
		{3C1DBE49-A68D-445D-8B00-653258FC692B}.Debug|x86.Build.0 = Debug|x86
		{3C1DBE49-A68D-445D-8B00-653258FC692B}.Release|ARM.ActiveCfg = Release|ARM
		{3C1DBE49-A68D-445D-8B00-653258FC692B}.Release|ARM.Build.0 = Release|ARM
		{3C1DBE49-A68D-445D-8B00-653258FC692B}.Release|ARM64.ActiveCfg = Release|ARM64
		{3C1DBE49-A68D-445D-8B00-653258FC692B}.Release|ARM64.Build.0 = Release|ARM64
		{3C1DBE49-A68D-445D-8B00-653258FC692B}.Release|x64.ActiveCfg = Release|x64
		{3C1DBE49-A68D-445D-8B00-653258FC692B}.Release|x64.Build.0 = Release|x64
		{3C1DBE49-A68D-445D-8B00-653258FC692B}.Release|x86.ActiveCfg = Release|x86
		{3C1DBE49-A68D-445D-8B00-653258FC692B}.Release|x86.Build.0 = Release|x86
		{FBEE9C09-209B-4FB5-86A2-BF431E466DA0}.Debug|ARM.ActiveCfg = Debug|ARM
		{FBEE9C09-209B-4FB5-86A2-BF431E466DA0}.Debug|ARM.Build.0 = Debug|ARM
		{FBEE9C09-209B-4FB5-86A2-BF431E466DA0}.Debug|ARM64.ActiveCfg = Debug|ARM64
		{FBEE9C09-209B-4FB5-86A2-BF431E466DA0}.Debug|ARM64.Build.0 = Debug|ARM64
		{FBEE9C09-209B-4FB5-86A2-BF431E466DA0}.Debug|x64.ActiveCfg = Debug|x64
		{FBEE9C09-209B-4FB5-86A2-BF431E466DA0}.Debug|x64.Build.0 = Debug|x64
		{FBEE9C09-209B-4FB5-86A2-BF431E466DA0}.Debug|x86.ActiveCfg = Debug|x86
		{FBEE9C09-209B-4FB5-86A2-BF431E466DA0}.Debug|x86.Build.0 = Debug|x86
		{FBEE9C09-209B-4FB5-86A2-BF431E466DA0}.Release|ARM.ActiveCfg = Release|ARM
		{FBEE9C09-209B-4FB5-86A2-BF431E466DA0}.Release|ARM.Build.0 = Release|ARM
		{FBEE9C09-209B-4FB5-86A2-BF431E466DA0}.Release|ARM64.ActiveCfg = Release|ARM64
		{FBEE9C09-209B-4FB5-86A2-BF431E466DA0}.Release|ARM64.Build.0 = Release|ARM64
		{FBEE9C09-209B-4FB5-86A2-BF431E466DA0}.Release|x64.ActiveCfg = Release|x64
		{FBEE9C09-209B-4FB5-86A2-BF431E466DA0}.Release|x64.Build.0 = Release|x64
		{FBEE9C09-209B-4FB5-86A2-BF431E466DA0}.Release|x86.ActiveCfg = Release|x86
		{FBEE9C09-209B-4FB5-86A2-BF431E466DA0}.Release|x86.Build.0 = Release|x86
		{57EF7A3F-366A-4D34-81CB-7D7AC93C6D7B}.Debug|ARM.ActiveCfg = Debug|ARM
		{57EF7A3F-366A-4D34-81CB-7D7AC93C6D7B}.Debug|ARM.Build.0 = Debug|ARM
		{57EF7A3F-366A-4D34-81CB-7D7AC93C6D7B}.Debug|ARM64.ActiveCfg = Debug|ARM64
		{57EF7A3F-366A-4D34-81CB-7D7AC93C6D7B}.Debug|ARM64.Build.0 = Debug|ARM64
		{57EF7A3F-366A-4D34-81CB-7D7AC93C6D7B}.Debug|x64.ActiveCfg = Debug|x64
		{57EF7A3F-366A-4D34-81CB-7D7AC93C6D7B}.Debug|x64.Build.0 = Debug|x64
		{57EF7A3F-366A-4D34-81CB-7D7AC93C6D7B}.Debug|x86.ActiveCfg = Debug|x86
		{57EF7A3F-366A-4D34-81CB-7D7AC93C6D7B}.Debug|x86.Build.0 = Debug|x86
		{57EF7A3F-366A-4D34-81CB-7D7AC93C6D7B}.Release|ARM.ActiveCfg = Release|ARM
		{57EF7A3F-366A-4D34-81CB-7D7AC93C6D7B}.Release|ARM.Build.0 = Release|ARM
		{57EF7A3F-366A-4D34-81CB-7D7AC93C6D7B}.Release|ARM64.ActiveCfg = Release|ARM64
		{57EF7A3F-366A-4D34-81CB-7D7AC93C6D7B}.Release|ARM64.Build.0 = Release|ARM64
		{57EF7A3F-366A-4D34-81CB-7D7AC93C6D7B}.Release|x64.ActiveCfg = Release|x64
		{57EF7A3F-366A-4D34-81CB-7D7AC93C6D7B}.Release|x64.Build.0 = Release|x64
		{57EF7A3F-366A-4D34-81CB-7D7AC93C6D7B}.Release|x86.ActiveCfg = Release|x86
		{57EF7A3F-366A-4D34-81CB-7D7AC93C6D7B}.Release|x86.Build.0 = Release|x86
		{2C7C1322-9550-4615-BD62-993B88E5881E}.Debug|ARM.ActiveCfg = Debug|ARM
		{2C7C1322-9550-4615-BD62-993B88E5881E}.Debug|ARM.Build.0 = Debug|ARM
		{2C7C1322-9550-4615-BD62-993B88E5881E}.Debug|ARM64.ActiveCfg = Debug|ARM64
		{2C7C1322-9550-4615-BD62-993B88E5881E}.Debug|ARM64.Build.0 = Debug|ARM64
		{2C7C1322-9550-4615-BD62-993B88E5881E}.Debug|x64.ActiveCfg = Debug|x64
		{2C7C1322-9550-4615-BD62-993B88E5881E}.Debug|x64.Build.0 = Debug|x64
		{2C7C1322-9550-4615-BD62-993B88E5881E}.Debug|x86.ActiveCfg = Debug|x86
		{2C7C1322-9550-4615-BD62-993B88E5881E}.Debug|x86.Build.0 = Debug|x86
		{2C7C1322-9550-4615-BD62-993B88E5881E}.Release|ARM.ActiveCfg = Release|ARM
		{2C7C1322-9550-4615-BD62-993B88E5881E}.Release|ARM.Build.0 = Release|ARM
		{2C7C1322-9550-4615-BD62-993B88E5881E}.Release|ARM64.ActiveCfg = Release|ARM64
		{2C7C1322-9550-4615-BD62-993B88E5881E}.Release|ARM64.Build.0 = Release|ARM64
		{2C7C1322-9550-4615-BD62-993B88E5881E}.Release|x64.ActiveCfg = Release|x64
		{2C7C1322-9550-4615-BD62-993B88E5881E}.Release|x64.Build.0 = Release|x64
		{2C7C1322-9550-4615-BD62-993B88E5881E}.Release|x86.ActiveCfg = Release|x86
		{2C7C1322-9550-4615-BD62-993B88E5881E}.Release|x86.Build.0 = Release|x86
		{9DBEA8D7-B7FE-41AB-9DA2-EA9787367646}.Debug|ARM.ActiveCfg = Debug|ARM
		{9DBEA8D7-B7FE-41AB-9DA2-EA9787367646}.Debug|ARM.Build.0 = Debug|ARM
		{9DBEA8D7-B7FE-41AB-9DA2-EA9787367646}.Debug|ARM64.ActiveCfg = Debug|ARM64
		{9DBEA8D7-B7FE-41AB-9DA2-EA9787367646}.Debug|ARM64.Build.0 = Debug|ARM64
		{9DBEA8D7-B7FE-41AB-9DA2-EA9787367646}.Debug|x64.ActiveCfg = Debug|x64
		{9DBEA8D7-B7FE-41AB-9DA2-EA9787367646}.Debug|x64.Build.0 = Debug|x64
		{9DBEA8D7-B7FE-41AB-9DA2-EA9787367646}.Debug|x86.ActiveCfg = Debug|x86
		{9DBEA8D7-B7FE-41AB-9DA2-EA9787367646}.Debug|x86.Build.0 = Debug|x86
		{9DBEA8D7-B7FE-41AB-9DA2-EA9787367646}.Release|ARM.ActiveCfg = Release|ARM
		{9DBEA8D7-B7FE-41AB-9DA2-EA9787367646}.Release|ARM.Build.0 = Release|ARM
		{9DBEA8D7-B7FE-41AB-9DA2-EA9787367646}.Release|ARM64.ActiveCfg = Release|ARM64
		{9DBEA8D7-B7FE-41AB-9DA2-EA9787367646}.Release|ARM64.Build.0 = Release|ARM64
		{9DBEA8D7-B7FE-41AB-9DA2-EA9787367646}.Release|x64.ActiveCfg = Release|x64
		{9DBEA8D7-B7FE-41AB-9DA2-EA9787367646}.Release|x64.Build.0 = Release|x64
		{9DBEA8D7-B7FE-41AB-9DA2-EA9787367646}.Release|x86.ActiveCfg = Release|x86
		{9DBEA8D7-B7FE-41AB-9DA2-EA9787367646}.Release|x86.Build.0 = Release|x86
		{3CA88DA1-B613-40E7-86F0-6EEF6BDCA2D5}.Debug|ARM.ActiveCfg = Debug|ARM
		{3CA88DA1-B613-40E7-86F0-6EEF6BDCA2D5}.Debug|ARM.Build.0 = Debug|ARM
		{3CA88DA1-B613-40E7-86F0-6EEF6BDCA2D5}.Debug|ARM64.ActiveCfg = Debug|ARM64
		{3CA88DA1-B613-40E7-86F0-6EEF6BDCA2D5}.Debug|ARM64.Build.0 = Debug|ARM64
		{3CA88DA1-B613-40E7-86F0-6EEF6BDCA2D5}.Debug|x64.ActiveCfg = Debug|x64
		{3CA88DA1-B613-40E7-86F0-6EEF6BDCA2D5}.Debug|x64.Build.0 = Debug|x64
		{3CA88DA1-B613-40E7-86F0-6EEF6BDCA2D5}.Debug|x86.ActiveCfg = Debug|x86
		{3CA88DA1-B613-40E7-86F0-6EEF6BDCA2D5}.Debug|x86.Build.0 = Debug|x86
		{3CA88DA1-B613-40E7-86F0-6EEF6BDCA2D5}.Release|ARM.ActiveCfg = Release|ARM
		{3CA88DA1-B613-40E7-86F0-6EEF6BDCA2D5}.Release|ARM.Build.0 = Release|ARM
		{3CA88DA1-B613-40E7-86F0-6EEF6BDCA2D5}.Release|ARM64.ActiveCfg = Release|ARM64
		{3CA88DA1-B613-40E7-86F0-6EEF6BDCA2D5}.Release|ARM64.Build.0 = Release|ARM64
		{3CA88DA1-B613-40E7-86F0-6EEF6BDCA2D5}.Release|x64.ActiveCfg = Release|x64
		{3CA88DA1-B613-40E7-86F0-6EEF6BDCA2D5}.Release|x64.Build.0 = Release|x64
		{3CA88DA1-B613-40E7-86F0-6EEF6BDCA2D5}.Release|x86.ActiveCfg = Release|x86
		{3CA88DA1-B613-40E7-86F0-6EEF6BDCA2D5}.Release|x86.Build.0 = Release|x86
		{65123DF8-C295-4B74-B081-D3010742F730}.Debug|ARM.ActiveCfg = Debug|ARM
		{65123DF8-C295-4B74-B081-D3010742F730}.Debug|ARM.Build.0 = Debug|ARM
		{65123DF8-C295-4B74-B081-D3010742F730}.Debug|ARM64.ActiveCfg = Debug|ARM64
		{65123DF8-C295-4B74-B081-D3010742F730}.Debug|ARM64.Build.0 = Debug|ARM64
		{65123DF8-C295-4B74-B081-D3010742F730}.Debug|x64.ActiveCfg = Debug|x64
		{65123DF8-C295-4B74-B081-D3010742F730}.Debug|x64.Build.0 = Debug|x64
		{65123DF8-C295-4B74-B081-D3010742F730}.Debug|x86.ActiveCfg = Debug|x86
		{65123DF8-C295-4B74-B081-D3010742F730}.Debug|x86.Build.0 = Debug|x86
		{65123DF8-C295-4B74-B081-D3010742F730}.Release|ARM.ActiveCfg = Release|ARM
		{65123DF8-C295-4B74-B081-D3010742F730}.Release|ARM.Build.0 = Release|ARM
		{65123DF8-C295-4B74-B081-D3010742F730}.Release|ARM64.ActiveCfg = Release|ARM64
		{65123DF8-C295-4B74-B081-D3010742F730}.Release|ARM64.Build.0 = Release|ARM64
		{65123DF8-C295-4B74-B081-D3010742F730}.Release|x64.ActiveCfg = Release|x64
		{65123DF8-C295-4B74-B081-D3010742F730}.Release|x64.Build.0 = Release|x64
		{65123DF8-C295-4B74-B081-D3010742F730}.Release|x86.ActiveCfg = Release|x86
		{65123DF8-C295-4B74-B081-D3010742F730}.Release|x86.Build.0 = Release|x86
		{9A9D6AF5-EDD4-4089-932A-15BC5C7169C0}.Debug|ARM.ActiveCfg = Debug|ARM
		{9A9D6AF5-EDD4-4089-932A-15BC5C7169C0}.Debug|ARM.Build.0 = Debug|ARM
		{9A9D6AF5-EDD4-4089-932A-15BC5C7169C0}.Debug|ARM64.ActiveCfg = Debug|ARM64
		{9A9D6AF5-EDD4-4089-932A-15BC5C7169C0}.Debug|ARM64.Build.0 = Debug|ARM64
		{9A9D6AF5-EDD4-4089-932A-15BC5C7169C0}.Debug|x64.ActiveCfg = Debug|x64
		{9A9D6AF5-EDD4-4089-932A-15BC5C7169C0}.Debug|x64.Build.0 = Debug|x64
		{9A9D6AF5-EDD4-4089-932A-15BC5C7169C0}.Debug|x86.ActiveCfg = Debug|x86
		{9A9D6AF5-EDD4-4089-932A-15BC5C7169C0}.Debug|x86.Build.0 = Debug|x86
		{9A9D6AF5-EDD4-4089-932A-15BC5C7169C0}.Release|ARM.ActiveCfg = Release|ARM
		{9A9D6AF5-EDD4-4089-932A-15BC5C7169C0}.Release|ARM.Build.0 = Release|ARM
		{9A9D6AF5-EDD4-4089-932A-15BC5C7169C0}.Release|ARM64.ActiveCfg = Release|ARM64
		{9A9D6AF5-EDD4-4089-932A-15BC5C7169C0}.Release|ARM64.Build.0 = Release|ARM64
		{9A9D6AF5-EDD4-4089-932A-15BC5C7169C0}.Release|x64.ActiveCfg = Release|x64
		{9A9D6AF5-EDD4-4089-932A-15BC5C7169C0}.Release|x64.Build.0 = Release|x64
		{9A9D6AF5-EDD4-4089-932A-15BC5C7169C0}.Release|x86.ActiveCfg = Release|x86
		{9A9D6AF5-EDD4-4089-932A-15BC5C7169C0}.Release|x86.Build.0 = Release|x86
		{0E66C378-28BE-457D-A2F6-FCEE0B389465}.Debug|ARM.ActiveCfg = Debug|ARM
		{0E66C378-28BE-457D-A2F6-FCEE0B389465}.Debug|ARM.Build.0 = Debug|ARM
		{0E66C378-28BE-457D-A2F6-FCEE0B389465}.Debug|ARM64.ActiveCfg = Debug|ARM64
		{0E66C378-28BE-457D-A2F6-FCEE0B389465}.Debug|ARM64.Build.0 = Debug|ARM64
		{0E66C378-28BE-457D-A2F6-FCEE0B389465}.Debug|x64.ActiveCfg = Debug|x64
		{0E66C378-28BE-457D-A2F6-FCEE0B389465}.Debug|x64.Build.0 = Debug|x64
		{0E66C378-28BE-457D-A2F6-FCEE0B389465}.Debug|x86.ActiveCfg = Debug|x86
		{0E66C378-28BE-457D-A2F6-FCEE0B389465}.Debug|x86.Build.0 = Debug|x86
		{0E66C378-28BE-457D-A2F6-FCEE0B389465}.Release|ARM.ActiveCfg = Release|ARM
		{0E66C378-28BE-457D-A2F6-FCEE0B389465}.Release|ARM.Build.0 = Release|ARM
		{0E66C378-28BE-457D-A2F6-FCEE0B389465}.Release|ARM64.ActiveCfg = Release|ARM64
		{0E66C378-28BE-457D-A2F6-FCEE0B389465}.Release|ARM64.Build.0 = Release|ARM64
		{0E66C378-28BE-457D-A2F6-FCEE0B389465}.Release|x64.ActiveCfg = Release|x64
		{0E66C378-28BE-457D-A2F6-FCEE0B389465}.Release|x64.Build.0 = Release|x64
		{0E66C378-28BE-457D-A2F6-FCEE0B389465}.Release|x86.ActiveCfg = Release|x86
		{0E66C378-28BE-457D-A2F6-FCEE0B389465}.Release|x86.Build.0 = Release|x86
	EndGlobalSection
	GlobalSection(SolutionProperties) = preSolution
		HideSolutionNode = FALSE
	EndGlobalSection
	GlobalSection(NestedProjects) = preSolution
		{54FED940-494F-4117-99E0-8ABFD440E1E5} = {743E099A-2DA6-4217-A93A-06EE6BD08E11}
		{17FA507E-D451-43AB-A01C-2DE8781E74FA} = {743E099A-2DA6-4217-A93A-06EE6BD08E11}
		{E93BC884-A5B7-4508-A49F-D48589B780A9} = {743E099A-2DA6-4217-A93A-06EE6BD08E11}
		{00472508-0D07-4DDE-B707-95CFC811580C} = {AA4974DF-AC6B-48D8-8E39-A1E4527DF542}
		{3C1DBE49-A68D-445D-8B00-653258FC692B} = {AA4974DF-AC6B-48D8-8E39-A1E4527DF542}
		{FBEE9C09-209B-4FB5-86A2-BF431E466DA0} = {743E099A-2DA6-4217-A93A-06EE6BD08E11}
		{57EF7A3F-366A-4D34-81CB-7D7AC93C6D7B} = {AA4974DF-AC6B-48D8-8E39-A1E4527DF542}
		{2C7C1322-9550-4615-BD62-993B88E5881E} = {AA4974DF-AC6B-48D8-8E39-A1E4527DF542}
		{9DBEA8D7-B7FE-41AB-9DA2-EA9787367646} = {AA4974DF-AC6B-48D8-8E39-A1E4527DF542}
		{3CA88DA1-B613-40E7-86F0-6EEF6BDCA2D5} = {3575BC7D-9761-490C-8518-A1AACA58B890}
		{65123DF8-C295-4B74-B081-D3010742F730} = {3575BC7D-9761-490C-8518-A1AACA58B890}
		{9A9D6AF5-EDD4-4089-932A-15BC5C7169C0} = {3575BC7D-9761-490C-8518-A1AACA58B890}
		{0E66C378-28BE-457D-A2F6-FCEE0B389465} = {6FAAD85A-F0C0-4CBF-926C-1FA3A2C792E4}
	EndGlobalSection
	GlobalSection(ExtensibilityGlobals) = postSolution
		SolutionGuid = {4B7CA3D5-D4B0-4C5F-B769-7A3253117FED}
	EndGlobalSection
EndGlobal
