<?xml version="1.0" encoding="utf-8"?>
<Project ToolsVersion="4.0" xmlns="http://schemas.microsoft.com/developer/msbuild/2003">
  <ItemGroup>
    <Filter Include="源文件">
      <UniqueIdentifier>{4FC737F1-C7A5-4376-A066-2A32D752A2FF}</UniqueIdentifier>
      <Extensions>cpp;c;cc;cxx;def;odl;idl;hpj;bat;asm;asmx</Extensions>
    </Filter>
    <Filter Include="头文件">
      <UniqueIdentifier>{93995380-89BD-4b04-88EB-625FBE52EBFB}</UniqueIdentifier>
      <Extensions>h;hh;hpp;hxx;hm;inl;inc;ipp;xsd</Extensions>
    </Filter>
    <Filter Include="资源文件">
      <UniqueIdentifier>{67DA6AB6-F800-4c08-8B7A-83BB121AAD01}</UniqueIdentifier>
      <Extensions>rc;ico;cur;bmp;dlg;rc2;rct;bin;rgs;gif;jpg;jpeg;jpe;resx;tiff;tif;png;wav;mfcribbon-ms</Extensions>
    </Filter>
    <Filter Include="Code">
      <UniqueIdentifier>{6868632f-207f-47fa-bfdf-2120bcc6b5d2}</UniqueIdentifier>
    </Filter>
    <Filter Include="ServerClientActor">
      <UniqueIdentifier>{468a2dcc-ffa0-4066-b461-4c29b14e351c}</UniqueIdentifier>
    </Filter>
    <Filter Include="Common">
      <UniqueIdentifier>{ca165e42-c8a0-45d2-abd3-0226bd230272}</UniqueIdentifier>
    </Filter>
  </ItemGroup>
  <ItemGroup>
    <ClCompile Include="Code\HttpComponect.cpp">
      <Filter>Code</Filter>
    </ClCompile>
    <ClCompile Include="Code\WssWebComponent.cpp">
      <Filter>Code</Filter>
    </ClCompile>
    <ClCompile Include="dllmain.cpp">
      <Filter>源文件</Filter>
    </ClCompile>
    <ClCompile Include="Code\HttpClient.cpp">
      <Filter>Code</Filter>
    </ClCompile>
    <ClCompile Include="Code\SDK.cpp">
      <Filter>Code</Filter>
    </ClCompile>
    <ClCompile Include="Code\NetWorkerComponent.cpp">
      <Filter>ServerClientActor</Filter>
    </ClCompile>
    <ClCompile Include="Code\TcpComponent.cpp">
      <Filter>ServerClientActor</Filter>
    </ClCompile>
    <ClCompile Include="Code\LoginClientActor.cpp">
      <Filter>ServerClientActor</Filter>
    </ClCompile>
    <ClCompile Include="Code\HttpPostNet.cpp">
      <Filter>Code</Filter>
    </ClCompile>
    <ClCompile Include="Code\GenerateCodeTS.cpp">
      <Filter>Code</Filter>
    </ClCompile>
  </ItemGroup>
  <ItemGroup>
    <ClInclude Include="Code\HttpComponect.h">
      <Filter>Code</Filter>
    </ClInclude>
    <ClInclude Include="Code\WssWebComponent.h">
      <Filter>Code</Filter>
    </ClInclude>
    <ClInclude Include="Code\CommonLib.h">
      <Filter>头文件</Filter>
    </ClInclude>
    <ClInclude Include="Code\HttpClient.h">
      <Filter>Code</Filter>
    </ClInclude>
    <ClInclude Include="Code\SDK.h">
      <Filter>Code</Filter>
    </ClInclude>
    <ClInclude Include="Code\SendDuanXin.h">
      <Filter>Code</Filter>
    </ClInclude>
    <ClInclude Include="Code\LoginNetActor.h">
      <Filter>ServerClientActor</Filter>
    </ClInclude>
    <ClInclude Include="Code\NetWorkerComponent.h">
      <Filter>ServerClientActor</Filter>
    </ClInclude>
    <ClInclude Include="Code\SCActor.h">
      <Filter>ServerClientActor</Filter>
    </ClInclude>
    <ClInclude Include="Code\ServerClientMsg.h">
      <Filter>ServerClientActor</Filter>
    </ClInclude>
    <ClInclude Include="Code\TcpComponent.h">
      <Filter>ServerClientActor</Filter>
    </ClInclude>
    <ClInclude Include="Code\GameCommon.h">
      <Filter>Code</Filter>
    </ClInclude>
    <ClInclude Include="Code\LoginClientActor.h">
      <Filter>ServerClientActor</Filter>
    </ClInclude>
    <ClInclude Include="Code\UserClientNet.h">
      <Filter>ServerClientActor</Filter>
    </ClInclude>
    <ClInclude Include="Code\HttpPostNet.h">
      <Filter>Code</Filter>
    </ClInclude>
    <ClInclude Include="Code\GenerateCodeTS.h">
      <Filter>Code</Filter>
    </ClInclude>
    <ClInclude Include="Code\ExportBase.h">
      <Filter>头文件</Filter>
    </ClInclude>
    <ClInclude Include="..\Common\ConfigEnum.h">
      <Filter>Common</Filter>
    </ClInclude>
    <ClInclude Include="Code\BigMsgComponent.h">
      <Filter>Code</Filter>
    </ClInclude>
  </ItemGroup>
</Project>