
Microsoft Visual Studio Solution File, Format Version 12.00
# Visual Studio 15
VisualStudioVersion = 15.0.28307.1259
MinimumVisualStudioVersion = 10.0.40219.1
Project("{8BC9CEB8-8B4A-11D0-8D11-00A0C91BC942}") = "ExcelTool", "ExcelTool\ExcelTool.vcxproj", "{1E9827B9-E1BF-46E2-8FC3-32BF83CE9736}"
EndProject
Project("{8BC9CEB8-8B4A-11D0-8D11-00A0C91BC942}") = "BaseCommon", "..\BaseCommon\Proj2017\BaseCommon.vcxproj", "{7B59C823-5459-4C17-8022-FAB40D42766B}"
EndProject
Project("{8BC9CEB8-8B4A-11D0-8D11-00A0C91BC942}") = "EventCore", "..\BaseCommon\Proj2017\EventCore.vcxproj", "{8FD22748-0005-4B29-9136-BD5E8512B1BD}"
EndProject
Project("{2150E333-8FDC-42A3-9474-1A3956D46DE8}") = "CommonLib", "CommonLib", "{4DB86FAB-B462-409C-837A-32C4E49A22D3}"
EndProject
Project("{8BC9CEB8-8B4A-11D0-8D11-00A0C91BC942}") = "NetDll", "..\BaseCommon\Proj2017\Net.vcxproj", "{381212EA-3FF5-40DD-A666-8EE4D026B880}"
EndProject
Project("{8BC9CEB8-8B4A-11D0-8D11-00A0C91BC942}") = "ShareMemDBLib", "..\BaseCommon\ShareMemCloudDB\ShareMemCloudDB.vcxproj", "{3F6F9ECC-C683-4520-A975-A5EFF6C33EC4}"
EndProject
Project("{8BC9CEB8-8B4A-11D0-8D11-00A0C91BC942}") = "ShareDBLib", "..\BaseCommon\ShareDBLib\ShareDBLib.vcxproj", "{169F7DBF-3C7D-411E-9DDE-CDC062A57EB0}"
EndProject
Project("{8BC9CEB8-8B4A-11D0-8D11-00A0C91BC942}") = "libcurl", "..\BaseCommon\curl-7.53.1\projects\Windows\VC14\lib\libcurl.vcxproj", "{DA6F56B4-06A4-441D-AD70-AC5A7D51FADB}"
EndProject
Global
	GlobalSection(SolutionConfigurationPlatforms) = preSolution
		Debug|x64 = Debug|x64
		Debug|x86 = Debug|x86
		DebugDevelop|x64 = DebugDevelop|x64
		DebugDevelop|x86 = DebugDevelop|x86
		DebugServer|x64 = DebugServer|x64
		DebugServer|x86 = DebugServer|x86
		DLL Debug - DLL OpenSSL - DLL LibSSH2|x64 = DLL Debug - DLL OpenSSL - DLL LibSSH2|x64
		DLL Debug - DLL OpenSSL - DLL LibSSH2|x86 = DLL Debug - DLL OpenSSL - DLL LibSSH2|x86
		DLL Debug - DLL OpenSSL|x64 = DLL Debug - DLL OpenSSL|x64
		DLL Debug - DLL OpenSSL|x86 = DLL Debug - DLL OpenSSL|x86
		DLL Debug - DLL Windows SSPI - DLL WinIDN|x64 = DLL Debug - DLL Windows SSPI - DLL WinIDN|x64
		DLL Debug - DLL Windows SSPI - DLL WinIDN|x86 = DLL Debug - DLL Windows SSPI - DLL WinIDN|x86
		DLL Debug - DLL Windows SSPI|x64 = DLL Debug - DLL Windows SSPI|x64
		DLL Debug - DLL Windows SSPI|x86 = DLL Debug - DLL Windows SSPI|x86
		DLL Debug - DLL wolfSSL|x64 = DLL Debug - DLL wolfSSL|x64
		DLL Debug - DLL wolfSSL|x86 = DLL Debug - DLL wolfSSL|x86
		DLL Debug|x64 = DLL Debug|x64
		DLL Debug|x86 = DLL Debug|x86
		DLL Release - DLL OpenSSL - DLL LibSSH2|x64 = DLL Release - DLL OpenSSL - DLL LibSSH2|x64
		DLL Release - DLL OpenSSL - DLL LibSSH2|x86 = DLL Release - DLL OpenSSL - DLL LibSSH2|x86
		DLL Release - DLL OpenSSL|x64 = DLL Release - DLL OpenSSL|x64
		DLL Release - DLL OpenSSL|x86 = DLL Release - DLL OpenSSL|x86
		DLL Release - DLL Windows SSPI - DLL WinIDN|x64 = DLL Release - DLL Windows SSPI - DLL WinIDN|x64
		DLL Release - DLL Windows SSPI - DLL WinIDN|x86 = DLL Release - DLL Windows SSPI - DLL WinIDN|x86
		DLL Release - DLL Windows SSPI|x64 = DLL Release - DLL Windows SSPI|x64
		DLL Release - DLL Windows SSPI|x86 = DLL Release - DLL Windows SSPI|x86
		DLL Release - DLL wolfSSL|x64 = DLL Release - DLL wolfSSL|x64
		DLL Release - DLL wolfSSL|x86 = DLL Release - DLL wolfSSL|x86
		DLL Release|x64 = DLL Release|x64
		DLL Release|x86 = DLL Release|x86
		LIB Debug - DLL OpenSSL - DLL LibSSH2|x64 = LIB Debug - DLL OpenSSL - DLL LibSSH2|x64
		LIB Debug - DLL OpenSSL - DLL LibSSH2|x86 = LIB Debug - DLL OpenSSL - DLL LibSSH2|x86
		LIB Debug - DLL OpenSSL|x64 = LIB Debug - DLL OpenSSL|x64
		LIB Debug - DLL OpenSSL|x86 = LIB Debug - DLL OpenSSL|x86
		LIB Debug - DLL Windows SSPI - DLL WinIDN|x64 = LIB Debug - DLL Windows SSPI - DLL WinIDN|x64
		LIB Debug - DLL Windows SSPI - DLL WinIDN|x86 = LIB Debug - DLL Windows SSPI - DLL WinIDN|x86
		LIB Debug - DLL Windows SSPI|x64 = LIB Debug - DLL Windows SSPI|x64
		LIB Debug - DLL Windows SSPI|x86 = LIB Debug - DLL Windows SSPI|x86
		LIB Debug - LIB OpenSSL - LIB LibSSH2|x64 = LIB Debug - LIB OpenSSL - LIB LibSSH2|x64
		LIB Debug - LIB OpenSSL - LIB LibSSH2|x86 = LIB Debug - LIB OpenSSL - LIB LibSSH2|x86
		LIB Debug - LIB OpenSSL|x64 = LIB Debug - LIB OpenSSL|x64
		LIB Debug - LIB OpenSSL|x86 = LIB Debug - LIB OpenSSL|x86
		LIB Debug - LIB wolfSSL|x64 = LIB Debug - LIB wolfSSL|x64
		LIB Debug - LIB wolfSSL|x86 = LIB Debug - LIB wolfSSL|x86
		LIB Debug|x64 = LIB Debug|x64
		LIB Debug|x86 = LIB Debug|x86
		LIB Release - DLL OpenSSL - DLL LibSSH2|x64 = LIB Release - DLL OpenSSL - DLL LibSSH2|x64
		LIB Release - DLL OpenSSL - DLL LibSSH2|x86 = LIB Release - DLL OpenSSL - DLL LibSSH2|x86
		LIB Release - DLL OpenSSL|x64 = LIB Release - DLL OpenSSL|x64
		LIB Release - DLL OpenSSL|x86 = LIB Release - DLL OpenSSL|x86
		LIB Release - DLL Windows SSPI - DLL WinIDN|x64 = LIB Release - DLL Windows SSPI - DLL WinIDN|x64
		LIB Release - DLL Windows SSPI - DLL WinIDN|x86 = LIB Release - DLL Windows SSPI - DLL WinIDN|x86
		LIB Release - DLL Windows SSPI|x64 = LIB Release - DLL Windows SSPI|x64
		LIB Release - DLL Windows SSPI|x86 = LIB Release - DLL Windows SSPI|x86
		LIB Release - LIB OpenSSL - LIB LibSSH2|x64 = LIB Release - LIB OpenSSL - LIB LibSSH2|x64
		LIB Release - LIB OpenSSL - LIB LibSSH2|x86 = LIB Release - LIB OpenSSL - LIB LibSSH2|x86
		LIB Release - LIB OpenSSL|x64 = LIB Release - LIB OpenSSL|x64
		LIB Release - LIB OpenSSL|x86 = LIB Release - LIB OpenSSL|x86
		LIB Release - LIB wolfSSL|x64 = LIB Release - LIB wolfSSL|x64
		LIB Release - LIB wolfSSL|x86 = LIB Release - LIB wolfSSL|x86
		LIB Release|x64 = LIB Release|x64
		LIB Release|x86 = LIB Release|x86
		Release|x64 = Release|x64
		Release|x86 = Release|x86
	EndGlobalSection
	GlobalSection(ProjectConfigurationPlatforms) = postSolution
		{1E9827B9-E1BF-46E2-8FC3-32BF83CE9736}.Debug|x64.ActiveCfg = Debug|x64
		{1E9827B9-E1BF-46E2-8FC3-32BF83CE9736}.Debug|x64.Build.0 = Debug|x64
		{1E9827B9-E1BF-46E2-8FC3-32BF83CE9736}.Debug|x86.ActiveCfg = Debug|Win32
		{1E9827B9-E1BF-46E2-8FC3-32BF83CE9736}.Debug|x86.Build.0 = Debug|Win32
		{1E9827B9-E1BF-46E2-8FC3-32BF83CE9736}.DebugDevelop|x64.ActiveCfg = Debug|x64
		{1E9827B9-E1BF-46E2-8FC3-32BF83CE9736}.DebugDevelop|x64.Build.0 = Debug|x64
		{1E9827B9-E1BF-46E2-8FC3-32BF83CE9736}.DebugDevelop|x86.ActiveCfg = Debug|Win32
		{1E9827B9-E1BF-46E2-8FC3-32BF83CE9736}.DebugDevelop|x86.Build.0 = Debug|Win32
		{1E9827B9-E1BF-46E2-8FC3-32BF83CE9736}.DebugServer|x64.ActiveCfg = Debug|x64
		{1E9827B9-E1BF-46E2-8FC3-32BF83CE9736}.DebugServer|x64.Build.0 = Debug|x64
		{1E9827B9-E1BF-46E2-8FC3-32BF83CE9736}.DebugServer|x86.ActiveCfg = Debug|Win32
		{1E9827B9-E1BF-46E2-8FC3-32BF83CE9736}.DebugServer|x86.Build.0 = Debug|Win32
		{1E9827B9-E1BF-46E2-8FC3-32BF83CE9736}.DLL Debug - DLL OpenSSL - DLL LibSSH2|x64.ActiveCfg = Debug|x64
		{1E9827B9-E1BF-46E2-8FC3-32BF83CE9736}.DLL Debug - DLL OpenSSL - DLL LibSSH2|x64.Build.0 = Debug|x64
		{1E9827B9-E1BF-46E2-8FC3-32BF83CE9736}.DLL Debug - DLL OpenSSL - DLL LibSSH2|x86.ActiveCfg = Debug|Win32
		{1E9827B9-E1BF-46E2-8FC3-32BF83CE9736}.DLL Debug - DLL OpenSSL - DLL LibSSH2|x86.Build.0 = Debug|Win32
		{1E9827B9-E1BF-46E2-8FC3-32BF83CE9736}.DLL Debug - DLL OpenSSL|x64.ActiveCfg = Debug|x64
		{1E9827B9-E1BF-46E2-8FC3-32BF83CE9736}.DLL Debug - DLL OpenSSL|x64.Build.0 = Debug|x64
		{1E9827B9-E1BF-46E2-8FC3-32BF83CE9736}.DLL Debug - DLL OpenSSL|x86.ActiveCfg = Debug|Win32
		{1E9827B9-E1BF-46E2-8FC3-32BF83CE9736}.DLL Debug - DLL OpenSSL|x86.Build.0 = Debug|Win32
		{1E9827B9-E1BF-46E2-8FC3-32BF83CE9736}.DLL Debug - DLL Windows SSPI - DLL WinIDN|x64.ActiveCfg = Debug|x64
		{1E9827B9-E1BF-46E2-8FC3-32BF83CE9736}.DLL Debug - DLL Windows SSPI - DLL WinIDN|x64.Build.0 = Debug|x64
		{1E9827B9-E1BF-46E2-8FC3-32BF83CE9736}.DLL Debug - DLL Windows SSPI - DLL WinIDN|x86.ActiveCfg = Debug|Win32
		{1E9827B9-E1BF-46E2-8FC3-32BF83CE9736}.DLL Debug - DLL Windows SSPI - DLL WinIDN|x86.Build.0 = Debug|Win32
		{1E9827B9-E1BF-46E2-8FC3-32BF83CE9736}.DLL Debug - DLL Windows SSPI|x64.ActiveCfg = Debug|x64
		{1E9827B9-E1BF-46E2-8FC3-32BF83CE9736}.DLL Debug - DLL Windows SSPI|x64.Build.0 = Debug|x64
		{1E9827B9-E1BF-46E2-8FC3-32BF83CE9736}.DLL Debug - DLL Windows SSPI|x86.ActiveCfg = Debug|Win32
		{1E9827B9-E1BF-46E2-8FC3-32BF83CE9736}.DLL Debug - DLL Windows SSPI|x86.Build.0 = Debug|Win32
		{1E9827B9-E1BF-46E2-8FC3-32BF83CE9736}.DLL Debug - DLL wolfSSL|x64.ActiveCfg = Debug|x64
		{1E9827B9-E1BF-46E2-8FC3-32BF83CE9736}.DLL Debug - DLL wolfSSL|x64.Build.0 = Debug|x64
		{1E9827B9-E1BF-46E2-8FC3-32BF83CE9736}.DLL Debug - DLL wolfSSL|x86.ActiveCfg = Debug|Win32
		{1E9827B9-E1BF-46E2-8FC3-32BF83CE9736}.DLL Debug - DLL wolfSSL|x86.Build.0 = Debug|Win32
		{1E9827B9-E1BF-46E2-8FC3-32BF83CE9736}.DLL Debug|x64.ActiveCfg = Debug|x64
		{1E9827B9-E1BF-46E2-8FC3-32BF83CE9736}.DLL Debug|x64.Build.0 = Debug|x64
		{1E9827B9-E1BF-46E2-8FC3-32BF83CE9736}.DLL Debug|x86.ActiveCfg = Debug|Win32
		{1E9827B9-E1BF-46E2-8FC3-32BF83CE9736}.DLL Debug|x86.Build.0 = Debug|Win32
		{1E9827B9-E1BF-46E2-8FC3-32BF83CE9736}.DLL Release - DLL OpenSSL - DLL LibSSH2|x64.ActiveCfg = Release|x64
		{1E9827B9-E1BF-46E2-8FC3-32BF83CE9736}.DLL Release - DLL OpenSSL - DLL LibSSH2|x64.Build.0 = Release|x64
		{1E9827B9-E1BF-46E2-8FC3-32BF83CE9736}.DLL Release - DLL OpenSSL - DLL LibSSH2|x86.ActiveCfg = Release|Win32
		{1E9827B9-E1BF-46E2-8FC3-32BF83CE9736}.DLL Release - DLL OpenSSL - DLL LibSSH2|x86.Build.0 = Release|Win32
		{1E9827B9-E1BF-46E2-8FC3-32BF83CE9736}.DLL Release - DLL OpenSSL|x64.ActiveCfg = Release|x64
		{1E9827B9-E1BF-46E2-8FC3-32BF83CE9736}.DLL Release - DLL OpenSSL|x64.Build.0 = Release|x64
		{1E9827B9-E1BF-46E2-8FC3-32BF83CE9736}.DLL Release - DLL OpenSSL|x86.ActiveCfg = Release|Win32
		{1E9827B9-E1BF-46E2-8FC3-32BF83CE9736}.DLL Release - DLL OpenSSL|x86.Build.0 = Release|Win32
		{1E9827B9-E1BF-46E2-8FC3-32BF83CE9736}.DLL Release - DLL Windows SSPI - DLL WinIDN|x64.ActiveCfg = Release|x64
		{1E9827B9-E1BF-46E2-8FC3-32BF83CE9736}.DLL Release - DLL Windows SSPI - DLL WinIDN|x64.Build.0 = Release|x64
		{1E9827B9-E1BF-46E2-8FC3-32BF83CE9736}.DLL Release - DLL Windows SSPI - DLL WinIDN|x86.ActiveCfg = Release|Win32
		{1E9827B9-E1BF-46E2-8FC3-32BF83CE9736}.DLL Release - DLL Windows SSPI - DLL WinIDN|x86.Build.0 = Release|Win32
		{1E9827B9-E1BF-46E2-8FC3-32BF83CE9736}.DLL Release - DLL Windows SSPI|x64.ActiveCfg = Release|x64
		{1E9827B9-E1BF-46E2-8FC3-32BF83CE9736}.DLL Release - DLL Windows SSPI|x64.Build.0 = Release|x64
		{1E9827B9-E1BF-46E2-8FC3-32BF83CE9736}.DLL Release - DLL Windows SSPI|x86.ActiveCfg = Release|Win32
		{1E9827B9-E1BF-46E2-8FC3-32BF83CE9736}.DLL Release - DLL Windows SSPI|x86.Build.0 = Release|Win32
		{1E9827B9-E1BF-46E2-8FC3-32BF83CE9736}.DLL Release - DLL wolfSSL|x64.ActiveCfg = Release|x64
		{1E9827B9-E1BF-46E2-8FC3-32BF83CE9736}.DLL Release - DLL wolfSSL|x64.Build.0 = Release|x64
		{1E9827B9-E1BF-46E2-8FC3-32BF83CE9736}.DLL Release - DLL wolfSSL|x86.ActiveCfg = Release|Win32
		{1E9827B9-E1BF-46E2-8FC3-32BF83CE9736}.DLL Release - DLL wolfSSL|x86.Build.0 = Release|Win32
		{1E9827B9-E1BF-46E2-8FC3-32BF83CE9736}.DLL Release|x64.ActiveCfg = Release|x64
		{1E9827B9-E1BF-46E2-8FC3-32BF83CE9736}.DLL Release|x64.Build.0 = Release|x64
		{1E9827B9-E1BF-46E2-8FC3-32BF83CE9736}.DLL Release|x86.ActiveCfg = Release|Win32
		{1E9827B9-E1BF-46E2-8FC3-32BF83CE9736}.DLL Release|x86.Build.0 = Release|Win32
		{1E9827B9-E1BF-46E2-8FC3-32BF83CE9736}.LIB Debug - DLL OpenSSL - DLL LibSSH2|x64.ActiveCfg = Debug|x64
		{1E9827B9-E1BF-46E2-8FC3-32BF83CE9736}.LIB Debug - DLL OpenSSL - DLL LibSSH2|x64.Build.0 = Debug|x64
		{1E9827B9-E1BF-46E2-8FC3-32BF83CE9736}.LIB Debug - DLL OpenSSL - DLL LibSSH2|x86.ActiveCfg = Debug|Win32
		{1E9827B9-E1BF-46E2-8FC3-32BF83CE9736}.LIB Debug - DLL OpenSSL - DLL LibSSH2|x86.Build.0 = Debug|Win32
		{1E9827B9-E1BF-46E2-8FC3-32BF83CE9736}.LIB Debug - DLL OpenSSL|x64.ActiveCfg = Debug|x64
		{1E9827B9-E1BF-46E2-8FC3-32BF83CE9736}.LIB Debug - DLL OpenSSL|x64.Build.0 = Debug|x64
		{1E9827B9-E1BF-46E2-8FC3-32BF83CE9736}.LIB Debug - DLL OpenSSL|x86.ActiveCfg = Debug|Win32
		{1E9827B9-E1BF-46E2-8FC3-32BF83CE9736}.LIB Debug - DLL OpenSSL|x86.Build.0 = Debug|Win32
		{1E9827B9-E1BF-46E2-8FC3-32BF83CE9736}.LIB Debug - DLL Windows SSPI - DLL WinIDN|x64.ActiveCfg = Debug|x64
		{1E9827B9-E1BF-46E2-8FC3-32BF83CE9736}.LIB Debug - DLL Windows SSPI - DLL WinIDN|x64.Build.0 = Debug|x64
		{1E9827B9-E1BF-46E2-8FC3-32BF83CE9736}.LIB Debug - DLL Windows SSPI - DLL WinIDN|x86.ActiveCfg = Debug|Win32
		{1E9827B9-E1BF-46E2-8FC3-32BF83CE9736}.LIB Debug - DLL Windows SSPI - DLL WinIDN|x86.Build.0 = Debug|Win32
		{1E9827B9-E1BF-46E2-8FC3-32BF83CE9736}.LIB Debug - DLL Windows SSPI|x64.ActiveCfg = Debug|x64
		{1E9827B9-E1BF-46E2-8FC3-32BF83CE9736}.LIB Debug - DLL Windows SSPI|x64.Build.0 = Debug|x64
		{1E9827B9-E1BF-46E2-8FC3-32BF83CE9736}.LIB Debug - DLL Windows SSPI|x86.ActiveCfg = Debug|Win32
		{1E9827B9-E1BF-46E2-8FC3-32BF83CE9736}.LIB Debug - DLL Windows SSPI|x86.Build.0 = Debug|Win32
		{1E9827B9-E1BF-46E2-8FC3-32BF83CE9736}.LIB Debug - LIB OpenSSL - LIB LibSSH2|x64.ActiveCfg = Debug|x64
		{1E9827B9-E1BF-46E2-8FC3-32BF83CE9736}.LIB Debug - LIB OpenSSL - LIB LibSSH2|x64.Build.0 = Debug|x64
		{1E9827B9-E1BF-46E2-8FC3-32BF83CE9736}.LIB Debug - LIB OpenSSL - LIB LibSSH2|x86.ActiveCfg = Debug|Win32
		{1E9827B9-E1BF-46E2-8FC3-32BF83CE9736}.LIB Debug - LIB OpenSSL - LIB LibSSH2|x86.Build.0 = Debug|Win32
		{1E9827B9-E1BF-46E2-8FC3-32BF83CE9736}.LIB Debug - LIB OpenSSL|x64.ActiveCfg = Debug|x64
		{1E9827B9-E1BF-46E2-8FC3-32BF83CE9736}.LIB Debug - LIB OpenSSL|x64.Build.0 = Debug|x64
		{1E9827B9-E1BF-46E2-8FC3-32BF83CE9736}.LIB Debug - LIB OpenSSL|x86.ActiveCfg = Debug|Win32
		{1E9827B9-E1BF-46E2-8FC3-32BF83CE9736}.LIB Debug - LIB OpenSSL|x86.Build.0 = Debug|Win32
		{1E9827B9-E1BF-46E2-8FC3-32BF83CE9736}.LIB Debug - LIB wolfSSL|x64.ActiveCfg = Debug|x64
		{1E9827B9-E1BF-46E2-8FC3-32BF83CE9736}.LIB Debug - LIB wolfSSL|x64.Build.0 = Debug|x64
		{1E9827B9-E1BF-46E2-8FC3-32BF83CE9736}.LIB Debug - LIB wolfSSL|x86.ActiveCfg = Debug|Win32
		{1E9827B9-E1BF-46E2-8FC3-32BF83CE9736}.LIB Debug - LIB wolfSSL|x86.Build.0 = Debug|Win32
		{1E9827B9-E1BF-46E2-8FC3-32BF83CE9736}.LIB Debug|x64.ActiveCfg = Debug|x64
		{1E9827B9-E1BF-46E2-8FC3-32BF83CE9736}.LIB Debug|x64.Build.0 = Debug|x64
		{1E9827B9-E1BF-46E2-8FC3-32BF83CE9736}.LIB Debug|x86.ActiveCfg = Debug|Win32
		{1E9827B9-E1BF-46E2-8FC3-32BF83CE9736}.LIB Debug|x86.Build.0 = Debug|Win32
		{1E9827B9-E1BF-46E2-8FC3-32BF83CE9736}.LIB Release - DLL OpenSSL - DLL LibSSH2|x64.ActiveCfg = Release|x64
		{1E9827B9-E1BF-46E2-8FC3-32BF83CE9736}.LIB Release - DLL OpenSSL - DLL LibSSH2|x64.Build.0 = Release|x64
		{1E9827B9-E1BF-46E2-8FC3-32BF83CE9736}.LIB Release - DLL OpenSSL - DLL LibSSH2|x86.ActiveCfg = Release|Win32
		{1E9827B9-E1BF-46E2-8FC3-32BF83CE9736}.LIB Release - DLL OpenSSL - DLL LibSSH2|x86.Build.0 = Release|Win32
		{1E9827B9-E1BF-46E2-8FC3-32BF83CE9736}.LIB Release - DLL OpenSSL|x64.ActiveCfg = Release|x64
		{1E9827B9-E1BF-46E2-8FC3-32BF83CE9736}.LIB Release - DLL OpenSSL|x64.Build.0 = Release|x64
		{1E9827B9-E1BF-46E2-8FC3-32BF83CE9736}.LIB Release - DLL OpenSSL|x86.ActiveCfg = Release|Win32
		{1E9827B9-E1BF-46E2-8FC3-32BF83CE9736}.LIB Release - DLL OpenSSL|x86.Build.0 = Release|Win32
		{1E9827B9-E1BF-46E2-8FC3-32BF83CE9736}.LIB Release - DLL Windows SSPI - DLL WinIDN|x64.ActiveCfg = Release|x64
		{1E9827B9-E1BF-46E2-8FC3-32BF83CE9736}.LIB Release - DLL Windows SSPI - DLL WinIDN|x64.Build.0 = Release|x64
		{1E9827B9-E1BF-46E2-8FC3-32BF83CE9736}.LIB Release - DLL Windows SSPI - DLL WinIDN|x86.ActiveCfg = Release|Win32
		{1E9827B9-E1BF-46E2-8FC3-32BF83CE9736}.LIB Release - DLL Windows SSPI - DLL WinIDN|x86.Build.0 = Release|Win32
		{1E9827B9-E1BF-46E2-8FC3-32BF83CE9736}.LIB Release - DLL Windows SSPI|x64.ActiveCfg = Release|x64
		{1E9827B9-E1BF-46E2-8FC3-32BF83CE9736}.LIB Release - DLL Windows SSPI|x64.Build.0 = Release|x64
		{1E9827B9-E1BF-46E2-8FC3-32BF83CE9736}.LIB Release - DLL Windows SSPI|x86.ActiveCfg = Release|Win32
		{1E9827B9-E1BF-46E2-8FC3-32BF83CE9736}.LIB Release - DLL Windows SSPI|x86.Build.0 = Release|Win32
		{1E9827B9-E1BF-46E2-8FC3-32BF83CE9736}.LIB Release - LIB OpenSSL - LIB LibSSH2|x64.ActiveCfg = Release|x64
		{1E9827B9-E1BF-46E2-8FC3-32BF83CE9736}.LIB Release - LIB OpenSSL - LIB LibSSH2|x64.Build.0 = Release|x64
		{1E9827B9-E1BF-46E2-8FC3-32BF83CE9736}.LIB Release - LIB OpenSSL - LIB LibSSH2|x86.ActiveCfg = Release|Win32
		{1E9827B9-E1BF-46E2-8FC3-32BF83CE9736}.LIB Release - LIB OpenSSL - LIB LibSSH2|x86.Build.0 = Release|Win32
		{1E9827B9-E1BF-46E2-8FC3-32BF83CE9736}.LIB Release - LIB OpenSSL|x64.ActiveCfg = Release|x64
		{1E9827B9-E1BF-46E2-8FC3-32BF83CE9736}.LIB Release - LIB OpenSSL|x64.Build.0 = Release|x64
		{1E9827B9-E1BF-46E2-8FC3-32BF83CE9736}.LIB Release - LIB OpenSSL|x86.ActiveCfg = Release|Win32
		{1E9827B9-E1BF-46E2-8FC3-32BF83CE9736}.LIB Release - LIB OpenSSL|x86.Build.0 = Release|Win32
		{1E9827B9-E1BF-46E2-8FC3-32BF83CE9736}.LIB Release - LIB wolfSSL|x64.ActiveCfg = Release|x64
		{1E9827B9-E1BF-46E2-8FC3-32BF83CE9736}.LIB Release - LIB wolfSSL|x64.Build.0 = Release|x64
		{1E9827B9-E1BF-46E2-8FC3-32BF83CE9736}.LIB Release - LIB wolfSSL|x86.ActiveCfg = Release|Win32
		{1E9827B9-E1BF-46E2-8FC3-32BF83CE9736}.LIB Release - LIB wolfSSL|x86.Build.0 = Release|Win32
		{1E9827B9-E1BF-46E2-8FC3-32BF83CE9736}.LIB Release|x64.ActiveCfg = Release|x64
		{1E9827B9-E1BF-46E2-8FC3-32BF83CE9736}.LIB Release|x64.Build.0 = Release|x64
		{1E9827B9-E1BF-46E2-8FC3-32BF83CE9736}.LIB Release|x86.ActiveCfg = Release|Win32
		{1E9827B9-E1BF-46E2-8FC3-32BF83CE9736}.LIB Release|x86.Build.0 = Release|Win32
		{1E9827B9-E1BF-46E2-8FC3-32BF83CE9736}.Release|x64.ActiveCfg = GameRelease|x64
		{1E9827B9-E1BF-46E2-8FC3-32BF83CE9736}.Release|x64.Build.0 = GameRelease|x64
		{1E9827B9-E1BF-46E2-8FC3-32BF83CE9736}.Release|x86.ActiveCfg = Release|Win32
		{1E9827B9-E1BF-46E2-8FC3-32BF83CE9736}.Release|x86.Build.0 = Release|Win32
		{7B59C823-5459-4C17-8022-FAB40D42766B}.Debug|x64.ActiveCfg = DebugDevelop|x64
		{7B59C823-5459-4C17-8022-FAB40D42766B}.Debug|x64.Build.0 = DebugDevelop|x64
		{7B59C823-5459-4C17-8022-FAB40D42766B}.Debug|x86.ActiveCfg = DebugDevelop|Win32
		{7B59C823-5459-4C17-8022-FAB40D42766B}.Debug|x86.Build.0 = DebugDevelop|Win32
		{7B59C823-5459-4C17-8022-FAB40D42766B}.DebugDevelop|x64.ActiveCfg = DebugDevelop|x64
		{7B59C823-5459-4C17-8022-FAB40D42766B}.DebugDevelop|x64.Build.0 = DebugDevelop|x64
		{7B59C823-5459-4C17-8022-FAB40D42766B}.DebugDevelop|x86.ActiveCfg = DebugDevelop|Win32
		{7B59C823-5459-4C17-8022-FAB40D42766B}.DebugDevelop|x86.Build.0 = DebugDevelop|Win32
		{7B59C823-5459-4C17-8022-FAB40D42766B}.DebugServer|x64.ActiveCfg = DebugServer|x64
		{7B59C823-5459-4C17-8022-FAB40D42766B}.DebugServer|x64.Build.0 = DebugServer|x64
		{7B59C823-5459-4C17-8022-FAB40D42766B}.DebugServer|x86.ActiveCfg = DebugServer|Win32
		{7B59C823-5459-4C17-8022-FAB40D42766B}.DebugServer|x86.Build.0 = DebugServer|Win32
		{7B59C823-5459-4C17-8022-FAB40D42766B}.DLL Debug - DLL OpenSSL - DLL LibSSH2|x64.ActiveCfg = Debug|x64
		{7B59C823-5459-4C17-8022-FAB40D42766B}.DLL Debug - DLL OpenSSL - DLL LibSSH2|x64.Build.0 = Debug|x64
		{7B59C823-5459-4C17-8022-FAB40D42766B}.DLL Debug - DLL OpenSSL - DLL LibSSH2|x86.ActiveCfg = Debug|Win32
		{7B59C823-5459-4C17-8022-FAB40D42766B}.DLL Debug - DLL OpenSSL - DLL LibSSH2|x86.Build.0 = Debug|Win32
		{7B59C823-5459-4C17-8022-FAB40D42766B}.DLL Debug - DLL OpenSSL|x64.ActiveCfg = Debug|x64
		{7B59C823-5459-4C17-8022-FAB40D42766B}.DLL Debug - DLL OpenSSL|x64.Build.0 = Debug|x64
		{7B59C823-5459-4C17-8022-FAB40D42766B}.DLL Debug - DLL OpenSSL|x86.ActiveCfg = Debug|Win32
		{7B59C823-5459-4C17-8022-FAB40D42766B}.DLL Debug - DLL OpenSSL|x86.Build.0 = Debug|Win32
		{7B59C823-5459-4C17-8022-FAB40D42766B}.DLL Debug - DLL Windows SSPI - DLL WinIDN|x64.ActiveCfg = Debug|x64
		{7B59C823-5459-4C17-8022-FAB40D42766B}.DLL Debug - DLL Windows SSPI - DLL WinIDN|x64.Build.0 = Debug|x64
		{7B59C823-5459-4C17-8022-FAB40D42766B}.DLL Debug - DLL Windows SSPI - DLL WinIDN|x86.ActiveCfg = Debug|Win32
		{7B59C823-5459-4C17-8022-FAB40D42766B}.DLL Debug - DLL Windows SSPI - DLL WinIDN|x86.Build.0 = Debug|Win32
		{7B59C823-5459-4C17-8022-FAB40D42766B}.DLL Debug - DLL Windows SSPI|x64.ActiveCfg = Debug|x64
		{7B59C823-5459-4C17-8022-FAB40D42766B}.DLL Debug - DLL Windows SSPI|x64.Build.0 = Debug|x64
		{7B59C823-5459-4C17-8022-FAB40D42766B}.DLL Debug - DLL Windows SSPI|x86.ActiveCfg = Debug|Win32
		{7B59C823-5459-4C17-8022-FAB40D42766B}.DLL Debug - DLL Windows SSPI|x86.Build.0 = Debug|Win32
		{7B59C823-5459-4C17-8022-FAB40D42766B}.DLL Debug - DLL wolfSSL|x64.ActiveCfg = Debug|x64
		{7B59C823-5459-4C17-8022-FAB40D42766B}.DLL Debug - DLL wolfSSL|x64.Build.0 = Debug|x64
		{7B59C823-5459-4C17-8022-FAB40D42766B}.DLL Debug - DLL wolfSSL|x86.ActiveCfg = Debug|Win32
		{7B59C823-5459-4C17-8022-FAB40D42766B}.DLL Debug - DLL wolfSSL|x86.Build.0 = Debug|Win32
		{7B59C823-5459-4C17-8022-FAB40D42766B}.DLL Debug|x64.ActiveCfg = Debug|x64
		{7B59C823-5459-4C17-8022-FAB40D42766B}.DLL Debug|x64.Build.0 = Debug|x64
		{7B59C823-5459-4C17-8022-FAB40D42766B}.DLL Debug|x86.ActiveCfg = Debug|Win32
		{7B59C823-5459-4C17-8022-FAB40D42766B}.DLL Debug|x86.Build.0 = Debug|Win32
		{7B59C823-5459-4C17-8022-FAB40D42766B}.DLL Release - DLL OpenSSL - DLL LibSSH2|x64.ActiveCfg = Release|x64
		{7B59C823-5459-4C17-8022-FAB40D42766B}.DLL Release - DLL OpenSSL - DLL LibSSH2|x64.Build.0 = Release|x64
		{7B59C823-5459-4C17-8022-FAB40D42766B}.DLL Release - DLL OpenSSL - DLL LibSSH2|x86.ActiveCfg = Release|Win32
		{7B59C823-5459-4C17-8022-FAB40D42766B}.DLL Release - DLL OpenSSL - DLL LibSSH2|x86.Build.0 = Release|Win32
		{7B59C823-5459-4C17-8022-FAB40D42766B}.DLL Release - DLL OpenSSL|x64.ActiveCfg = Release|x64
		{7B59C823-5459-4C17-8022-FAB40D42766B}.DLL Release - DLL OpenSSL|x64.Build.0 = Release|x64
		{7B59C823-5459-4C17-8022-FAB40D42766B}.DLL Release - DLL OpenSSL|x86.ActiveCfg = Release|Win32
		{7B59C823-5459-4C17-8022-FAB40D42766B}.DLL Release - DLL OpenSSL|x86.Build.0 = Release|Win32
		{7B59C823-5459-4C17-8022-FAB40D42766B}.DLL Release - DLL Windows SSPI - DLL WinIDN|x64.ActiveCfg = Release|x64
		{7B59C823-5459-4C17-8022-FAB40D42766B}.DLL Release - DLL Windows SSPI - DLL WinIDN|x64.Build.0 = Release|x64
		{7B59C823-5459-4C17-8022-FAB40D42766B}.DLL Release - DLL Windows SSPI - DLL WinIDN|x86.ActiveCfg = Release|Win32
		{7B59C823-5459-4C17-8022-FAB40D42766B}.DLL Release - DLL Windows SSPI - DLL WinIDN|x86.Build.0 = Release|Win32
		{7B59C823-5459-4C17-8022-FAB40D42766B}.DLL Release - DLL Windows SSPI|x64.ActiveCfg = Release|x64
		{7B59C823-5459-4C17-8022-FAB40D42766B}.DLL Release - DLL Windows SSPI|x64.Build.0 = Release|x64
		{7B59C823-5459-4C17-8022-FAB40D42766B}.DLL Release - DLL Windows SSPI|x86.ActiveCfg = Release|Win32
		{7B59C823-5459-4C17-8022-FAB40D42766B}.DLL Release - DLL Windows SSPI|x86.Build.0 = Release|Win32
		{7B59C823-5459-4C17-8022-FAB40D42766B}.DLL Release - DLL wolfSSL|x64.ActiveCfg = Release|x64
		{7B59C823-5459-4C17-8022-FAB40D42766B}.DLL Release - DLL wolfSSL|x64.Build.0 = Release|x64
		{7B59C823-5459-4C17-8022-FAB40D42766B}.DLL Release - DLL wolfSSL|x86.ActiveCfg = Release|Win32
		{7B59C823-5459-4C17-8022-FAB40D42766B}.DLL Release - DLL wolfSSL|x86.Build.0 = Release|Win32
		{7B59C823-5459-4C17-8022-FAB40D42766B}.DLL Release|x64.ActiveCfg = Release|x64
		{7B59C823-5459-4C17-8022-FAB40D42766B}.DLL Release|x64.Build.0 = Release|x64
		{7B59C823-5459-4C17-8022-FAB40D42766B}.DLL Release|x86.ActiveCfg = Release|Win32
		{7B59C823-5459-4C17-8022-FAB40D42766B}.DLL Release|x86.Build.0 = Release|Win32
		{7B59C823-5459-4C17-8022-FAB40D42766B}.LIB Debug - DLL OpenSSL - DLL LibSSH2|x64.ActiveCfg = Debug|x64
		{7B59C823-5459-4C17-8022-FAB40D42766B}.LIB Debug - DLL OpenSSL - DLL LibSSH2|x64.Build.0 = Debug|x64
		{7B59C823-5459-4C17-8022-FAB40D42766B}.LIB Debug - DLL OpenSSL - DLL LibSSH2|x86.ActiveCfg = Debug|Win32
		{7B59C823-5459-4C17-8022-FAB40D42766B}.LIB Debug - DLL OpenSSL - DLL LibSSH2|x86.Build.0 = Debug|Win32
		{7B59C823-5459-4C17-8022-FAB40D42766B}.LIB Debug - DLL OpenSSL|x64.ActiveCfg = Debug|x64
		{7B59C823-5459-4C17-8022-FAB40D42766B}.LIB Debug - DLL OpenSSL|x64.Build.0 = Debug|x64
		{7B59C823-5459-4C17-8022-FAB40D42766B}.LIB Debug - DLL OpenSSL|x86.ActiveCfg = Debug|Win32
		{7B59C823-5459-4C17-8022-FAB40D42766B}.LIB Debug - DLL OpenSSL|x86.Build.0 = Debug|Win32
		{7B59C823-5459-4C17-8022-FAB40D42766B}.LIB Debug - DLL Windows SSPI - DLL WinIDN|x64.ActiveCfg = Debug|x64
		{7B59C823-5459-4C17-8022-FAB40D42766B}.LIB Debug - DLL Windows SSPI - DLL WinIDN|x64.Build.0 = Debug|x64
		{7B59C823-5459-4C17-8022-FAB40D42766B}.LIB Debug - DLL Windows SSPI - DLL WinIDN|x86.ActiveCfg = Debug|Win32
		{7B59C823-5459-4C17-8022-FAB40D42766B}.LIB Debug - DLL Windows SSPI - DLL WinIDN|x86.Build.0 = Debug|Win32
		{7B59C823-5459-4C17-8022-FAB40D42766B}.LIB Debug - DLL Windows SSPI|x64.ActiveCfg = Debug|x64
		{7B59C823-5459-4C17-8022-FAB40D42766B}.LIB Debug - DLL Windows SSPI|x64.Build.0 = Debug|x64
		{7B59C823-5459-4C17-8022-FAB40D42766B}.LIB Debug - DLL Windows SSPI|x86.ActiveCfg = Debug|Win32
		{7B59C823-5459-4C17-8022-FAB40D42766B}.LIB Debug - DLL Windows SSPI|x86.Build.0 = Debug|Win32
		{7B59C823-5459-4C17-8022-FAB40D42766B}.LIB Debug - LIB OpenSSL - LIB LibSSH2|x64.ActiveCfg = Debug|x64
		{7B59C823-5459-4C17-8022-FAB40D42766B}.LIB Debug - LIB OpenSSL - LIB LibSSH2|x64.Build.0 = Debug|x64
		{7B59C823-5459-4C17-8022-FAB40D42766B}.LIB Debug - LIB OpenSSL - LIB LibSSH2|x86.ActiveCfg = Debug|Win32
		{7B59C823-5459-4C17-8022-FAB40D42766B}.LIB Debug - LIB OpenSSL - LIB LibSSH2|x86.Build.0 = Debug|Win32
		{7B59C823-5459-4C17-8022-FAB40D42766B}.LIB Debug - LIB OpenSSL|x64.ActiveCfg = Debug|x64
		{7B59C823-5459-4C17-8022-FAB40D42766B}.LIB Debug - LIB OpenSSL|x64.Build.0 = Debug|x64
		{7B59C823-5459-4C17-8022-FAB40D42766B}.LIB Debug - LIB OpenSSL|x86.ActiveCfg = Debug|Win32
		{7B59C823-5459-4C17-8022-FAB40D42766B}.LIB Debug - LIB OpenSSL|x86.Build.0 = Debug|Win32
		{7B59C823-5459-4C17-8022-FAB40D42766B}.LIB Debug - LIB wolfSSL|x64.ActiveCfg = Debug|x64
		{7B59C823-5459-4C17-8022-FAB40D42766B}.LIB Debug - LIB wolfSSL|x64.Build.0 = Debug|x64
		{7B59C823-5459-4C17-8022-FAB40D42766B}.LIB Debug - LIB wolfSSL|x86.ActiveCfg = Debug|Win32
		{7B59C823-5459-4C17-8022-FAB40D42766B}.LIB Debug - LIB wolfSSL|x86.Build.0 = Debug|Win32
		{7B59C823-5459-4C17-8022-FAB40D42766B}.LIB Debug|x64.ActiveCfg = Debug|x64
		{7B59C823-5459-4C17-8022-FAB40D42766B}.LIB Debug|x64.Build.0 = Debug|x64
		{7B59C823-5459-4C17-8022-FAB40D42766B}.LIB Debug|x86.ActiveCfg = Debug|Win32
		{7B59C823-5459-4C17-8022-FAB40D42766B}.LIB Debug|x86.Build.0 = Debug|Win32
		{7B59C823-5459-4C17-8022-FAB40D42766B}.LIB Release - DLL OpenSSL - DLL LibSSH2|x64.ActiveCfg = Release|x64
		{7B59C823-5459-4C17-8022-FAB40D42766B}.LIB Release - DLL OpenSSL - DLL LibSSH2|x64.Build.0 = Release|x64
		{7B59C823-5459-4C17-8022-FAB40D42766B}.LIB Release - DLL OpenSSL - DLL LibSSH2|x86.ActiveCfg = Release|Win32
		{7B59C823-5459-4C17-8022-FAB40D42766B}.LIB Release - DLL OpenSSL - DLL LibSSH2|x86.Build.0 = Release|Win32
		{7B59C823-5459-4C17-8022-FAB40D42766B}.LIB Release - DLL OpenSSL|x64.ActiveCfg = Release|x64
		{7B59C823-5459-4C17-8022-FAB40D42766B}.LIB Release - DLL OpenSSL|x64.Build.0 = Release|x64
		{7B59C823-5459-4C17-8022-FAB40D42766B}.LIB Release - DLL OpenSSL|x86.ActiveCfg = Release|Win32
		{7B59C823-5459-4C17-8022-FAB40D42766B}.LIB Release - DLL OpenSSL|x86.Build.0 = Release|Win32
		{7B59C823-5459-4C17-8022-FAB40D42766B}.LIB Release - DLL Windows SSPI - DLL WinIDN|x64.ActiveCfg = Release|x64
		{7B59C823-5459-4C17-8022-FAB40D42766B}.LIB Release - DLL Windows SSPI - DLL WinIDN|x64.Build.0 = Release|x64
		{7B59C823-5459-4C17-8022-FAB40D42766B}.LIB Release - DLL Windows SSPI - DLL WinIDN|x86.ActiveCfg = Release|Win32
		{7B59C823-5459-4C17-8022-FAB40D42766B}.LIB Release - DLL Windows SSPI - DLL WinIDN|x86.Build.0 = Release|Win32
		{7B59C823-5459-4C17-8022-FAB40D42766B}.LIB Release - DLL Windows SSPI|x64.ActiveCfg = Release|x64
		{7B59C823-5459-4C17-8022-FAB40D42766B}.LIB Release - DLL Windows SSPI|x64.Build.0 = Release|x64
		{7B59C823-5459-4C17-8022-FAB40D42766B}.LIB Release - DLL Windows SSPI|x86.ActiveCfg = Release|Win32
		{7B59C823-5459-4C17-8022-FAB40D42766B}.LIB Release - DLL Windows SSPI|x86.Build.0 = Release|Win32
		{7B59C823-5459-4C17-8022-FAB40D42766B}.LIB Release - LIB OpenSSL - LIB LibSSH2|x64.ActiveCfg = Release|x64
		{7B59C823-5459-4C17-8022-FAB40D42766B}.LIB Release - LIB OpenSSL - LIB LibSSH2|x64.Build.0 = Release|x64
		{7B59C823-5459-4C17-8022-FAB40D42766B}.LIB Release - LIB OpenSSL - LIB LibSSH2|x86.ActiveCfg = Release|Win32
		{7B59C823-5459-4C17-8022-FAB40D42766B}.LIB Release - LIB OpenSSL - LIB LibSSH2|x86.Build.0 = Release|Win32
		{7B59C823-5459-4C17-8022-FAB40D42766B}.LIB Release - LIB OpenSSL|x64.ActiveCfg = Release|x64
		{7B59C823-5459-4C17-8022-FAB40D42766B}.LIB Release - LIB OpenSSL|x64.Build.0 = Release|x64
		{7B59C823-5459-4C17-8022-FAB40D42766B}.LIB Release - LIB OpenSSL|x86.ActiveCfg = Release|Win32
		{7B59C823-5459-4C17-8022-FAB40D42766B}.LIB Release - LIB OpenSSL|x86.Build.0 = Release|Win32
		{7B59C823-5459-4C17-8022-FAB40D42766B}.LIB Release - LIB wolfSSL|x64.ActiveCfg = Release|x64
		{7B59C823-5459-4C17-8022-FAB40D42766B}.LIB Release - LIB wolfSSL|x64.Build.0 = Release|x64
		{7B59C823-5459-4C17-8022-FAB40D42766B}.LIB Release - LIB wolfSSL|x86.ActiveCfg = Release|Win32
		{7B59C823-5459-4C17-8022-FAB40D42766B}.LIB Release - LIB wolfSSL|x86.Build.0 = Release|Win32
		{7B59C823-5459-4C17-8022-FAB40D42766B}.LIB Release|x64.ActiveCfg = Release|x64
		{7B59C823-5459-4C17-8022-FAB40D42766B}.LIB Release|x64.Build.0 = Release|x64
		{7B59C823-5459-4C17-8022-FAB40D42766B}.LIB Release|x86.ActiveCfg = Release|Win32
		{7B59C823-5459-4C17-8022-FAB40D42766B}.LIB Release|x86.Build.0 = Release|Win32
		{7B59C823-5459-4C17-8022-FAB40D42766B}.Release|x64.ActiveCfg = GameRelease|x64
		{7B59C823-5459-4C17-8022-FAB40D42766B}.Release|x64.Build.0 = GameRelease|x64
		{7B59C823-5459-4C17-8022-FAB40D42766B}.Release|x86.ActiveCfg = Release|Win32
		{7B59C823-5459-4C17-8022-FAB40D42766B}.Release|x86.Build.0 = Release|Win32
		{8FD22748-0005-4B29-9136-BD5E8512B1BD}.Debug|x64.ActiveCfg = DebugDevelop|x64
		{8FD22748-0005-4B29-9136-BD5E8512B1BD}.Debug|x64.Build.0 = DebugDevelop|x64
		{8FD22748-0005-4B29-9136-BD5E8512B1BD}.Debug|x86.ActiveCfg = DebugDevelop|Win32
		{8FD22748-0005-4B29-9136-BD5E8512B1BD}.Debug|x86.Build.0 = DebugDevelop|Win32
		{8FD22748-0005-4B29-9136-BD5E8512B1BD}.DebugDevelop|x64.ActiveCfg = DebugDevelop|x64
		{8FD22748-0005-4B29-9136-BD5E8512B1BD}.DebugDevelop|x64.Build.0 = DebugDevelop|x64
		{8FD22748-0005-4B29-9136-BD5E8512B1BD}.DebugDevelop|x86.ActiveCfg = DebugDevelop|Win32
		{8FD22748-0005-4B29-9136-BD5E8512B1BD}.DebugDevelop|x86.Build.0 = DebugDevelop|Win32
		{8FD22748-0005-4B29-9136-BD5E8512B1BD}.DebugServer|x64.ActiveCfg = DebugServer|x64
		{8FD22748-0005-4B29-9136-BD5E8512B1BD}.DebugServer|x64.Build.0 = DebugServer|x64
		{8FD22748-0005-4B29-9136-BD5E8512B1BD}.DebugServer|x86.ActiveCfg = DebugServer|Win32
		{8FD22748-0005-4B29-9136-BD5E8512B1BD}.DebugServer|x86.Build.0 = DebugServer|Win32
		{8FD22748-0005-4B29-9136-BD5E8512B1BD}.DLL Debug - DLL OpenSSL - DLL LibSSH2|x64.ActiveCfg = Debug|x64
		{8FD22748-0005-4B29-9136-BD5E8512B1BD}.DLL Debug - DLL OpenSSL - DLL LibSSH2|x64.Build.0 = Debug|x64
		{8FD22748-0005-4B29-9136-BD5E8512B1BD}.DLL Debug - DLL OpenSSL - DLL LibSSH2|x86.ActiveCfg = Debug|Win32
		{8FD22748-0005-4B29-9136-BD5E8512B1BD}.DLL Debug - DLL OpenSSL - DLL LibSSH2|x86.Build.0 = Debug|Win32
		{8FD22748-0005-4B29-9136-BD5E8512B1BD}.DLL Debug - DLL OpenSSL|x64.ActiveCfg = Debug|x64
		{8FD22748-0005-4B29-9136-BD5E8512B1BD}.DLL Debug - DLL OpenSSL|x64.Build.0 = Debug|x64
		{8FD22748-0005-4B29-9136-BD5E8512B1BD}.DLL Debug - DLL OpenSSL|x86.ActiveCfg = Debug|Win32
		{8FD22748-0005-4B29-9136-BD5E8512B1BD}.DLL Debug - DLL OpenSSL|x86.Build.0 = Debug|Win32
		{8FD22748-0005-4B29-9136-BD5E8512B1BD}.DLL Debug - DLL Windows SSPI - DLL WinIDN|x64.ActiveCfg = Debug|x64
		{8FD22748-0005-4B29-9136-BD5E8512B1BD}.DLL Debug - DLL Windows SSPI - DLL WinIDN|x64.Build.0 = Debug|x64
		{8FD22748-0005-4B29-9136-BD5E8512B1BD}.DLL Debug - DLL Windows SSPI - DLL WinIDN|x86.ActiveCfg = Debug|Win32
		{8FD22748-0005-4B29-9136-BD5E8512B1BD}.DLL Debug - DLL Windows SSPI - DLL WinIDN|x86.Build.0 = Debug|Win32
		{8FD22748-0005-4B29-9136-BD5E8512B1BD}.DLL Debug - DLL Windows SSPI|x64.ActiveCfg = Debug|x64
		{8FD22748-0005-4B29-9136-BD5E8512B1BD}.DLL Debug - DLL Windows SSPI|x64.Build.0 = Debug|x64
		{8FD22748-0005-4B29-9136-BD5E8512B1BD}.DLL Debug - DLL Windows SSPI|x86.ActiveCfg = Debug|Win32
		{8FD22748-0005-4B29-9136-BD5E8512B1BD}.DLL Debug - DLL Windows SSPI|x86.Build.0 = Debug|Win32
		{8FD22748-0005-4B29-9136-BD5E8512B1BD}.DLL Debug - DLL wolfSSL|x64.ActiveCfg = Debug|x64
		{8FD22748-0005-4B29-9136-BD5E8512B1BD}.DLL Debug - DLL wolfSSL|x64.Build.0 = Debug|x64
		{8FD22748-0005-4B29-9136-BD5E8512B1BD}.DLL Debug - DLL wolfSSL|x86.ActiveCfg = Debug|Win32
		{8FD22748-0005-4B29-9136-BD5E8512B1BD}.DLL Debug - DLL wolfSSL|x86.Build.0 = Debug|Win32
		{8FD22748-0005-4B29-9136-BD5E8512B1BD}.DLL Debug|x64.ActiveCfg = Debug|x64
		{8FD22748-0005-4B29-9136-BD5E8512B1BD}.DLL Debug|x64.Build.0 = Debug|x64
		{8FD22748-0005-4B29-9136-BD5E8512B1BD}.DLL Debug|x86.ActiveCfg = Debug|Win32
		{8FD22748-0005-4B29-9136-BD5E8512B1BD}.DLL Debug|x86.Build.0 = Debug|Win32
		{8FD22748-0005-4B29-9136-BD5E8512B1BD}.DLL Release - DLL OpenSSL - DLL LibSSH2|x64.ActiveCfg = Release|x64
		{8FD22748-0005-4B29-9136-BD5E8512B1BD}.DLL Release - DLL OpenSSL - DLL LibSSH2|x64.Build.0 = Release|x64
		{8FD22748-0005-4B29-9136-BD5E8512B1BD}.DLL Release - DLL OpenSSL - DLL LibSSH2|x86.ActiveCfg = Release|Win32
		{8FD22748-0005-4B29-9136-BD5E8512B1BD}.DLL Release - DLL OpenSSL - DLL LibSSH2|x86.Build.0 = Release|Win32
		{8FD22748-0005-4B29-9136-BD5E8512B1BD}.DLL Release - DLL OpenSSL|x64.ActiveCfg = Release|x64
		{8FD22748-0005-4B29-9136-BD5E8512B1BD}.DLL Release - DLL OpenSSL|x64.Build.0 = Release|x64
		{8FD22748-0005-4B29-9136-BD5E8512B1BD}.DLL Release - DLL OpenSSL|x86.ActiveCfg = Release|Win32
		{8FD22748-0005-4B29-9136-BD5E8512B1BD}.DLL Release - DLL OpenSSL|x86.Build.0 = Release|Win32
		{8FD22748-0005-4B29-9136-BD5E8512B1BD}.DLL Release - DLL Windows SSPI - DLL WinIDN|x64.ActiveCfg = Release|x64
		{8FD22748-0005-4B29-9136-BD5E8512B1BD}.DLL Release - DLL Windows SSPI - DLL WinIDN|x64.Build.0 = Release|x64
		{8FD22748-0005-4B29-9136-BD5E8512B1BD}.DLL Release - DLL Windows SSPI - DLL WinIDN|x86.ActiveCfg = Release|Win32
		{8FD22748-0005-4B29-9136-BD5E8512B1BD}.DLL Release - DLL Windows SSPI - DLL WinIDN|x86.Build.0 = Release|Win32
		{8FD22748-0005-4B29-9136-BD5E8512B1BD}.DLL Release - DLL Windows SSPI|x64.ActiveCfg = Release|x64
		{8FD22748-0005-4B29-9136-BD5E8512B1BD}.DLL Release - DLL Windows SSPI|x64.Build.0 = Release|x64
		{8FD22748-0005-4B29-9136-BD5E8512B1BD}.DLL Release - DLL Windows SSPI|x86.ActiveCfg = Release|Win32
		{8FD22748-0005-4B29-9136-BD5E8512B1BD}.DLL Release - DLL Windows SSPI|x86.Build.0 = Release|Win32
		{8FD22748-0005-4B29-9136-BD5E8512B1BD}.DLL Release - DLL wolfSSL|x64.ActiveCfg = Release|x64
		{8FD22748-0005-4B29-9136-BD5E8512B1BD}.DLL Release - DLL wolfSSL|x64.Build.0 = Release|x64
		{8FD22748-0005-4B29-9136-BD5E8512B1BD}.DLL Release - DLL wolfSSL|x86.ActiveCfg = Release|Win32
		{8FD22748-0005-4B29-9136-BD5E8512B1BD}.DLL Release - DLL wolfSSL|x86.Build.0 = Release|Win32
		{8FD22748-0005-4B29-9136-BD5E8512B1BD}.DLL Release|x64.ActiveCfg = Release|x64
		{8FD22748-0005-4B29-9136-BD5E8512B1BD}.DLL Release|x64.Build.0 = Release|x64
		{8FD22748-0005-4B29-9136-BD5E8512B1BD}.DLL Release|x86.ActiveCfg = Release|Win32
		{8FD22748-0005-4B29-9136-BD5E8512B1BD}.DLL Release|x86.Build.0 = Release|Win32
		{8FD22748-0005-4B29-9136-BD5E8512B1BD}.LIB Debug - DLL OpenSSL - DLL LibSSH2|x64.ActiveCfg = Debug|x64
		{8FD22748-0005-4B29-9136-BD5E8512B1BD}.LIB Debug - DLL OpenSSL - DLL LibSSH2|x64.Build.0 = Debug|x64
		{8FD22748-0005-4B29-9136-BD5E8512B1BD}.LIB Debug - DLL OpenSSL - DLL LibSSH2|x86.ActiveCfg = Debug|Win32
		{8FD22748-0005-4B29-9136-BD5E8512B1BD}.LIB Debug - DLL OpenSSL - DLL LibSSH2|x86.Build.0 = Debug|Win32
		{8FD22748-0005-4B29-9136-BD5E8512B1BD}.LIB Debug - DLL OpenSSL|x64.ActiveCfg = Debug|x64
		{8FD22748-0005-4B29-9136-BD5E8512B1BD}.LIB Debug - DLL OpenSSL|x64.Build.0 = Debug|x64
		{8FD22748-0005-4B29-9136-BD5E8512B1BD}.LIB Debug - DLL OpenSSL|x86.ActiveCfg = Debug|Win32
		{8FD22748-0005-4B29-9136-BD5E8512B1BD}.LIB Debug - DLL OpenSSL|x86.Build.0 = Debug|Win32
		{8FD22748-0005-4B29-9136-BD5E8512B1BD}.LIB Debug - DLL Windows SSPI - DLL WinIDN|x64.ActiveCfg = Debug|x64
		{8FD22748-0005-4B29-9136-BD5E8512B1BD}.LIB Debug - DLL Windows SSPI - DLL WinIDN|x64.Build.0 = Debug|x64
		{8FD22748-0005-4B29-9136-BD5E8512B1BD}.LIB Debug - DLL Windows SSPI - DLL WinIDN|x86.ActiveCfg = Debug|Win32
		{8FD22748-0005-4B29-9136-BD5E8512B1BD}.LIB Debug - DLL Windows SSPI - DLL WinIDN|x86.Build.0 = Debug|Win32
		{8FD22748-0005-4B29-9136-BD5E8512B1BD}.LIB Debug - DLL Windows SSPI|x64.ActiveCfg = Debug|x64
		{8FD22748-0005-4B29-9136-BD5E8512B1BD}.LIB Debug - DLL Windows SSPI|x64.Build.0 = Debug|x64
		{8FD22748-0005-4B29-9136-BD5E8512B1BD}.LIB Debug - DLL Windows SSPI|x86.ActiveCfg = Debug|Win32
		{8FD22748-0005-4B29-9136-BD5E8512B1BD}.LIB Debug - DLL Windows SSPI|x86.Build.0 = Debug|Win32
		{8FD22748-0005-4B29-9136-BD5E8512B1BD}.LIB Debug - LIB OpenSSL - LIB LibSSH2|x64.ActiveCfg = Debug|x64
		{8FD22748-0005-4B29-9136-BD5E8512B1BD}.LIB Debug - LIB OpenSSL - LIB LibSSH2|x64.Build.0 = Debug|x64
		{8FD22748-0005-4B29-9136-BD5E8512B1BD}.LIB Debug - LIB OpenSSL - LIB LibSSH2|x86.ActiveCfg = Debug|Win32
		{8FD22748-0005-4B29-9136-BD5E8512B1BD}.LIB Debug - LIB OpenSSL - LIB LibSSH2|x86.Build.0 = Debug|Win32
		{8FD22748-0005-4B29-9136-BD5E8512B1BD}.LIB Debug - LIB OpenSSL|x64.ActiveCfg = Debug|x64
		{8FD22748-0005-4B29-9136-BD5E8512B1BD}.LIB Debug - LIB OpenSSL|x64.Build.0 = Debug|x64
		{8FD22748-0005-4B29-9136-BD5E8512B1BD}.LIB Debug - LIB OpenSSL|x86.ActiveCfg = Debug|Win32
		{8FD22748-0005-4B29-9136-BD5E8512B1BD}.LIB Debug - LIB OpenSSL|x86.Build.0 = Debug|Win32
		{8FD22748-0005-4B29-9136-BD5E8512B1BD}.LIB Debug - LIB wolfSSL|x64.ActiveCfg = Debug|x64
		{8FD22748-0005-4B29-9136-BD5E8512B1BD}.LIB Debug - LIB wolfSSL|x64.Build.0 = Debug|x64
		{8FD22748-0005-4B29-9136-BD5E8512B1BD}.LIB Debug - LIB wolfSSL|x86.ActiveCfg = Debug|Win32
		{8FD22748-0005-4B29-9136-BD5E8512B1BD}.LIB Debug - LIB wolfSSL|x86.Build.0 = Debug|Win32
		{8FD22748-0005-4B29-9136-BD5E8512B1BD}.LIB Debug|x64.ActiveCfg = Debug|x64
		{8FD22748-0005-4B29-9136-BD5E8512B1BD}.LIB Debug|x64.Build.0 = Debug|x64
		{8FD22748-0005-4B29-9136-BD5E8512B1BD}.LIB Debug|x86.ActiveCfg = Debug|Win32
		{8FD22748-0005-4B29-9136-BD5E8512B1BD}.LIB Debug|x86.Build.0 = Debug|Win32
		{8FD22748-0005-4B29-9136-BD5E8512B1BD}.LIB Release - DLL OpenSSL - DLL LibSSH2|x64.ActiveCfg = Release|x64
		{8FD22748-0005-4B29-9136-BD5E8512B1BD}.LIB Release - DLL OpenSSL - DLL LibSSH2|x64.Build.0 = Release|x64
		{8FD22748-0005-4B29-9136-BD5E8512B1BD}.LIB Release - DLL OpenSSL - DLL LibSSH2|x86.ActiveCfg = Release|Win32
		{8FD22748-0005-4B29-9136-BD5E8512B1BD}.LIB Release - DLL OpenSSL - DLL LibSSH2|x86.Build.0 = Release|Win32
		{8FD22748-0005-4B29-9136-BD5E8512B1BD}.LIB Release - DLL OpenSSL|x64.ActiveCfg = Release|x64
		{8FD22748-0005-4B29-9136-BD5E8512B1BD}.LIB Release - DLL OpenSSL|x64.Build.0 = Release|x64
		{8FD22748-0005-4B29-9136-BD5E8512B1BD}.LIB Release - DLL OpenSSL|x86.ActiveCfg = Release|Win32
		{8FD22748-0005-4B29-9136-BD5E8512B1BD}.LIB Release - DLL OpenSSL|x86.Build.0 = Release|Win32
		{8FD22748-0005-4B29-9136-BD5E8512B1BD}.LIB Release - DLL Windows SSPI - DLL WinIDN|x64.ActiveCfg = Release|x64
		{8FD22748-0005-4B29-9136-BD5E8512B1BD}.LIB Release - DLL Windows SSPI - DLL WinIDN|x64.Build.0 = Release|x64
		{8FD22748-0005-4B29-9136-BD5E8512B1BD}.LIB Release - DLL Windows SSPI - DLL WinIDN|x86.ActiveCfg = Release|Win32
		{8FD22748-0005-4B29-9136-BD5E8512B1BD}.LIB Release - DLL Windows SSPI - DLL WinIDN|x86.Build.0 = Release|Win32
		{8FD22748-0005-4B29-9136-BD5E8512B1BD}.LIB Release - DLL Windows SSPI|x64.ActiveCfg = Release|x64
		{8FD22748-0005-4B29-9136-BD5E8512B1BD}.LIB Release - DLL Windows SSPI|x64.Build.0 = Release|x64
		{8FD22748-0005-4B29-9136-BD5E8512B1BD}.LIB Release - DLL Windows SSPI|x86.ActiveCfg = Release|Win32
		{8FD22748-0005-4B29-9136-BD5E8512B1BD}.LIB Release - DLL Windows SSPI|x86.Build.0 = Release|Win32
		{8FD22748-0005-4B29-9136-BD5E8512B1BD}.LIB Release - LIB OpenSSL - LIB LibSSH2|x64.ActiveCfg = Release|x64
		{8FD22748-0005-4B29-9136-BD5E8512B1BD}.LIB Release - LIB OpenSSL - LIB LibSSH2|x64.Build.0 = Release|x64
		{8FD22748-0005-4B29-9136-BD5E8512B1BD}.LIB Release - LIB OpenSSL - LIB LibSSH2|x86.ActiveCfg = Release|Win32
		{8FD22748-0005-4B29-9136-BD5E8512B1BD}.LIB Release - LIB OpenSSL - LIB LibSSH2|x86.Build.0 = Release|Win32
		{8FD22748-0005-4B29-9136-BD5E8512B1BD}.LIB Release - LIB OpenSSL|x64.ActiveCfg = Release|x64
		{8FD22748-0005-4B29-9136-BD5E8512B1BD}.LIB Release - LIB OpenSSL|x64.Build.0 = Release|x64
		{8FD22748-0005-4B29-9136-BD5E8512B1BD}.LIB Release - LIB OpenSSL|x86.ActiveCfg = Release|Win32
		{8FD22748-0005-4B29-9136-BD5E8512B1BD}.LIB Release - LIB OpenSSL|x86.Build.0 = Release|Win32
		{8FD22748-0005-4B29-9136-BD5E8512B1BD}.LIB Release - LIB wolfSSL|x64.ActiveCfg = Release|x64
		{8FD22748-0005-4B29-9136-BD5E8512B1BD}.LIB Release - LIB wolfSSL|x64.Build.0 = Release|x64
		{8FD22748-0005-4B29-9136-BD5E8512B1BD}.LIB Release - LIB wolfSSL|x86.ActiveCfg = Release|Win32
		{8FD22748-0005-4B29-9136-BD5E8512B1BD}.LIB Release - LIB wolfSSL|x86.Build.0 = Release|Win32
		{8FD22748-0005-4B29-9136-BD5E8512B1BD}.LIB Release|x64.ActiveCfg = Release|x64
		{8FD22748-0005-4B29-9136-BD5E8512B1BD}.LIB Release|x64.Build.0 = Release|x64
		{8FD22748-0005-4B29-9136-BD5E8512B1BD}.LIB Release|x86.ActiveCfg = Release|Win32
		{8FD22748-0005-4B29-9136-BD5E8512B1BD}.LIB Release|x86.Build.0 = Release|Win32
		{8FD22748-0005-4B29-9136-BD5E8512B1BD}.Release|x64.ActiveCfg = GameRelease|x64
		{8FD22748-0005-4B29-9136-BD5E8512B1BD}.Release|x64.Build.0 = GameRelease|x64
		{8FD22748-0005-4B29-9136-BD5E8512B1BD}.Release|x86.ActiveCfg = Release|Win32
		{8FD22748-0005-4B29-9136-BD5E8512B1BD}.Release|x86.Build.0 = Release|Win32
		{381212EA-3FF5-40DD-A666-8EE4D026B880}.Debug|x64.ActiveCfg = DebugDevelop|x64
		{381212EA-3FF5-40DD-A666-8EE4D026B880}.Debug|x64.Build.0 = DebugDevelop|x64
		{381212EA-3FF5-40DD-A666-8EE4D026B880}.Debug|x86.ActiveCfg = DebugDevelop|Win32
		{381212EA-3FF5-40DD-A666-8EE4D026B880}.Debug|x86.Build.0 = DebugDevelop|Win32
		{381212EA-3FF5-40DD-A666-8EE4D026B880}.DebugDevelop|x64.ActiveCfg = DebugDevelop|x64
		{381212EA-3FF5-40DD-A666-8EE4D026B880}.DebugDevelop|x64.Build.0 = DebugDevelop|x64
		{381212EA-3FF5-40DD-A666-8EE4D026B880}.DebugDevelop|x86.ActiveCfg = DebugDevelop|Win32
		{381212EA-3FF5-40DD-A666-8EE4D026B880}.DebugDevelop|x86.Build.0 = DebugDevelop|Win32
		{381212EA-3FF5-40DD-A666-8EE4D026B880}.DebugServer|x64.ActiveCfg = DebugServer|x64
		{381212EA-3FF5-40DD-A666-8EE4D026B880}.DebugServer|x64.Build.0 = DebugServer|x64
		{381212EA-3FF5-40DD-A666-8EE4D026B880}.DebugServer|x86.ActiveCfg = DebugServer|Win32
		{381212EA-3FF5-40DD-A666-8EE4D026B880}.DebugServer|x86.Build.0 = DebugServer|Win32
		{381212EA-3FF5-40DD-A666-8EE4D026B880}.DLL Debug - DLL OpenSSL - DLL LibSSH2|x64.ActiveCfg = Debug|x64
		{381212EA-3FF5-40DD-A666-8EE4D026B880}.DLL Debug - DLL OpenSSL - DLL LibSSH2|x64.Build.0 = Debug|x64
		{381212EA-3FF5-40DD-A666-8EE4D026B880}.DLL Debug - DLL OpenSSL - DLL LibSSH2|x86.ActiveCfg = Debug|Win32
		{381212EA-3FF5-40DD-A666-8EE4D026B880}.DLL Debug - DLL OpenSSL - DLL LibSSH2|x86.Build.0 = Debug|Win32
		{381212EA-3FF5-40DD-A666-8EE4D026B880}.DLL Debug - DLL OpenSSL|x64.ActiveCfg = Debug|x64
		{381212EA-3FF5-40DD-A666-8EE4D026B880}.DLL Debug - DLL OpenSSL|x64.Build.0 = Debug|x64
		{381212EA-3FF5-40DD-A666-8EE4D026B880}.DLL Debug - DLL OpenSSL|x86.ActiveCfg = Debug|Win32
		{381212EA-3FF5-40DD-A666-8EE4D026B880}.DLL Debug - DLL OpenSSL|x86.Build.0 = Debug|Win32
		{381212EA-3FF5-40DD-A666-8EE4D026B880}.DLL Debug - DLL Windows SSPI - DLL WinIDN|x64.ActiveCfg = Debug|x64
		{381212EA-3FF5-40DD-A666-8EE4D026B880}.DLL Debug - DLL Windows SSPI - DLL WinIDN|x64.Build.0 = Debug|x64
		{381212EA-3FF5-40DD-A666-8EE4D026B880}.DLL Debug - DLL Windows SSPI - DLL WinIDN|x86.ActiveCfg = Debug|Win32
		{381212EA-3FF5-40DD-A666-8EE4D026B880}.DLL Debug - DLL Windows SSPI - DLL WinIDN|x86.Build.0 = Debug|Win32
		{381212EA-3FF5-40DD-A666-8EE4D026B880}.DLL Debug - DLL Windows SSPI|x64.ActiveCfg = Debug|x64
		{381212EA-3FF5-40DD-A666-8EE4D026B880}.DLL Debug - DLL Windows SSPI|x64.Build.0 = Debug|x64
		{381212EA-3FF5-40DD-A666-8EE4D026B880}.DLL Debug - DLL Windows SSPI|x86.ActiveCfg = Debug|Win32
		{381212EA-3FF5-40DD-A666-8EE4D026B880}.DLL Debug - DLL Windows SSPI|x86.Build.0 = Debug|Win32
		{381212EA-3FF5-40DD-A666-8EE4D026B880}.DLL Debug - DLL wolfSSL|x64.ActiveCfg = Debug|x64
		{381212EA-3FF5-40DD-A666-8EE4D026B880}.DLL Debug - DLL wolfSSL|x64.Build.0 = Debug|x64
		{381212EA-3FF5-40DD-A666-8EE4D026B880}.DLL Debug - DLL wolfSSL|x86.ActiveCfg = Debug|Win32
		{381212EA-3FF5-40DD-A666-8EE4D026B880}.DLL Debug - DLL wolfSSL|x86.Build.0 = Debug|Win32
		{381212EA-3FF5-40DD-A666-8EE4D026B880}.DLL Debug|x64.ActiveCfg = Debug|x64
		{381212EA-3FF5-40DD-A666-8EE4D026B880}.DLL Debug|x64.Build.0 = Debug|x64
		{381212EA-3FF5-40DD-A666-8EE4D026B880}.DLL Debug|x86.ActiveCfg = Debug|Win32
		{381212EA-3FF5-40DD-A666-8EE4D026B880}.DLL Debug|x86.Build.0 = Debug|Win32
		{381212EA-3FF5-40DD-A666-8EE4D026B880}.DLL Release - DLL OpenSSL - DLL LibSSH2|x64.ActiveCfg = Release|x64
		{381212EA-3FF5-40DD-A666-8EE4D026B880}.DLL Release - DLL OpenSSL - DLL LibSSH2|x64.Build.0 = Release|x64
		{381212EA-3FF5-40DD-A666-8EE4D026B880}.DLL Release - DLL OpenSSL - DLL LibSSH2|x86.ActiveCfg = Release|Win32
		{381212EA-3FF5-40DD-A666-8EE4D026B880}.DLL Release - DLL OpenSSL - DLL LibSSH2|x86.Build.0 = Release|Win32
		{381212EA-3FF5-40DD-A666-8EE4D026B880}.DLL Release - DLL OpenSSL|x64.ActiveCfg = Release|x64
		{381212EA-3FF5-40DD-A666-8EE4D026B880}.DLL Release - DLL OpenSSL|x64.Build.0 = Release|x64
		{381212EA-3FF5-40DD-A666-8EE4D026B880}.DLL Release - DLL OpenSSL|x86.ActiveCfg = Release|Win32
		{381212EA-3FF5-40DD-A666-8EE4D026B880}.DLL Release - DLL OpenSSL|x86.Build.0 = Release|Win32
		{381212EA-3FF5-40DD-A666-8EE4D026B880}.DLL Release - DLL Windows SSPI - DLL WinIDN|x64.ActiveCfg = Release|x64
		{381212EA-3FF5-40DD-A666-8EE4D026B880}.DLL Release - DLL Windows SSPI - DLL WinIDN|x64.Build.0 = Release|x64
		{381212EA-3FF5-40DD-A666-8EE4D026B880}.DLL Release - DLL Windows SSPI - DLL WinIDN|x86.ActiveCfg = Release|Win32
		{381212EA-3FF5-40DD-A666-8EE4D026B880}.DLL Release - DLL Windows SSPI - DLL WinIDN|x86.Build.0 = Release|Win32
		{381212EA-3FF5-40DD-A666-8EE4D026B880}.DLL Release - DLL Windows SSPI|x64.ActiveCfg = Release|x64
		{381212EA-3FF5-40DD-A666-8EE4D026B880}.DLL Release - DLL Windows SSPI|x64.Build.0 = Release|x64
		{381212EA-3FF5-40DD-A666-8EE4D026B880}.DLL Release - DLL Windows SSPI|x86.ActiveCfg = Release|Win32
		{381212EA-3FF5-40DD-A666-8EE4D026B880}.DLL Release - DLL Windows SSPI|x86.Build.0 = Release|Win32
		{381212EA-3FF5-40DD-A666-8EE4D026B880}.DLL Release - DLL wolfSSL|x64.ActiveCfg = Release|x64
		{381212EA-3FF5-40DD-A666-8EE4D026B880}.DLL Release - DLL wolfSSL|x64.Build.0 = Release|x64
		{381212EA-3FF5-40DD-A666-8EE4D026B880}.DLL Release - DLL wolfSSL|x86.ActiveCfg = Release|Win32
		{381212EA-3FF5-40DD-A666-8EE4D026B880}.DLL Release - DLL wolfSSL|x86.Build.0 = Release|Win32
		{381212EA-3FF5-40DD-A666-8EE4D026B880}.DLL Release|x64.ActiveCfg = Release|x64
		{381212EA-3FF5-40DD-A666-8EE4D026B880}.DLL Release|x64.Build.0 = Release|x64
		{381212EA-3FF5-40DD-A666-8EE4D026B880}.DLL Release|x86.ActiveCfg = Release|Win32
		{381212EA-3FF5-40DD-A666-8EE4D026B880}.DLL Release|x86.Build.0 = Release|Win32
		{381212EA-3FF5-40DD-A666-8EE4D026B880}.LIB Debug - DLL OpenSSL - DLL LibSSH2|x64.ActiveCfg = Debug|x64
		{381212EA-3FF5-40DD-A666-8EE4D026B880}.LIB Debug - DLL OpenSSL - DLL LibSSH2|x64.Build.0 = Debug|x64
		{381212EA-3FF5-40DD-A666-8EE4D026B880}.LIB Debug - DLL OpenSSL - DLL LibSSH2|x86.ActiveCfg = Debug|Win32
		{381212EA-3FF5-40DD-A666-8EE4D026B880}.LIB Debug - DLL OpenSSL - DLL LibSSH2|x86.Build.0 = Debug|Win32
		{381212EA-3FF5-40DD-A666-8EE4D026B880}.LIB Debug - DLL OpenSSL|x64.ActiveCfg = Debug|x64
		{381212EA-3FF5-40DD-A666-8EE4D026B880}.LIB Debug - DLL OpenSSL|x64.Build.0 = Debug|x64
		{381212EA-3FF5-40DD-A666-8EE4D026B880}.LIB Debug - DLL OpenSSL|x86.ActiveCfg = Debug|Win32
		{381212EA-3FF5-40DD-A666-8EE4D026B880}.LIB Debug - DLL OpenSSL|x86.Build.0 = Debug|Win32
		{381212EA-3FF5-40DD-A666-8EE4D026B880}.LIB Debug - DLL Windows SSPI - DLL WinIDN|x64.ActiveCfg = Debug|x64
		{381212EA-3FF5-40DD-A666-8EE4D026B880}.LIB Debug - DLL Windows SSPI - DLL WinIDN|x64.Build.0 = Debug|x64
		{381212EA-3FF5-40DD-A666-8EE4D026B880}.LIB Debug - DLL Windows SSPI - DLL WinIDN|x86.ActiveCfg = Debug|Win32
		{381212EA-3FF5-40DD-A666-8EE4D026B880}.LIB Debug - DLL Windows SSPI - DLL WinIDN|x86.Build.0 = Debug|Win32
		{381212EA-3FF5-40DD-A666-8EE4D026B880}.LIB Debug - DLL Windows SSPI|x64.ActiveCfg = Debug|x64
		{381212EA-3FF5-40DD-A666-8EE4D026B880}.LIB Debug - DLL Windows SSPI|x64.Build.0 = Debug|x64
		{381212EA-3FF5-40DD-A666-8EE4D026B880}.LIB Debug - DLL Windows SSPI|x86.ActiveCfg = Debug|Win32
		{381212EA-3FF5-40DD-A666-8EE4D026B880}.LIB Debug - DLL Windows SSPI|x86.Build.0 = Debug|Win32
		{381212EA-3FF5-40DD-A666-8EE4D026B880}.LIB Debug - LIB OpenSSL - LIB LibSSH2|x64.ActiveCfg = Debug|x64
		{381212EA-3FF5-40DD-A666-8EE4D026B880}.LIB Debug - LIB OpenSSL - LIB LibSSH2|x64.Build.0 = Debug|x64
		{381212EA-3FF5-40DD-A666-8EE4D026B880}.LIB Debug - LIB OpenSSL - LIB LibSSH2|x86.ActiveCfg = Debug|Win32
		{381212EA-3FF5-40DD-A666-8EE4D026B880}.LIB Debug - LIB OpenSSL - LIB LibSSH2|x86.Build.0 = Debug|Win32
		{381212EA-3FF5-40DD-A666-8EE4D026B880}.LIB Debug - LIB OpenSSL|x64.ActiveCfg = Debug|x64
		{381212EA-3FF5-40DD-A666-8EE4D026B880}.LIB Debug - LIB OpenSSL|x64.Build.0 = Debug|x64
		{381212EA-3FF5-40DD-A666-8EE4D026B880}.LIB Debug - LIB OpenSSL|x86.ActiveCfg = Debug|Win32
		{381212EA-3FF5-40DD-A666-8EE4D026B880}.LIB Debug - LIB OpenSSL|x86.Build.0 = Debug|Win32
		{381212EA-3FF5-40DD-A666-8EE4D026B880}.LIB Debug - LIB wolfSSL|x64.ActiveCfg = Debug|x64
		{381212EA-3FF5-40DD-A666-8EE4D026B880}.LIB Debug - LIB wolfSSL|x64.Build.0 = Debug|x64
		{381212EA-3FF5-40DD-A666-8EE4D026B880}.LIB Debug - LIB wolfSSL|x86.ActiveCfg = Debug|Win32
		{381212EA-3FF5-40DD-A666-8EE4D026B880}.LIB Debug - LIB wolfSSL|x86.Build.0 = Debug|Win32
		{381212EA-3FF5-40DD-A666-8EE4D026B880}.LIB Debug|x64.ActiveCfg = Debug|x64
		{381212EA-3FF5-40DD-A666-8EE4D026B880}.LIB Debug|x64.Build.0 = Debug|x64
		{381212EA-3FF5-40DD-A666-8EE4D026B880}.LIB Debug|x86.ActiveCfg = Debug|Win32
		{381212EA-3FF5-40DD-A666-8EE4D026B880}.LIB Debug|x86.Build.0 = Debug|Win32
		{381212EA-3FF5-40DD-A666-8EE4D026B880}.LIB Release - DLL OpenSSL - DLL LibSSH2|x64.ActiveCfg = Release|x64
		{381212EA-3FF5-40DD-A666-8EE4D026B880}.LIB Release - DLL OpenSSL - DLL LibSSH2|x64.Build.0 = Release|x64
		{381212EA-3FF5-40DD-A666-8EE4D026B880}.LIB Release - DLL OpenSSL - DLL LibSSH2|x86.ActiveCfg = Release|Win32
		{381212EA-3FF5-40DD-A666-8EE4D026B880}.LIB Release - DLL OpenSSL - DLL LibSSH2|x86.Build.0 = Release|Win32
		{381212EA-3FF5-40DD-A666-8EE4D026B880}.LIB Release - DLL OpenSSL|x64.ActiveCfg = Release|x64
		{381212EA-3FF5-40DD-A666-8EE4D026B880}.LIB Release - DLL OpenSSL|x64.Build.0 = Release|x64
		{381212EA-3FF5-40DD-A666-8EE4D026B880}.LIB Release - DLL OpenSSL|x86.ActiveCfg = Release|Win32
		{381212EA-3FF5-40DD-A666-8EE4D026B880}.LIB Release - DLL OpenSSL|x86.Build.0 = Release|Win32
		{381212EA-3FF5-40DD-A666-8EE4D026B880}.LIB Release - DLL Windows SSPI - DLL WinIDN|x64.ActiveCfg = Release|x64
		{381212EA-3FF5-40DD-A666-8EE4D026B880}.LIB Release - DLL Windows SSPI - DLL WinIDN|x64.Build.0 = Release|x64
		{381212EA-3FF5-40DD-A666-8EE4D026B880}.LIB Release - DLL Windows SSPI - DLL WinIDN|x86.ActiveCfg = Release|Win32
		{381212EA-3FF5-40DD-A666-8EE4D026B880}.LIB Release - DLL Windows SSPI - DLL WinIDN|x86.Build.0 = Release|Win32
		{381212EA-3FF5-40DD-A666-8EE4D026B880}.LIB Release - DLL Windows SSPI|x64.ActiveCfg = Release|x64
		{381212EA-3FF5-40DD-A666-8EE4D026B880}.LIB Release - DLL Windows SSPI|x64.Build.0 = Release|x64
		{381212EA-3FF5-40DD-A666-8EE4D026B880}.LIB Release - DLL Windows SSPI|x86.ActiveCfg = Release|Win32
		{381212EA-3FF5-40DD-A666-8EE4D026B880}.LIB Release - DLL Windows SSPI|x86.Build.0 = Release|Win32
		{381212EA-3FF5-40DD-A666-8EE4D026B880}.LIB Release - LIB OpenSSL - LIB LibSSH2|x64.ActiveCfg = Release|x64
		{381212EA-3FF5-40DD-A666-8EE4D026B880}.LIB Release - LIB OpenSSL - LIB LibSSH2|x64.Build.0 = Release|x64
		{381212EA-3FF5-40DD-A666-8EE4D026B880}.LIB Release - LIB OpenSSL - LIB LibSSH2|x86.ActiveCfg = Release|Win32
		{381212EA-3FF5-40DD-A666-8EE4D026B880}.LIB Release - LIB OpenSSL - LIB LibSSH2|x86.Build.0 = Release|Win32
		{381212EA-3FF5-40DD-A666-8EE4D026B880}.LIB Release - LIB OpenSSL|x64.ActiveCfg = Release|x64
		{381212EA-3FF5-40DD-A666-8EE4D026B880}.LIB Release - LIB OpenSSL|x64.Build.0 = Release|x64
		{381212EA-3FF5-40DD-A666-8EE4D026B880}.LIB Release - LIB OpenSSL|x86.ActiveCfg = Release|Win32
		{381212EA-3FF5-40DD-A666-8EE4D026B880}.LIB Release - LIB OpenSSL|x86.Build.0 = Release|Win32
		{381212EA-3FF5-40DD-A666-8EE4D026B880}.LIB Release - LIB wolfSSL|x64.ActiveCfg = Release|x64
		{381212EA-3FF5-40DD-A666-8EE4D026B880}.LIB Release - LIB wolfSSL|x64.Build.0 = Release|x64
		{381212EA-3FF5-40DD-A666-8EE4D026B880}.LIB Release - LIB wolfSSL|x86.ActiveCfg = Release|Win32
		{381212EA-3FF5-40DD-A666-8EE4D026B880}.LIB Release - LIB wolfSSL|x86.Build.0 = Release|Win32
		{381212EA-3FF5-40DD-A666-8EE4D026B880}.LIB Release|x64.ActiveCfg = Release|x64
		{381212EA-3FF5-40DD-A666-8EE4D026B880}.LIB Release|x64.Build.0 = Release|x64
		{381212EA-3FF5-40DD-A666-8EE4D026B880}.LIB Release|x86.ActiveCfg = Release|Win32
		{381212EA-3FF5-40DD-A666-8EE4D026B880}.LIB Release|x86.Build.0 = Release|Win32
		{381212EA-3FF5-40DD-A666-8EE4D026B880}.Release|x64.ActiveCfg = GameRelease|x64
		{381212EA-3FF5-40DD-A666-8EE4D026B880}.Release|x64.Build.0 = GameRelease|x64
		{381212EA-3FF5-40DD-A666-8EE4D026B880}.Release|x86.ActiveCfg = Release|Win32
		{381212EA-3FF5-40DD-A666-8EE4D026B880}.Release|x86.Build.0 = Release|Win32
		{3F6F9ECC-C683-4520-A975-A5EFF6C33EC4}.Debug|x64.ActiveCfg = Debug|x64
		{3F6F9ECC-C683-4520-A975-A5EFF6C33EC4}.Debug|x64.Build.0 = Debug|x64
		{3F6F9ECC-C683-4520-A975-A5EFF6C33EC4}.Debug|x86.ActiveCfg = Debug|Win32
		{3F6F9ECC-C683-4520-A975-A5EFF6C33EC4}.Debug|x86.Build.0 = Debug|Win32
		{3F6F9ECC-C683-4520-A975-A5EFF6C33EC4}.DebugDevelop|x64.ActiveCfg = Debug|x64
		{3F6F9ECC-C683-4520-A975-A5EFF6C33EC4}.DebugDevelop|x64.Build.0 = Debug|x64
		{3F6F9ECC-C683-4520-A975-A5EFF6C33EC4}.DebugDevelop|x86.ActiveCfg = Debug|Win32
		{3F6F9ECC-C683-4520-A975-A5EFF6C33EC4}.DebugDevelop|x86.Build.0 = Debug|Win32
		{3F6F9ECC-C683-4520-A975-A5EFF6C33EC4}.DebugServer|x64.ActiveCfg = DebugServer|x64
		{3F6F9ECC-C683-4520-A975-A5EFF6C33EC4}.DebugServer|x64.Build.0 = DebugServer|x64
		{3F6F9ECC-C683-4520-A975-A5EFF6C33EC4}.DebugServer|x86.ActiveCfg = DebugServer|Win32
		{3F6F9ECC-C683-4520-A975-A5EFF6C33EC4}.DebugServer|x86.Build.0 = DebugServer|Win32
		{3F6F9ECC-C683-4520-A975-A5EFF6C33EC4}.DLL Debug - DLL OpenSSL - DLL LibSSH2|x64.ActiveCfg = Debug|x64
		{3F6F9ECC-C683-4520-A975-A5EFF6C33EC4}.DLL Debug - DLL OpenSSL - DLL LibSSH2|x64.Build.0 = Debug|x64
		{3F6F9ECC-C683-4520-A975-A5EFF6C33EC4}.DLL Debug - DLL OpenSSL - DLL LibSSH2|x86.ActiveCfg = Debug|Win32
		{3F6F9ECC-C683-4520-A975-A5EFF6C33EC4}.DLL Debug - DLL OpenSSL - DLL LibSSH2|x86.Build.0 = Debug|Win32
		{3F6F9ECC-C683-4520-A975-A5EFF6C33EC4}.DLL Debug - DLL OpenSSL|x64.ActiveCfg = Debug|x64
		{3F6F9ECC-C683-4520-A975-A5EFF6C33EC4}.DLL Debug - DLL OpenSSL|x64.Build.0 = Debug|x64
		{3F6F9ECC-C683-4520-A975-A5EFF6C33EC4}.DLL Debug - DLL OpenSSL|x86.ActiveCfg = Debug|Win32
		{3F6F9ECC-C683-4520-A975-A5EFF6C33EC4}.DLL Debug - DLL OpenSSL|x86.Build.0 = Debug|Win32
		{3F6F9ECC-C683-4520-A975-A5EFF6C33EC4}.DLL Debug - DLL Windows SSPI - DLL WinIDN|x64.ActiveCfg = Debug|x64
		{3F6F9ECC-C683-4520-A975-A5EFF6C33EC4}.DLL Debug - DLL Windows SSPI - DLL WinIDN|x64.Build.0 = Debug|x64
		{3F6F9ECC-C683-4520-A975-A5EFF6C33EC4}.DLL Debug - DLL Windows SSPI - DLL WinIDN|x86.ActiveCfg = Debug|Win32
		{3F6F9ECC-C683-4520-A975-A5EFF6C33EC4}.DLL Debug - DLL Windows SSPI - DLL WinIDN|x86.Build.0 = Debug|Win32
		{3F6F9ECC-C683-4520-A975-A5EFF6C33EC4}.DLL Debug - DLL Windows SSPI|x64.ActiveCfg = Debug|x64
		{3F6F9ECC-C683-4520-A975-A5EFF6C33EC4}.DLL Debug - DLL Windows SSPI|x64.Build.0 = Debug|x64
		{3F6F9ECC-C683-4520-A975-A5EFF6C33EC4}.DLL Debug - DLL Windows SSPI|x86.ActiveCfg = Debug|Win32
		{3F6F9ECC-C683-4520-A975-A5EFF6C33EC4}.DLL Debug - DLL Windows SSPI|x86.Build.0 = Debug|Win32
		{3F6F9ECC-C683-4520-A975-A5EFF6C33EC4}.DLL Debug - DLL wolfSSL|x64.ActiveCfg = Debug|x64
		{3F6F9ECC-C683-4520-A975-A5EFF6C33EC4}.DLL Debug - DLL wolfSSL|x64.Build.0 = Debug|x64
		{3F6F9ECC-C683-4520-A975-A5EFF6C33EC4}.DLL Debug - DLL wolfSSL|x86.ActiveCfg = Debug|Win32
		{3F6F9ECC-C683-4520-A975-A5EFF6C33EC4}.DLL Debug - DLL wolfSSL|x86.Build.0 = Debug|Win32
		{3F6F9ECC-C683-4520-A975-A5EFF6C33EC4}.DLL Debug|x64.ActiveCfg = Debug|x64
		{3F6F9ECC-C683-4520-A975-A5EFF6C33EC4}.DLL Debug|x64.Build.0 = Debug|x64
		{3F6F9ECC-C683-4520-A975-A5EFF6C33EC4}.DLL Debug|x86.ActiveCfg = Debug|Win32
		{3F6F9ECC-C683-4520-A975-A5EFF6C33EC4}.DLL Debug|x86.Build.0 = Debug|Win32
		{3F6F9ECC-C683-4520-A975-A5EFF6C33EC4}.DLL Release - DLL OpenSSL - DLL LibSSH2|x64.ActiveCfg = Release|x64
		{3F6F9ECC-C683-4520-A975-A5EFF6C33EC4}.DLL Release - DLL OpenSSL - DLL LibSSH2|x64.Build.0 = Release|x64
		{3F6F9ECC-C683-4520-A975-A5EFF6C33EC4}.DLL Release - DLL OpenSSL - DLL LibSSH2|x86.ActiveCfg = Release|Win32
		{3F6F9ECC-C683-4520-A975-A5EFF6C33EC4}.DLL Release - DLL OpenSSL - DLL LibSSH2|x86.Build.0 = Release|Win32
		{3F6F9ECC-C683-4520-A975-A5EFF6C33EC4}.DLL Release - DLL OpenSSL|x64.ActiveCfg = Release|x64
		{3F6F9ECC-C683-4520-A975-A5EFF6C33EC4}.DLL Release - DLL OpenSSL|x64.Build.0 = Release|x64
		{3F6F9ECC-C683-4520-A975-A5EFF6C33EC4}.DLL Release - DLL OpenSSL|x86.ActiveCfg = Release|Win32
		{3F6F9ECC-C683-4520-A975-A5EFF6C33EC4}.DLL Release - DLL OpenSSL|x86.Build.0 = Release|Win32
		{3F6F9ECC-C683-4520-A975-A5EFF6C33EC4}.DLL Release - DLL Windows SSPI - DLL WinIDN|x64.ActiveCfg = Release|x64
		{3F6F9ECC-C683-4520-A975-A5EFF6C33EC4}.DLL Release - DLL Windows SSPI - DLL WinIDN|x64.Build.0 = Release|x64
		{3F6F9ECC-C683-4520-A975-A5EFF6C33EC4}.DLL Release - DLL Windows SSPI - DLL WinIDN|x86.ActiveCfg = Release|Win32
		{3F6F9ECC-C683-4520-A975-A5EFF6C33EC4}.DLL Release - DLL Windows SSPI - DLL WinIDN|x86.Build.0 = Release|Win32
		{3F6F9ECC-C683-4520-A975-A5EFF6C33EC4}.DLL Release - DLL Windows SSPI|x64.ActiveCfg = Release|x64
		{3F6F9ECC-C683-4520-A975-A5EFF6C33EC4}.DLL Release - DLL Windows SSPI|x64.Build.0 = Release|x64
		{3F6F9ECC-C683-4520-A975-A5EFF6C33EC4}.DLL Release - DLL Windows SSPI|x86.ActiveCfg = Release|Win32
		{3F6F9ECC-C683-4520-A975-A5EFF6C33EC4}.DLL Release - DLL Windows SSPI|x86.Build.0 = Release|Win32
		{3F6F9ECC-C683-4520-A975-A5EFF6C33EC4}.DLL Release - DLL wolfSSL|x64.ActiveCfg = Release|x64
		{3F6F9ECC-C683-4520-A975-A5EFF6C33EC4}.DLL Release - DLL wolfSSL|x64.Build.0 = Release|x64
		{3F6F9ECC-C683-4520-A975-A5EFF6C33EC4}.DLL Release - DLL wolfSSL|x86.ActiveCfg = Release|Win32
		{3F6F9ECC-C683-4520-A975-A5EFF6C33EC4}.DLL Release - DLL wolfSSL|x86.Build.0 = Release|Win32
		{3F6F9ECC-C683-4520-A975-A5EFF6C33EC4}.DLL Release|x64.ActiveCfg = Release|x64
		{3F6F9ECC-C683-4520-A975-A5EFF6C33EC4}.DLL Release|x64.Build.0 = Release|x64
		{3F6F9ECC-C683-4520-A975-A5EFF6C33EC4}.DLL Release|x86.ActiveCfg = Release|Win32
		{3F6F9ECC-C683-4520-A975-A5EFF6C33EC4}.DLL Release|x86.Build.0 = Release|Win32
		{3F6F9ECC-C683-4520-A975-A5EFF6C33EC4}.LIB Debug - DLL OpenSSL - DLL LibSSH2|x64.ActiveCfg = Debug|x64
		{3F6F9ECC-C683-4520-A975-A5EFF6C33EC4}.LIB Debug - DLL OpenSSL - DLL LibSSH2|x64.Build.0 = Debug|x64
		{3F6F9ECC-C683-4520-A975-A5EFF6C33EC4}.LIB Debug - DLL OpenSSL - DLL LibSSH2|x86.ActiveCfg = Debug|Win32
		{3F6F9ECC-C683-4520-A975-A5EFF6C33EC4}.LIB Debug - DLL OpenSSL - DLL LibSSH2|x86.Build.0 = Debug|Win32
		{3F6F9ECC-C683-4520-A975-A5EFF6C33EC4}.LIB Debug - DLL OpenSSL|x64.ActiveCfg = Debug|x64
		{3F6F9ECC-C683-4520-A975-A5EFF6C33EC4}.LIB Debug - DLL OpenSSL|x64.Build.0 = Debug|x64
		{3F6F9ECC-C683-4520-A975-A5EFF6C33EC4}.LIB Debug - DLL OpenSSL|x86.ActiveCfg = Debug|Win32
		{3F6F9ECC-C683-4520-A975-A5EFF6C33EC4}.LIB Debug - DLL OpenSSL|x86.Build.0 = Debug|Win32
		{3F6F9ECC-C683-4520-A975-A5EFF6C33EC4}.LIB Debug - DLL Windows SSPI - DLL WinIDN|x64.ActiveCfg = Debug|x64
		{3F6F9ECC-C683-4520-A975-A5EFF6C33EC4}.LIB Debug - DLL Windows SSPI - DLL WinIDN|x64.Build.0 = Debug|x64
		{3F6F9ECC-C683-4520-A975-A5EFF6C33EC4}.LIB Debug - DLL Windows SSPI - DLL WinIDN|x86.ActiveCfg = Debug|Win32
		{3F6F9ECC-C683-4520-A975-A5EFF6C33EC4}.LIB Debug - DLL Windows SSPI - DLL WinIDN|x86.Build.0 = Debug|Win32
		{3F6F9ECC-C683-4520-A975-A5EFF6C33EC4}.LIB Debug - DLL Windows SSPI|x64.ActiveCfg = Debug|x64
		{3F6F9ECC-C683-4520-A975-A5EFF6C33EC4}.LIB Debug - DLL Windows SSPI|x64.Build.0 = Debug|x64
		{3F6F9ECC-C683-4520-A975-A5EFF6C33EC4}.LIB Debug - DLL Windows SSPI|x86.ActiveCfg = Debug|Win32
		{3F6F9ECC-C683-4520-A975-A5EFF6C33EC4}.LIB Debug - DLL Windows SSPI|x86.Build.0 = Debug|Win32
		{3F6F9ECC-C683-4520-A975-A5EFF6C33EC4}.LIB Debug - LIB OpenSSL - LIB LibSSH2|x64.ActiveCfg = Debug|x64
		{3F6F9ECC-C683-4520-A975-A5EFF6C33EC4}.LIB Debug - LIB OpenSSL - LIB LibSSH2|x64.Build.0 = Debug|x64
		{3F6F9ECC-C683-4520-A975-A5EFF6C33EC4}.LIB Debug - LIB OpenSSL - LIB LibSSH2|x86.ActiveCfg = Debug|Win32
		{3F6F9ECC-C683-4520-A975-A5EFF6C33EC4}.LIB Debug - LIB OpenSSL - LIB LibSSH2|x86.Build.0 = Debug|Win32
		{3F6F9ECC-C683-4520-A975-A5EFF6C33EC4}.LIB Debug - LIB OpenSSL|x64.ActiveCfg = Debug|x64
		{3F6F9ECC-C683-4520-A975-A5EFF6C33EC4}.LIB Debug - LIB OpenSSL|x64.Build.0 = Debug|x64
		{3F6F9ECC-C683-4520-A975-A5EFF6C33EC4}.LIB Debug - LIB OpenSSL|x86.ActiveCfg = Debug|Win32
		{3F6F9ECC-C683-4520-A975-A5EFF6C33EC4}.LIB Debug - LIB OpenSSL|x86.Build.0 = Debug|Win32
		{3F6F9ECC-C683-4520-A975-A5EFF6C33EC4}.LIB Debug - LIB wolfSSL|x64.ActiveCfg = Debug|x64
		{3F6F9ECC-C683-4520-A975-A5EFF6C33EC4}.LIB Debug - LIB wolfSSL|x64.Build.0 = Debug|x64
		{3F6F9ECC-C683-4520-A975-A5EFF6C33EC4}.LIB Debug - LIB wolfSSL|x86.ActiveCfg = Debug|Win32
		{3F6F9ECC-C683-4520-A975-A5EFF6C33EC4}.LIB Debug - LIB wolfSSL|x86.Build.0 = Debug|Win32
		{3F6F9ECC-C683-4520-A975-A5EFF6C33EC4}.LIB Debug|x64.ActiveCfg = Debug|x64
		{3F6F9ECC-C683-4520-A975-A5EFF6C33EC4}.LIB Debug|x64.Build.0 = Debug|x64
		{3F6F9ECC-C683-4520-A975-A5EFF6C33EC4}.LIB Debug|x86.ActiveCfg = Debug|Win32
		{3F6F9ECC-C683-4520-A975-A5EFF6C33EC4}.LIB Debug|x86.Build.0 = Debug|Win32
		{3F6F9ECC-C683-4520-A975-A5EFF6C33EC4}.LIB Release - DLL OpenSSL - DLL LibSSH2|x64.ActiveCfg = Release|x64
		{3F6F9ECC-C683-4520-A975-A5EFF6C33EC4}.LIB Release - DLL OpenSSL - DLL LibSSH2|x64.Build.0 = Release|x64
		{3F6F9ECC-C683-4520-A975-A5EFF6C33EC4}.LIB Release - DLL OpenSSL - DLL LibSSH2|x86.ActiveCfg = Release|Win32
		{3F6F9ECC-C683-4520-A975-A5EFF6C33EC4}.LIB Release - DLL OpenSSL - DLL LibSSH2|x86.Build.0 = Release|Win32
		{3F6F9ECC-C683-4520-A975-A5EFF6C33EC4}.LIB Release - DLL OpenSSL|x64.ActiveCfg = Release|x64
		{3F6F9ECC-C683-4520-A975-A5EFF6C33EC4}.LIB Release - DLL OpenSSL|x64.Build.0 = Release|x64
		{3F6F9ECC-C683-4520-A975-A5EFF6C33EC4}.LIB Release - DLL OpenSSL|x86.ActiveCfg = Release|Win32
		{3F6F9ECC-C683-4520-A975-A5EFF6C33EC4}.LIB Release - DLL OpenSSL|x86.Build.0 = Release|Win32
		{3F6F9ECC-C683-4520-A975-A5EFF6C33EC4}.LIB Release - DLL Windows SSPI - DLL WinIDN|x64.ActiveCfg = Release|x64
		{3F6F9ECC-C683-4520-A975-A5EFF6C33EC4}.LIB Release - DLL Windows SSPI - DLL WinIDN|x64.Build.0 = Release|x64
		{3F6F9ECC-C683-4520-A975-A5EFF6C33EC4}.LIB Release - DLL Windows SSPI - DLL WinIDN|x86.ActiveCfg = Release|Win32
		{3F6F9ECC-C683-4520-A975-A5EFF6C33EC4}.LIB Release - DLL Windows SSPI - DLL WinIDN|x86.Build.0 = Release|Win32
		{3F6F9ECC-C683-4520-A975-A5EFF6C33EC4}.LIB Release - DLL Windows SSPI|x64.ActiveCfg = Release|x64
		{3F6F9ECC-C683-4520-A975-A5EFF6C33EC4}.LIB Release - DLL Windows SSPI|x64.Build.0 = Release|x64
		{3F6F9ECC-C683-4520-A975-A5EFF6C33EC4}.LIB Release - DLL Windows SSPI|x86.ActiveCfg = Release|Win32
		{3F6F9ECC-C683-4520-A975-A5EFF6C33EC4}.LIB Release - DLL Windows SSPI|x86.Build.0 = Release|Win32
		{3F6F9ECC-C683-4520-A975-A5EFF6C33EC4}.LIB Release - LIB OpenSSL - LIB LibSSH2|x64.ActiveCfg = Release|x64
		{3F6F9ECC-C683-4520-A975-A5EFF6C33EC4}.LIB Release - LIB OpenSSL - LIB LibSSH2|x64.Build.0 = Release|x64
		{3F6F9ECC-C683-4520-A975-A5EFF6C33EC4}.LIB Release - LIB OpenSSL - LIB LibSSH2|x86.ActiveCfg = Release|Win32
		{3F6F9ECC-C683-4520-A975-A5EFF6C33EC4}.LIB Release - LIB OpenSSL - LIB LibSSH2|x86.Build.0 = Release|Win32
		{3F6F9ECC-C683-4520-A975-A5EFF6C33EC4}.LIB Release - LIB OpenSSL|x64.ActiveCfg = Release|x64
		{3F6F9ECC-C683-4520-A975-A5EFF6C33EC4}.LIB Release - LIB OpenSSL|x64.Build.0 = Release|x64
		{3F6F9ECC-C683-4520-A975-A5EFF6C33EC4}.LIB Release - LIB OpenSSL|x86.ActiveCfg = Release|Win32
		{3F6F9ECC-C683-4520-A975-A5EFF6C33EC4}.LIB Release - LIB OpenSSL|x86.Build.0 = Release|Win32
		{3F6F9ECC-C683-4520-A975-A5EFF6C33EC4}.LIB Release - LIB wolfSSL|x64.ActiveCfg = Release|x64
		{3F6F9ECC-C683-4520-A975-A5EFF6C33EC4}.LIB Release - LIB wolfSSL|x64.Build.0 = Release|x64
		{3F6F9ECC-C683-4520-A975-A5EFF6C33EC4}.LIB Release - LIB wolfSSL|x86.ActiveCfg = Release|Win32
		{3F6F9ECC-C683-4520-A975-A5EFF6C33EC4}.LIB Release - LIB wolfSSL|x86.Build.0 = Release|Win32
		{3F6F9ECC-C683-4520-A975-A5EFF6C33EC4}.LIB Release|x64.ActiveCfg = Release|x64
		{3F6F9ECC-C683-4520-A975-A5EFF6C33EC4}.LIB Release|x64.Build.0 = Release|x64
		{3F6F9ECC-C683-4520-A975-A5EFF6C33EC4}.LIB Release|x86.ActiveCfg = Release|Win32
		{3F6F9ECC-C683-4520-A975-A5EFF6C33EC4}.LIB Release|x86.Build.0 = Release|Win32
		{3F6F9ECC-C683-4520-A975-A5EFF6C33EC4}.Release|x64.ActiveCfg = GameRelease|x64
		{3F6F9ECC-C683-4520-A975-A5EFF6C33EC4}.Release|x64.Build.0 = GameRelease|x64
		{3F6F9ECC-C683-4520-A975-A5EFF6C33EC4}.Release|x86.ActiveCfg = Release|Win32
		{3F6F9ECC-C683-4520-A975-A5EFF6C33EC4}.Release|x86.Build.0 = Release|Win32
		{169F7DBF-3C7D-411E-9DDE-CDC062A57EB0}.Debug|x64.ActiveCfg = Debug|x64
		{169F7DBF-3C7D-411E-9DDE-CDC062A57EB0}.Debug|x64.Build.0 = Debug|x64
		{169F7DBF-3C7D-411E-9DDE-CDC062A57EB0}.Debug|x86.ActiveCfg = Debug|Win32
		{169F7DBF-3C7D-411E-9DDE-CDC062A57EB0}.Debug|x86.Build.0 = Debug|Win32
		{169F7DBF-3C7D-411E-9DDE-CDC062A57EB0}.DebugDevelop|x64.ActiveCfg = Debug|x64
		{169F7DBF-3C7D-411E-9DDE-CDC062A57EB0}.DebugDevelop|x64.Build.0 = Debug|x64
		{169F7DBF-3C7D-411E-9DDE-CDC062A57EB0}.DebugDevelop|x86.ActiveCfg = Debug|Win32
		{169F7DBF-3C7D-411E-9DDE-CDC062A57EB0}.DebugDevelop|x86.Build.0 = Debug|Win32
		{169F7DBF-3C7D-411E-9DDE-CDC062A57EB0}.DebugServer|x64.ActiveCfg = DebugServer|x64
		{169F7DBF-3C7D-411E-9DDE-CDC062A57EB0}.DebugServer|x64.Build.0 = DebugServer|x64
		{169F7DBF-3C7D-411E-9DDE-CDC062A57EB0}.DebugServer|x86.ActiveCfg = DebugServer|Win32
		{169F7DBF-3C7D-411E-9DDE-CDC062A57EB0}.DebugServer|x86.Build.0 = DebugServer|Win32
		{169F7DBF-3C7D-411E-9DDE-CDC062A57EB0}.DLL Debug - DLL OpenSSL - DLL LibSSH2|x64.ActiveCfg = Debug|x64
		{169F7DBF-3C7D-411E-9DDE-CDC062A57EB0}.DLL Debug - DLL OpenSSL - DLL LibSSH2|x64.Build.0 = Debug|x64
		{169F7DBF-3C7D-411E-9DDE-CDC062A57EB0}.DLL Debug - DLL OpenSSL - DLL LibSSH2|x86.ActiveCfg = Debug|Win32
		{169F7DBF-3C7D-411E-9DDE-CDC062A57EB0}.DLL Debug - DLL OpenSSL - DLL LibSSH2|x86.Build.0 = Debug|Win32
		{169F7DBF-3C7D-411E-9DDE-CDC062A57EB0}.DLL Debug - DLL OpenSSL|x64.ActiveCfg = Debug|x64
		{169F7DBF-3C7D-411E-9DDE-CDC062A57EB0}.DLL Debug - DLL OpenSSL|x64.Build.0 = Debug|x64
		{169F7DBF-3C7D-411E-9DDE-CDC062A57EB0}.DLL Debug - DLL OpenSSL|x86.ActiveCfg = Debug|Win32
		{169F7DBF-3C7D-411E-9DDE-CDC062A57EB0}.DLL Debug - DLL OpenSSL|x86.Build.0 = Debug|Win32
		{169F7DBF-3C7D-411E-9DDE-CDC062A57EB0}.DLL Debug - DLL Windows SSPI - DLL WinIDN|x64.ActiveCfg = Debug|x64
		{169F7DBF-3C7D-411E-9DDE-CDC062A57EB0}.DLL Debug - DLL Windows SSPI - DLL WinIDN|x64.Build.0 = Debug|x64
		{169F7DBF-3C7D-411E-9DDE-CDC062A57EB0}.DLL Debug - DLL Windows SSPI - DLL WinIDN|x86.ActiveCfg = Debug|Win32
		{169F7DBF-3C7D-411E-9DDE-CDC062A57EB0}.DLL Debug - DLL Windows SSPI - DLL WinIDN|x86.Build.0 = Debug|Win32
		{169F7DBF-3C7D-411E-9DDE-CDC062A57EB0}.DLL Debug - DLL Windows SSPI|x64.ActiveCfg = Debug|x64
		{169F7DBF-3C7D-411E-9DDE-CDC062A57EB0}.DLL Debug - DLL Windows SSPI|x64.Build.0 = Debug|x64
		{169F7DBF-3C7D-411E-9DDE-CDC062A57EB0}.DLL Debug - DLL Windows SSPI|x86.ActiveCfg = Debug|Win32
		{169F7DBF-3C7D-411E-9DDE-CDC062A57EB0}.DLL Debug - DLL Windows SSPI|x86.Build.0 = Debug|Win32
		{169F7DBF-3C7D-411E-9DDE-CDC062A57EB0}.DLL Debug - DLL wolfSSL|x64.ActiveCfg = Debug|x64
		{169F7DBF-3C7D-411E-9DDE-CDC062A57EB0}.DLL Debug - DLL wolfSSL|x64.Build.0 = Debug|x64
		{169F7DBF-3C7D-411E-9DDE-CDC062A57EB0}.DLL Debug - DLL wolfSSL|x86.ActiveCfg = Debug|Win32
		{169F7DBF-3C7D-411E-9DDE-CDC062A57EB0}.DLL Debug - DLL wolfSSL|x86.Build.0 = Debug|Win32
		{169F7DBF-3C7D-411E-9DDE-CDC062A57EB0}.DLL Debug|x64.ActiveCfg = Debug|x64
		{169F7DBF-3C7D-411E-9DDE-CDC062A57EB0}.DLL Debug|x64.Build.0 = Debug|x64
		{169F7DBF-3C7D-411E-9DDE-CDC062A57EB0}.DLL Debug|x86.ActiveCfg = Debug|Win32
		{169F7DBF-3C7D-411E-9DDE-CDC062A57EB0}.DLL Debug|x86.Build.0 = Debug|Win32
		{169F7DBF-3C7D-411E-9DDE-CDC062A57EB0}.DLL Release - DLL OpenSSL - DLL LibSSH2|x64.ActiveCfg = Release|x64
		{169F7DBF-3C7D-411E-9DDE-CDC062A57EB0}.DLL Release - DLL OpenSSL - DLL LibSSH2|x64.Build.0 = Release|x64
		{169F7DBF-3C7D-411E-9DDE-CDC062A57EB0}.DLL Release - DLL OpenSSL - DLL LibSSH2|x86.ActiveCfg = Release|Win32
		{169F7DBF-3C7D-411E-9DDE-CDC062A57EB0}.DLL Release - DLL OpenSSL - DLL LibSSH2|x86.Build.0 = Release|Win32
		{169F7DBF-3C7D-411E-9DDE-CDC062A57EB0}.DLL Release - DLL OpenSSL|x64.ActiveCfg = Release|x64
		{169F7DBF-3C7D-411E-9DDE-CDC062A57EB0}.DLL Release - DLL OpenSSL|x64.Build.0 = Release|x64
		{169F7DBF-3C7D-411E-9DDE-CDC062A57EB0}.DLL Release - DLL OpenSSL|x86.ActiveCfg = Release|Win32
		{169F7DBF-3C7D-411E-9DDE-CDC062A57EB0}.DLL Release - DLL OpenSSL|x86.Build.0 = Release|Win32
		{169F7DBF-3C7D-411E-9DDE-CDC062A57EB0}.DLL Release - DLL Windows SSPI - DLL WinIDN|x64.ActiveCfg = Release|x64
		{169F7DBF-3C7D-411E-9DDE-CDC062A57EB0}.DLL Release - DLL Windows SSPI - DLL WinIDN|x64.Build.0 = Release|x64
		{169F7DBF-3C7D-411E-9DDE-CDC062A57EB0}.DLL Release - DLL Windows SSPI - DLL WinIDN|x86.ActiveCfg = Release|Win32
		{169F7DBF-3C7D-411E-9DDE-CDC062A57EB0}.DLL Release - DLL Windows SSPI - DLL WinIDN|x86.Build.0 = Release|Win32
		{169F7DBF-3C7D-411E-9DDE-CDC062A57EB0}.DLL Release - DLL Windows SSPI|x64.ActiveCfg = Release|x64
		{169F7DBF-3C7D-411E-9DDE-CDC062A57EB0}.DLL Release - DLL Windows SSPI|x64.Build.0 = Release|x64
		{169F7DBF-3C7D-411E-9DDE-CDC062A57EB0}.DLL Release - DLL Windows SSPI|x86.ActiveCfg = Release|Win32
		{169F7DBF-3C7D-411E-9DDE-CDC062A57EB0}.DLL Release - DLL Windows SSPI|x86.Build.0 = Release|Win32
		{169F7DBF-3C7D-411E-9DDE-CDC062A57EB0}.DLL Release - DLL wolfSSL|x64.ActiveCfg = Release|x64
		{169F7DBF-3C7D-411E-9DDE-CDC062A57EB0}.DLL Release - DLL wolfSSL|x64.Build.0 = Release|x64
		{169F7DBF-3C7D-411E-9DDE-CDC062A57EB0}.DLL Release - DLL wolfSSL|x86.ActiveCfg = Release|Win32
		{169F7DBF-3C7D-411E-9DDE-CDC062A57EB0}.DLL Release - DLL wolfSSL|x86.Build.0 = Release|Win32
		{169F7DBF-3C7D-411E-9DDE-CDC062A57EB0}.DLL Release|x64.ActiveCfg = Release|x64
		{169F7DBF-3C7D-411E-9DDE-CDC062A57EB0}.DLL Release|x64.Build.0 = Release|x64
		{169F7DBF-3C7D-411E-9DDE-CDC062A57EB0}.DLL Release|x86.ActiveCfg = Release|Win32
		{169F7DBF-3C7D-411E-9DDE-CDC062A57EB0}.DLL Release|x86.Build.0 = Release|Win32
		{169F7DBF-3C7D-411E-9DDE-CDC062A57EB0}.LIB Debug - DLL OpenSSL - DLL LibSSH2|x64.ActiveCfg = Debug|x64
		{169F7DBF-3C7D-411E-9DDE-CDC062A57EB0}.LIB Debug - DLL OpenSSL - DLL LibSSH2|x64.Build.0 = Debug|x64
		{169F7DBF-3C7D-411E-9DDE-CDC062A57EB0}.LIB Debug - DLL OpenSSL - DLL LibSSH2|x86.ActiveCfg = Debug|Win32
		{169F7DBF-3C7D-411E-9DDE-CDC062A57EB0}.LIB Debug - DLL OpenSSL - DLL LibSSH2|x86.Build.0 = Debug|Win32
		{169F7DBF-3C7D-411E-9DDE-CDC062A57EB0}.LIB Debug - DLL OpenSSL|x64.ActiveCfg = Debug|x64
		{169F7DBF-3C7D-411E-9DDE-CDC062A57EB0}.LIB Debug - DLL OpenSSL|x64.Build.0 = Debug|x64
		{169F7DBF-3C7D-411E-9DDE-CDC062A57EB0}.LIB Debug - DLL OpenSSL|x86.ActiveCfg = Debug|Win32
		{169F7DBF-3C7D-411E-9DDE-CDC062A57EB0}.LIB Debug - DLL OpenSSL|x86.Build.0 = Debug|Win32
		{169F7DBF-3C7D-411E-9DDE-CDC062A57EB0}.LIB Debug - DLL Windows SSPI - DLL WinIDN|x64.ActiveCfg = Debug|x64
		{169F7DBF-3C7D-411E-9DDE-CDC062A57EB0}.LIB Debug - DLL Windows SSPI - DLL WinIDN|x64.Build.0 = Debug|x64
		{169F7DBF-3C7D-411E-9DDE-CDC062A57EB0}.LIB Debug - DLL Windows SSPI - DLL WinIDN|x86.ActiveCfg = Debug|Win32
		{169F7DBF-3C7D-411E-9DDE-CDC062A57EB0}.LIB Debug - DLL Windows SSPI - DLL WinIDN|x86.Build.0 = Debug|Win32
		{169F7DBF-3C7D-411E-9DDE-CDC062A57EB0}.LIB Debug - DLL Windows SSPI|x64.ActiveCfg = Debug|x64
		{169F7DBF-3C7D-411E-9DDE-CDC062A57EB0}.LIB Debug - DLL Windows SSPI|x64.Build.0 = Debug|x64
		{169F7DBF-3C7D-411E-9DDE-CDC062A57EB0}.LIB Debug - DLL Windows SSPI|x86.ActiveCfg = Debug|Win32
		{169F7DBF-3C7D-411E-9DDE-CDC062A57EB0}.LIB Debug - DLL Windows SSPI|x86.Build.0 = Debug|Win32
		{169F7DBF-3C7D-411E-9DDE-CDC062A57EB0}.LIB Debug - LIB OpenSSL - LIB LibSSH2|x64.ActiveCfg = Debug|x64
		{169F7DBF-3C7D-411E-9DDE-CDC062A57EB0}.LIB Debug - LIB OpenSSL - LIB LibSSH2|x64.Build.0 = Debug|x64
		{169F7DBF-3C7D-411E-9DDE-CDC062A57EB0}.LIB Debug - LIB OpenSSL - LIB LibSSH2|x86.ActiveCfg = Debug|Win32
		{169F7DBF-3C7D-411E-9DDE-CDC062A57EB0}.LIB Debug - LIB OpenSSL - LIB LibSSH2|x86.Build.0 = Debug|Win32
		{169F7DBF-3C7D-411E-9DDE-CDC062A57EB0}.LIB Debug - LIB OpenSSL|x64.ActiveCfg = Debug|x64
		{169F7DBF-3C7D-411E-9DDE-CDC062A57EB0}.LIB Debug - LIB OpenSSL|x64.Build.0 = Debug|x64
		{169F7DBF-3C7D-411E-9DDE-CDC062A57EB0}.LIB Debug - LIB OpenSSL|x86.ActiveCfg = Debug|Win32
		{169F7DBF-3C7D-411E-9DDE-CDC062A57EB0}.LIB Debug - LIB OpenSSL|x86.Build.0 = Debug|Win32
		{169F7DBF-3C7D-411E-9DDE-CDC062A57EB0}.LIB Debug - LIB wolfSSL|x64.ActiveCfg = Debug|x64
		{169F7DBF-3C7D-411E-9DDE-CDC062A57EB0}.LIB Debug - LIB wolfSSL|x64.Build.0 = Debug|x64
		{169F7DBF-3C7D-411E-9DDE-CDC062A57EB0}.LIB Debug - LIB wolfSSL|x86.ActiveCfg = Debug|Win32
		{169F7DBF-3C7D-411E-9DDE-CDC062A57EB0}.LIB Debug - LIB wolfSSL|x86.Build.0 = Debug|Win32
		{169F7DBF-3C7D-411E-9DDE-CDC062A57EB0}.LIB Debug|x64.ActiveCfg = Debug|x64
		{169F7DBF-3C7D-411E-9DDE-CDC062A57EB0}.LIB Debug|x64.Build.0 = Debug|x64
		{169F7DBF-3C7D-411E-9DDE-CDC062A57EB0}.LIB Debug|x86.ActiveCfg = Debug|Win32
		{169F7DBF-3C7D-411E-9DDE-CDC062A57EB0}.LIB Debug|x86.Build.0 = Debug|Win32
		{169F7DBF-3C7D-411E-9DDE-CDC062A57EB0}.LIB Release - DLL OpenSSL - DLL LibSSH2|x64.ActiveCfg = Release|x64
		{169F7DBF-3C7D-411E-9DDE-CDC062A57EB0}.LIB Release - DLL OpenSSL - DLL LibSSH2|x64.Build.0 = Release|x64
		{169F7DBF-3C7D-411E-9DDE-CDC062A57EB0}.LIB Release - DLL OpenSSL - DLL LibSSH2|x86.ActiveCfg = Release|Win32
		{169F7DBF-3C7D-411E-9DDE-CDC062A57EB0}.LIB Release - DLL OpenSSL - DLL LibSSH2|x86.Build.0 = Release|Win32
		{169F7DBF-3C7D-411E-9DDE-CDC062A57EB0}.LIB Release - DLL OpenSSL|x64.ActiveCfg = Release|x64
		{169F7DBF-3C7D-411E-9DDE-CDC062A57EB0}.LIB Release - DLL OpenSSL|x64.Build.0 = Release|x64
		{169F7DBF-3C7D-411E-9DDE-CDC062A57EB0}.LIB Release - DLL OpenSSL|x86.ActiveCfg = Release|Win32
		{169F7DBF-3C7D-411E-9DDE-CDC062A57EB0}.LIB Release - DLL OpenSSL|x86.Build.0 = Release|Win32
		{169F7DBF-3C7D-411E-9DDE-CDC062A57EB0}.LIB Release - DLL Windows SSPI - DLL WinIDN|x64.ActiveCfg = Release|x64
		{169F7DBF-3C7D-411E-9DDE-CDC062A57EB0}.LIB Release - DLL Windows SSPI - DLL WinIDN|x64.Build.0 = Release|x64
		{169F7DBF-3C7D-411E-9DDE-CDC062A57EB0}.LIB Release - DLL Windows SSPI - DLL WinIDN|x86.ActiveCfg = Release|Win32
		{169F7DBF-3C7D-411E-9DDE-CDC062A57EB0}.LIB Release - DLL Windows SSPI - DLL WinIDN|x86.Build.0 = Release|Win32
		{169F7DBF-3C7D-411E-9DDE-CDC062A57EB0}.LIB Release - DLL Windows SSPI|x64.ActiveCfg = Release|x64
		{169F7DBF-3C7D-411E-9DDE-CDC062A57EB0}.LIB Release - DLL Windows SSPI|x64.Build.0 = Release|x64
		{169F7DBF-3C7D-411E-9DDE-CDC062A57EB0}.LIB Release - DLL Windows SSPI|x86.ActiveCfg = Release|Win32
		{169F7DBF-3C7D-411E-9DDE-CDC062A57EB0}.LIB Release - DLL Windows SSPI|x86.Build.0 = Release|Win32
		{169F7DBF-3C7D-411E-9DDE-CDC062A57EB0}.LIB Release - LIB OpenSSL - LIB LibSSH2|x64.ActiveCfg = Release|x64
		{169F7DBF-3C7D-411E-9DDE-CDC062A57EB0}.LIB Release - LIB OpenSSL - LIB LibSSH2|x64.Build.0 = Release|x64
		{169F7DBF-3C7D-411E-9DDE-CDC062A57EB0}.LIB Release - LIB OpenSSL - LIB LibSSH2|x86.ActiveCfg = Release|Win32
		{169F7DBF-3C7D-411E-9DDE-CDC062A57EB0}.LIB Release - LIB OpenSSL - LIB LibSSH2|x86.Build.0 = Release|Win32
		{169F7DBF-3C7D-411E-9DDE-CDC062A57EB0}.LIB Release - LIB OpenSSL|x64.ActiveCfg = Release|x64
		{169F7DBF-3C7D-411E-9DDE-CDC062A57EB0}.LIB Release - LIB OpenSSL|x64.Build.0 = Release|x64
		{169F7DBF-3C7D-411E-9DDE-CDC062A57EB0}.LIB Release - LIB OpenSSL|x86.ActiveCfg = Release|Win32
		{169F7DBF-3C7D-411E-9DDE-CDC062A57EB0}.LIB Release - LIB OpenSSL|x86.Build.0 = Release|Win32
		{169F7DBF-3C7D-411E-9DDE-CDC062A57EB0}.LIB Release - LIB wolfSSL|x64.ActiveCfg = Release|x64
		{169F7DBF-3C7D-411E-9DDE-CDC062A57EB0}.LIB Release - LIB wolfSSL|x64.Build.0 = Release|x64
		{169F7DBF-3C7D-411E-9DDE-CDC062A57EB0}.LIB Release - LIB wolfSSL|x86.ActiveCfg = Release|Win32
		{169F7DBF-3C7D-411E-9DDE-CDC062A57EB0}.LIB Release - LIB wolfSSL|x86.Build.0 = Release|Win32
		{169F7DBF-3C7D-411E-9DDE-CDC062A57EB0}.LIB Release|x64.ActiveCfg = Release|x64
		{169F7DBF-3C7D-411E-9DDE-CDC062A57EB0}.LIB Release|x64.Build.0 = Release|x64
		{169F7DBF-3C7D-411E-9DDE-CDC062A57EB0}.LIB Release|x86.ActiveCfg = Release|Win32
		{169F7DBF-3C7D-411E-9DDE-CDC062A57EB0}.LIB Release|x86.Build.0 = Release|Win32
		{169F7DBF-3C7D-411E-9DDE-CDC062A57EB0}.Release|x64.ActiveCfg = GameRelease|x64
		{169F7DBF-3C7D-411E-9DDE-CDC062A57EB0}.Release|x64.Build.0 = GameRelease|x64
		{169F7DBF-3C7D-411E-9DDE-CDC062A57EB0}.Release|x86.ActiveCfg = Release|Win32
		{169F7DBF-3C7D-411E-9DDE-CDC062A57EB0}.Release|x86.Build.0 = Release|Win32
		{DA6F56B4-06A4-441D-AD70-AC5A7D51FADB}.Debug|x64.ActiveCfg = DebugServer|x64
		{DA6F56B4-06A4-441D-AD70-AC5A7D51FADB}.Debug|x64.Build.0 = DebugServer|x64
		{DA6F56B4-06A4-441D-AD70-AC5A7D51FADB}.Debug|x86.ActiveCfg = DebugServer|Win32
		{DA6F56B4-06A4-441D-AD70-AC5A7D51FADB}.Debug|x86.Build.0 = DebugServer|Win32
		{DA6F56B4-06A4-441D-AD70-AC5A7D51FADB}.DebugDevelop|x64.ActiveCfg = DebugServer|x64
		{DA6F56B4-06A4-441D-AD70-AC5A7D51FADB}.DebugDevelop|x64.Build.0 = DebugServer|x64
		{DA6F56B4-06A4-441D-AD70-AC5A7D51FADB}.DebugDevelop|x86.ActiveCfg = DebugServer|Win32
		{DA6F56B4-06A4-441D-AD70-AC5A7D51FADB}.DebugDevelop|x86.Build.0 = DebugServer|Win32
		{DA6F56B4-06A4-441D-AD70-AC5A7D51FADB}.DebugServer|x64.ActiveCfg = DebugServer|x64
		{DA6F56B4-06A4-441D-AD70-AC5A7D51FADB}.DebugServer|x64.Build.0 = DebugServer|x64
		{DA6F56B4-06A4-441D-AD70-AC5A7D51FADB}.DebugServer|x86.ActiveCfg = DebugServer|Win32
		{DA6F56B4-06A4-441D-AD70-AC5A7D51FADB}.DebugServer|x86.Build.0 = DebugServer|Win32
		{DA6F56B4-06A4-441D-AD70-AC5A7D51FADB}.DLL Debug - DLL OpenSSL - DLL LibSSH2|x64.ActiveCfg = DLL Debug - DLL OpenSSL - DLL LibSSH2|x64
		{DA6F56B4-06A4-441D-AD70-AC5A7D51FADB}.DLL Debug - DLL OpenSSL - DLL LibSSH2|x64.Build.0 = DLL Debug - DLL OpenSSL - DLL LibSSH2|x64
		{DA6F56B4-06A4-441D-AD70-AC5A7D51FADB}.DLL Debug - DLL OpenSSL - DLL LibSSH2|x86.ActiveCfg = DLL Debug - DLL OpenSSL - DLL LibSSH2|Win32
		{DA6F56B4-06A4-441D-AD70-AC5A7D51FADB}.DLL Debug - DLL OpenSSL - DLL LibSSH2|x86.Build.0 = DLL Debug - DLL OpenSSL - DLL LibSSH2|Win32
		{DA6F56B4-06A4-441D-AD70-AC5A7D51FADB}.DLL Debug - DLL OpenSSL|x64.ActiveCfg = DLL Debug - DLL OpenSSL|x64
		{DA6F56B4-06A4-441D-AD70-AC5A7D51FADB}.DLL Debug - DLL OpenSSL|x64.Build.0 = DLL Debug - DLL OpenSSL|x64
		{DA6F56B4-06A4-441D-AD70-AC5A7D51FADB}.DLL Debug - DLL OpenSSL|x86.ActiveCfg = DLL Debug - DLL OpenSSL|Win32
		{DA6F56B4-06A4-441D-AD70-AC5A7D51FADB}.DLL Debug - DLL OpenSSL|x86.Build.0 = DLL Debug - DLL OpenSSL|Win32
		{DA6F56B4-06A4-441D-AD70-AC5A7D51FADB}.DLL Debug - DLL Windows SSPI - DLL WinIDN|x64.ActiveCfg = DLL Debug - DLL Windows SSPI - DLL WinIDN|x64
		{DA6F56B4-06A4-441D-AD70-AC5A7D51FADB}.DLL Debug - DLL Windows SSPI - DLL WinIDN|x64.Build.0 = DLL Debug - DLL Windows SSPI - DLL WinIDN|x64
		{DA6F56B4-06A4-441D-AD70-AC5A7D51FADB}.DLL Debug - DLL Windows SSPI - DLL WinIDN|x86.ActiveCfg = DLL Debug - DLL Windows SSPI - DLL WinIDN|Win32
		{DA6F56B4-06A4-441D-AD70-AC5A7D51FADB}.DLL Debug - DLL Windows SSPI - DLL WinIDN|x86.Build.0 = DLL Debug - DLL Windows SSPI - DLL WinIDN|Win32
		{DA6F56B4-06A4-441D-AD70-AC5A7D51FADB}.DLL Debug - DLL Windows SSPI|x64.ActiveCfg = DLL Debug - DLL Windows SSPI|x64
		{DA6F56B4-06A4-441D-AD70-AC5A7D51FADB}.DLL Debug - DLL Windows SSPI|x64.Build.0 = DLL Debug - DLL Windows SSPI|x64
		{DA6F56B4-06A4-441D-AD70-AC5A7D51FADB}.DLL Debug - DLL Windows SSPI|x86.ActiveCfg = DLL Debug - DLL Windows SSPI|Win32
		{DA6F56B4-06A4-441D-AD70-AC5A7D51FADB}.DLL Debug - DLL Windows SSPI|x86.Build.0 = DLL Debug - DLL Windows SSPI|Win32
		{DA6F56B4-06A4-441D-AD70-AC5A7D51FADB}.DLL Debug - DLL wolfSSL|x64.ActiveCfg = DLL Debug - DLL wolfSSL|x64
		{DA6F56B4-06A4-441D-AD70-AC5A7D51FADB}.DLL Debug - DLL wolfSSL|x64.Build.0 = DLL Debug - DLL wolfSSL|x64
		{DA6F56B4-06A4-441D-AD70-AC5A7D51FADB}.DLL Debug - DLL wolfSSL|x86.ActiveCfg = DLL Debug - DLL wolfSSL|Win32
		{DA6F56B4-06A4-441D-AD70-AC5A7D51FADB}.DLL Debug - DLL wolfSSL|x86.Build.0 = DLL Debug - DLL wolfSSL|Win32
		{DA6F56B4-06A4-441D-AD70-AC5A7D51FADB}.DLL Debug|x64.ActiveCfg = DLL Debug|x64
		{DA6F56B4-06A4-441D-AD70-AC5A7D51FADB}.DLL Debug|x64.Build.0 = DLL Debug|x64
		{DA6F56B4-06A4-441D-AD70-AC5A7D51FADB}.DLL Debug|x86.ActiveCfg = DLL Debug|Win32
		{DA6F56B4-06A4-441D-AD70-AC5A7D51FADB}.DLL Debug|x86.Build.0 = DLL Debug|Win32
		{DA6F56B4-06A4-441D-AD70-AC5A7D51FADB}.DLL Release - DLL OpenSSL - DLL LibSSH2|x64.ActiveCfg = DLL Release - DLL OpenSSL - DLL LibSSH2|x64
		{DA6F56B4-06A4-441D-AD70-AC5A7D51FADB}.DLL Release - DLL OpenSSL - DLL LibSSH2|x64.Build.0 = DLL Release - DLL OpenSSL - DLL LibSSH2|x64
		{DA6F56B4-06A4-441D-AD70-AC5A7D51FADB}.DLL Release - DLL OpenSSL - DLL LibSSH2|x86.ActiveCfg = DLL Release - DLL OpenSSL - DLL LibSSH2|Win32
		{DA6F56B4-06A4-441D-AD70-AC5A7D51FADB}.DLL Release - DLL OpenSSL - DLL LibSSH2|x86.Build.0 = DLL Release - DLL OpenSSL - DLL LibSSH2|Win32
		{DA6F56B4-06A4-441D-AD70-AC5A7D51FADB}.DLL Release - DLL OpenSSL|x64.ActiveCfg = DLL Release - DLL OpenSSL|x64
		{DA6F56B4-06A4-441D-AD70-AC5A7D51FADB}.DLL Release - DLL OpenSSL|x64.Build.0 = DLL Release - DLL OpenSSL|x64
		{DA6F56B4-06A4-441D-AD70-AC5A7D51FADB}.DLL Release - DLL OpenSSL|x86.ActiveCfg = DLL Release - DLL OpenSSL|Win32
		{DA6F56B4-06A4-441D-AD70-AC5A7D51FADB}.DLL Release - DLL OpenSSL|x86.Build.0 = DLL Release - DLL OpenSSL|Win32
		{DA6F56B4-06A4-441D-AD70-AC5A7D51FADB}.DLL Release - DLL Windows SSPI - DLL WinIDN|x64.ActiveCfg = DLL Release - DLL Windows SSPI - DLL WinIDN|x64
		{DA6F56B4-06A4-441D-AD70-AC5A7D51FADB}.DLL Release - DLL Windows SSPI - DLL WinIDN|x64.Build.0 = DLL Release - DLL Windows SSPI - DLL WinIDN|x64
		{DA6F56B4-06A4-441D-AD70-AC5A7D51FADB}.DLL Release - DLL Windows SSPI - DLL WinIDN|x86.ActiveCfg = DLL Release - DLL Windows SSPI - DLL WinIDN|Win32
		{DA6F56B4-06A4-441D-AD70-AC5A7D51FADB}.DLL Release - DLL Windows SSPI - DLL WinIDN|x86.Build.0 = DLL Release - DLL Windows SSPI - DLL WinIDN|Win32
		{DA6F56B4-06A4-441D-AD70-AC5A7D51FADB}.DLL Release - DLL Windows SSPI|x64.ActiveCfg = DLL Release - DLL Windows SSPI|x64
		{DA6F56B4-06A4-441D-AD70-AC5A7D51FADB}.DLL Release - DLL Windows SSPI|x64.Build.0 = DLL Release - DLL Windows SSPI|x64
		{DA6F56B4-06A4-441D-AD70-AC5A7D51FADB}.DLL Release - DLL Windows SSPI|x86.ActiveCfg = DLL Release - DLL Windows SSPI|Win32
		{DA6F56B4-06A4-441D-AD70-AC5A7D51FADB}.DLL Release - DLL Windows SSPI|x86.Build.0 = DLL Release - DLL Windows SSPI|Win32
		{DA6F56B4-06A4-441D-AD70-AC5A7D51FADB}.DLL Release - DLL wolfSSL|x64.ActiveCfg = DLL Release - DLL wolfSSL|x64
		{DA6F56B4-06A4-441D-AD70-AC5A7D51FADB}.DLL Release - DLL wolfSSL|x64.Build.0 = DLL Release - DLL wolfSSL|x64
		{DA6F56B4-06A4-441D-AD70-AC5A7D51FADB}.DLL Release - DLL wolfSSL|x86.ActiveCfg = DLL Release - DLL wolfSSL|Win32
		{DA6F56B4-06A4-441D-AD70-AC5A7D51FADB}.DLL Release - DLL wolfSSL|x86.Build.0 = DLL Release - DLL wolfSSL|Win32
		{DA6F56B4-06A4-441D-AD70-AC5A7D51FADB}.DLL Release|x64.ActiveCfg = DLL Release|x64
		{DA6F56B4-06A4-441D-AD70-AC5A7D51FADB}.DLL Release|x64.Build.0 = DLL Release|x64
		{DA6F56B4-06A4-441D-AD70-AC5A7D51FADB}.DLL Release|x86.ActiveCfg = DLL Release|Win32
		{DA6F56B4-06A4-441D-AD70-AC5A7D51FADB}.DLL Release|x86.Build.0 = DLL Release|Win32
		{DA6F56B4-06A4-441D-AD70-AC5A7D51FADB}.LIB Debug - DLL OpenSSL - DLL LibSSH2|x64.ActiveCfg = LIB Debug - DLL OpenSSL - DLL LibSSH2|x64
		{DA6F56B4-06A4-441D-AD70-AC5A7D51FADB}.LIB Debug - DLL OpenSSL - DLL LibSSH2|x64.Build.0 = LIB Debug - DLL OpenSSL - DLL LibSSH2|x64
		{DA6F56B4-06A4-441D-AD70-AC5A7D51FADB}.LIB Debug - DLL OpenSSL - DLL LibSSH2|x86.ActiveCfg = LIB Debug - DLL OpenSSL - DLL LibSSH2|Win32
		{DA6F56B4-06A4-441D-AD70-AC5A7D51FADB}.LIB Debug - DLL OpenSSL - DLL LibSSH2|x86.Build.0 = LIB Debug - DLL OpenSSL - DLL LibSSH2|Win32
		{DA6F56B4-06A4-441D-AD70-AC5A7D51FADB}.LIB Debug - DLL OpenSSL|x64.ActiveCfg = LIB Debug - DLL OpenSSL|x64
		{DA6F56B4-06A4-441D-AD70-AC5A7D51FADB}.LIB Debug - DLL OpenSSL|x64.Build.0 = LIB Debug - DLL OpenSSL|x64
		{DA6F56B4-06A4-441D-AD70-AC5A7D51FADB}.LIB Debug - DLL OpenSSL|x86.ActiveCfg = LIB Debug - DLL OpenSSL|Win32
		{DA6F56B4-06A4-441D-AD70-AC5A7D51FADB}.LIB Debug - DLL OpenSSL|x86.Build.0 = LIB Debug - DLL OpenSSL|Win32
		{DA6F56B4-06A4-441D-AD70-AC5A7D51FADB}.LIB Debug - DLL Windows SSPI - DLL WinIDN|x64.ActiveCfg = LIB Debug - DLL Windows SSPI - DLL WinIDN|x64
		{DA6F56B4-06A4-441D-AD70-AC5A7D51FADB}.LIB Debug - DLL Windows SSPI - DLL WinIDN|x64.Build.0 = LIB Debug - DLL Windows SSPI - DLL WinIDN|x64
		{DA6F56B4-06A4-441D-AD70-AC5A7D51FADB}.LIB Debug - DLL Windows SSPI - DLL WinIDN|x86.ActiveCfg = LIB Debug - DLL Windows SSPI - DLL WinIDN|Win32
		{DA6F56B4-06A4-441D-AD70-AC5A7D51FADB}.LIB Debug - DLL Windows SSPI - DLL WinIDN|x86.Build.0 = LIB Debug - DLL Windows SSPI - DLL WinIDN|Win32
		{DA6F56B4-06A4-441D-AD70-AC5A7D51FADB}.LIB Debug - DLL Windows SSPI|x64.ActiveCfg = LIB Debug - DLL Windows SSPI|x64
		{DA6F56B4-06A4-441D-AD70-AC5A7D51FADB}.LIB Debug - DLL Windows SSPI|x64.Build.0 = LIB Debug - DLL Windows SSPI|x64
		{DA6F56B4-06A4-441D-AD70-AC5A7D51FADB}.LIB Debug - DLL Windows SSPI|x86.ActiveCfg = LIB Debug - DLL Windows SSPI|Win32
		{DA6F56B4-06A4-441D-AD70-AC5A7D51FADB}.LIB Debug - DLL Windows SSPI|x86.Build.0 = LIB Debug - DLL Windows SSPI|Win32
		{DA6F56B4-06A4-441D-AD70-AC5A7D51FADB}.LIB Debug - LIB OpenSSL - LIB LibSSH2|x64.ActiveCfg = LIB Debug - LIB OpenSSL - LIB LibSSH2|x64
		{DA6F56B4-06A4-441D-AD70-AC5A7D51FADB}.LIB Debug - LIB OpenSSL - LIB LibSSH2|x64.Build.0 = LIB Debug - LIB OpenSSL - LIB LibSSH2|x64
		{DA6F56B4-06A4-441D-AD70-AC5A7D51FADB}.LIB Debug - LIB OpenSSL - LIB LibSSH2|x86.ActiveCfg = LIB Debug - LIB OpenSSL - LIB LibSSH2|Win32
		{DA6F56B4-06A4-441D-AD70-AC5A7D51FADB}.LIB Debug - LIB OpenSSL - LIB LibSSH2|x86.Build.0 = LIB Debug - LIB OpenSSL - LIB LibSSH2|Win32
		{DA6F56B4-06A4-441D-AD70-AC5A7D51FADB}.LIB Debug - LIB OpenSSL|x64.ActiveCfg = LIB Debug - LIB OpenSSL|x64
		{DA6F56B4-06A4-441D-AD70-AC5A7D51FADB}.LIB Debug - LIB OpenSSL|x64.Build.0 = LIB Debug - LIB OpenSSL|x64
		{DA6F56B4-06A4-441D-AD70-AC5A7D51FADB}.LIB Debug - LIB OpenSSL|x86.ActiveCfg = LIB Debug - LIB OpenSSL|Win32
		{DA6F56B4-06A4-441D-AD70-AC5A7D51FADB}.LIB Debug - LIB OpenSSL|x86.Build.0 = LIB Debug - LIB OpenSSL|Win32
		{DA6F56B4-06A4-441D-AD70-AC5A7D51FADB}.LIB Debug - LIB wolfSSL|x64.ActiveCfg = LIB Debug - LIB wolfSSL|x64
		{DA6F56B4-06A4-441D-AD70-AC5A7D51FADB}.LIB Debug - LIB wolfSSL|x64.Build.0 = LIB Debug - LIB wolfSSL|x64
		{DA6F56B4-06A4-441D-AD70-AC5A7D51FADB}.LIB Debug - LIB wolfSSL|x86.ActiveCfg = LIB Debug - LIB wolfSSL|Win32
		{DA6F56B4-06A4-441D-AD70-AC5A7D51FADB}.LIB Debug - LIB wolfSSL|x86.Build.0 = LIB Debug - LIB wolfSSL|Win32
		{DA6F56B4-06A4-441D-AD70-AC5A7D51FADB}.LIB Debug|x64.ActiveCfg = LIB Debug|x64
		{DA6F56B4-06A4-441D-AD70-AC5A7D51FADB}.LIB Debug|x64.Build.0 = LIB Debug|x64
		{DA6F56B4-06A4-441D-AD70-AC5A7D51FADB}.LIB Debug|x86.ActiveCfg = LIB Debug|Win32
		{DA6F56B4-06A4-441D-AD70-AC5A7D51FADB}.LIB Debug|x86.Build.0 = LIB Debug|Win32
		{DA6F56B4-06A4-441D-AD70-AC5A7D51FADB}.LIB Release - DLL OpenSSL - DLL LibSSH2|x64.ActiveCfg = LIB Release - DLL OpenSSL - DLL LibSSH2|x64
		{DA6F56B4-06A4-441D-AD70-AC5A7D51FADB}.LIB Release - DLL OpenSSL - DLL LibSSH2|x64.Build.0 = LIB Release - DLL OpenSSL - DLL LibSSH2|x64
		{DA6F56B4-06A4-441D-AD70-AC5A7D51FADB}.LIB Release - DLL OpenSSL - DLL LibSSH2|x86.ActiveCfg = LIB Release - DLL OpenSSL - DLL LibSSH2|Win32
		{DA6F56B4-06A4-441D-AD70-AC5A7D51FADB}.LIB Release - DLL OpenSSL - DLL LibSSH2|x86.Build.0 = LIB Release - DLL OpenSSL - DLL LibSSH2|Win32
		{DA6F56B4-06A4-441D-AD70-AC5A7D51FADB}.LIB Release - DLL OpenSSL|x64.ActiveCfg = LIB Release - DLL OpenSSL|x64
		{DA6F56B4-06A4-441D-AD70-AC5A7D51FADB}.LIB Release - DLL OpenSSL|x64.Build.0 = LIB Release - DLL OpenSSL|x64
		{DA6F56B4-06A4-441D-AD70-AC5A7D51FADB}.LIB Release - DLL OpenSSL|x86.ActiveCfg = LIB Release - DLL OpenSSL|Win32
		{DA6F56B4-06A4-441D-AD70-AC5A7D51FADB}.LIB Release - DLL OpenSSL|x86.Build.0 = LIB Release - DLL OpenSSL|Win32
		{DA6F56B4-06A4-441D-AD70-AC5A7D51FADB}.LIB Release - DLL Windows SSPI - DLL WinIDN|x64.ActiveCfg = LIB Release - DLL Windows SSPI - DLL WinIDN|x64
		{DA6F56B4-06A4-441D-AD70-AC5A7D51FADB}.LIB Release - DLL Windows SSPI - DLL WinIDN|x64.Build.0 = LIB Release - DLL Windows SSPI - DLL WinIDN|x64
		{DA6F56B4-06A4-441D-AD70-AC5A7D51FADB}.LIB Release - DLL Windows SSPI - DLL WinIDN|x86.ActiveCfg = LIB Release - DLL Windows SSPI - DLL WinIDN|Win32
		{DA6F56B4-06A4-441D-AD70-AC5A7D51FADB}.LIB Release - DLL Windows SSPI - DLL WinIDN|x86.Build.0 = LIB Release - DLL Windows SSPI - DLL WinIDN|Win32
		{DA6F56B4-06A4-441D-AD70-AC5A7D51FADB}.LIB Release - DLL Windows SSPI|x64.ActiveCfg = LIB Release - DLL Windows SSPI|x64
		{DA6F56B4-06A4-441D-AD70-AC5A7D51FADB}.LIB Release - DLL Windows SSPI|x64.Build.0 = LIB Release - DLL Windows SSPI|x64
		{DA6F56B4-06A4-441D-AD70-AC5A7D51FADB}.LIB Release - DLL Windows SSPI|x86.ActiveCfg = LIB Release - DLL Windows SSPI|Win32
		{DA6F56B4-06A4-441D-AD70-AC5A7D51FADB}.LIB Release - DLL Windows SSPI|x86.Build.0 = LIB Release - DLL Windows SSPI|Win32
		{DA6F56B4-06A4-441D-AD70-AC5A7D51FADB}.LIB Release - LIB OpenSSL - LIB LibSSH2|x64.ActiveCfg = LIB Release - LIB OpenSSL - LIB LibSSH2|x64
		{DA6F56B4-06A4-441D-AD70-AC5A7D51FADB}.LIB Release - LIB OpenSSL - LIB LibSSH2|x64.Build.0 = LIB Release - LIB OpenSSL - LIB LibSSH2|x64
		{DA6F56B4-06A4-441D-AD70-AC5A7D51FADB}.LIB Release - LIB OpenSSL - LIB LibSSH2|x86.ActiveCfg = LIB Release - LIB OpenSSL - LIB LibSSH2|Win32
		{DA6F56B4-06A4-441D-AD70-AC5A7D51FADB}.LIB Release - LIB OpenSSL - LIB LibSSH2|x86.Build.0 = LIB Release - LIB OpenSSL - LIB LibSSH2|Win32
		{DA6F56B4-06A4-441D-AD70-AC5A7D51FADB}.LIB Release - LIB OpenSSL|x64.ActiveCfg = LIB Release - LIB OpenSSL|x64
		{DA6F56B4-06A4-441D-AD70-AC5A7D51FADB}.LIB Release - LIB OpenSSL|x64.Build.0 = LIB Release - LIB OpenSSL|x64
		{DA6F56B4-06A4-441D-AD70-AC5A7D51FADB}.LIB Release - LIB OpenSSL|x86.ActiveCfg = LIB Release - LIB OpenSSL|Win32
		{DA6F56B4-06A4-441D-AD70-AC5A7D51FADB}.LIB Release - LIB OpenSSL|x86.Build.0 = LIB Release - LIB OpenSSL|Win32
		{DA6F56B4-06A4-441D-AD70-AC5A7D51FADB}.LIB Release - LIB wolfSSL|x64.ActiveCfg = LIB Release - LIB wolfSSL|x64
		{DA6F56B4-06A4-441D-AD70-AC5A7D51FADB}.LIB Release - LIB wolfSSL|x64.Build.0 = LIB Release - LIB wolfSSL|x64
		{DA6F56B4-06A4-441D-AD70-AC5A7D51FADB}.LIB Release - LIB wolfSSL|x86.ActiveCfg = LIB Release - LIB wolfSSL|Win32
		{DA6F56B4-06A4-441D-AD70-AC5A7D51FADB}.LIB Release - LIB wolfSSL|x86.Build.0 = LIB Release - LIB wolfSSL|Win32
		{DA6F56B4-06A4-441D-AD70-AC5A7D51FADB}.LIB Release|x64.ActiveCfg = LIB Release|x64
		{DA6F56B4-06A4-441D-AD70-AC5A7D51FADB}.LIB Release|x64.Build.0 = LIB Release|x64
		{DA6F56B4-06A4-441D-AD70-AC5A7D51FADB}.LIB Release|x86.ActiveCfg = LIB Release|Win32
		{DA6F56B4-06A4-441D-AD70-AC5A7D51FADB}.LIB Release|x86.Build.0 = LIB Release|Win32
		{DA6F56B4-06A4-441D-AD70-AC5A7D51FADB}.Release|x64.ActiveCfg = LIB Release - LIB OpenSSL - LIB LibSSH2|x64
		{DA6F56B4-06A4-441D-AD70-AC5A7D51FADB}.Release|x64.Build.0 = LIB Release - LIB OpenSSL - LIB LibSSH2|x64
		{DA6F56B4-06A4-441D-AD70-AC5A7D51FADB}.Release|x86.ActiveCfg = LIB Release - DLL Windows SSPI|Win32
		{DA6F56B4-06A4-441D-AD70-AC5A7D51FADB}.Release|x86.Build.0 = LIB Release - DLL Windows SSPI|Win32
	EndGlobalSection
	GlobalSection(SolutionProperties) = preSolution
		HideSolutionNode = FALSE
	EndGlobalSection
	GlobalSection(NestedProjects) = preSolution
		{7B59C823-5459-4C17-8022-FAB40D42766B} = {4DB86FAB-B462-409C-837A-32C4E49A22D3}
		{8FD22748-0005-4B29-9136-BD5E8512B1BD} = {4DB86FAB-B462-409C-837A-32C4E49A22D3}
		{381212EA-3FF5-40DD-A666-8EE4D026B880} = {4DB86FAB-B462-409C-837A-32C4E49A22D3}
		{3F6F9ECC-C683-4520-A975-A5EFF6C33EC4} = {4DB86FAB-B462-409C-837A-32C4E49A22D3}
		{169F7DBF-3C7D-411E-9DDE-CDC062A57EB0} = {4DB86FAB-B462-409C-837A-32C4E49A22D3}
		{DA6F56B4-06A4-441D-AD70-AC5A7D51FADB} = {4DB86FAB-B462-409C-837A-32C4E49A22D3}
	EndGlobalSection
	GlobalSection(ExtensibilityGlobals) = postSolution
		SolutionGuid = {FC135BDB-9595-469F-990D-CE98FB662047}
	EndGlobalSection
EndGlobal
