<?xml version="1.0" encoding="utf-8"?>
<Project ToolsVersion="4.0" xmlns="http://schemas.microsoft.com/developer/msbuild/2003">
  <ItemGroup>
    <Filter Include="源文件">
      <UniqueIdentifier>{4FC737F1-C7A5-4376-A066-2A32D752A2FF}</UniqueIdentifier>
      <Extensions>cpp;c;cc;cxx;def;odl;idl;hpj;bat;asm;asmx</Extensions>
    </Filter>
    <Filter Include="头文件">
      <UniqueIdentifier>{93995380-89BD-4b04-88EB-625FBE52EBFB}</UniqueIdentifier>
      <Extensions>h;hpp;hxx;hm;inl;inc;xsd</Extensions>
    </Filter>
    <Filter Include="资源文件">
      <UniqueIdentifier>{67DA6AB6-F800-4c08-8B7A-83BB121AAD01}</UniqueIdentifier>
      <Extensions>rc;ico;cur;bmp;dlg;rc2;rct;bin;rgs;gif;jpg;jpeg;jpe;resx;tiff;tif;png;wav;mfcribbon-ms</Extensions>
    </Filter>
    <Filter Include="Event">
      <UniqueIdentifier>{89d8fa0d-afed-407a-8757-25521f99628f}</UniqueIdentifier>
    </Filter>
    <Filter Include="LogicData">
      <UniqueIdentifier>{99ea3b77-2ce3-4b44-81ac-c5e9d47a703f}</UniqueIdentifier>
    </Filter>
    <Filter Include="LogicEvent">
      <UniqueIdentifier>{640ce7aa-6a8f-46e2-acd0-d9019033bf9d}</UniqueIdentifier>
    </Filter>
    <Filter Include="Net">
      <UniqueIdentifier>{857c9450-bb45-42c3-bf44-f41cd8be9b02}</UniqueIdentifier>
    </Filter>
    <Filter Include="AI">
      <UniqueIdentifier>{b30ef175-24b0-440b-a66f-19ffc1f9bf65}</UniqueIdentifier>
    </Filter>
    <Filter Include="Listen">
      <UniqueIdentifier>{9422857f-4906-466c-9b61-e0b8d20de784}</UniqueIdentifier>
    </Filter>
  </ItemGroup>
  <ItemGroup>
    <ClCompile Include="..\EventCore\Core\CEvent.cpp">
      <Filter>Event</Filter>
    </ClCompile>
    <ClCompile Include="..\EventCore\Core\ClientEvent.cpp">
      <Filter>Event</Filter>
    </ClCompile>
    <ClCompile Include="..\EventCore\Core\Event.cpp">
      <Filter>Event</Filter>
    </ClCompile>
    <ClCompile Include="..\EventCore\Core\EventCenter.cpp">
      <Filter>Event</Filter>
    </ClCompile>
    <ClCompile Include="..\EventCore\Core\EventCore.cpp">
      <Filter>Event</Filter>
    </ClCompile>
    <ClCompile Include="..\EventCore\Core\EventFactory.cpp">
      <Filter>Event</Filter>
    </ClCompile>
    <ClCompile Include="..\EventCore\Core\FixedTimeManager.cpp">
      <Filter>Event</Filter>
    </ClCompile>
    <ClCompile Include="..\EventCore\Core\LogicEvent.cpp">
      <Filter>Event</Filter>
    </ClCompile>
    <ClCompile Include="..\EventCore\Core\LogicNode.cpp">
      <Filter>Event</Filter>
    </ClCompile>
    <ClCompile Include="..\EventCore\Core\ResponseEvent.cpp">
      <Filter>Event</Filter>
    </ClCompile>
    <ClCompile Include="..\EventCore\Core\ServerEvent.cpp">
      <Filter>Event</Filter>
    </ClCompile>
    <ClCompile Include="..\EventCore\Core\NetHandle.cpp">
      <Filter>Net</Filter>
    </ClCompile>
    <ClCompile Include="..\EventCore\Core\Packet.cpp">
      <Filter>Net</Filter>
    </ClCompile>
    <ClCompile Include="..\EventCore\Core\EventManager.cpp">
      <Filter>源文件</Filter>
    </ClCompile>
  </ItemGroup>
  <ItemGroup>
    <ClInclude Include="..\EventCore\Core\CEvent.h">
      <Filter>Event</Filter>
    </ClInclude>
    <ClInclude Include="..\EventCore\Core\ClientEvent.h">
      <Filter>Event</Filter>
    </ClInclude>
    <ClInclude Include="..\EventCore\Core\EasyListNode.h">
      <Filter>Event</Filter>
    </ClInclude>
    <ClInclude Include="..\EventCore\Core\Event.h">
      <Filter>Event</Filter>
    </ClInclude>
    <ClInclude Include="..\EventCore\Core\EventCenter.h">
      <Filter>Event</Filter>
    </ClInclude>
    <ClInclude Include="..\EventCore\Core\EventFactory.h">
      <Filter>Event</Filter>
    </ClInclude>
    <ClInclude Include="..\EventCore\Core\FixedTimeManager.h">
      <Filter>Event</Filter>
    </ClInclude>
    <ClInclude Include="..\EventCore\Core\LogicEvent.h">
      <Filter>Event</Filter>
    </ClInclude>
    <ClInclude Include="..\EventCore\Core\LogicNode.h">
      <Filter>Event</Filter>
    </ClInclude>
    <ClInclude Include="..\EventCore\Core\ResponseEvent.h">
      <Filter>Event</Filter>
    </ClInclude>
    <ClInclude Include="..\EventCore\Core\ScriptFace.h">
      <Filter>Event</Filter>
    </ClInclude>
    <ClInclude Include="..\EventCore\Core\ServerEvent.h">
      <Filter>Event</Filter>
    </ClInclude>
    <ClInclude Include="..\EventCore\Core\EventCallBack.h">
      <Filter>Event</Filter>
    </ClInclude>
    <ClInclude Include="..\EventCore\Core\DataCenter.h">
      <Filter>LogicData</Filter>
    </ClInclude>
    <ClInclude Include="..\EventCore\Core\ExeEvent.h">
      <Filter>LogicEvent</Filter>
    </ClInclude>
    <ClInclude Include="..\EventCore\Core\NetHandle.h">
      <Filter>Net</Filter>
    </ClInclude>
    <ClInclude Include="..\EventCore\Core\NiceDataProtocol.h">
      <Filter>Net</Filter>
    </ClInclude>
    <ClInclude Include="..\EventCore\Core\EventCore.h">
      <Filter>Event</Filter>
    </ClInclude>
    <ClInclude Include="..\EventCore\Core\AI.h">
      <Filter>AI</Filter>
    </ClInclude>
    <ClInclude Include="..\EventCore\Core\Packet.h">
      <Filter>Net</Filter>
    </ClInclude>
    <ClInclude Include="..\EventCore\Core\PacketFactory.h">
      <Filter>Net</Filter>
    </ClInclude>
    <ClInclude Include="..\EventCore\Core\TriggerEvent.h">
      <Filter>Event</Filter>
    </ClInclude>
    <ClInclude Include="..\EventCore\Core\ListenFunction.h">
      <Filter>Listen</Filter>
    </ClInclude>
    <ClInclude Include="..\EventCore\Core\EventManager.h">
      <Filter>Listen</Filter>
    </ClInclude>
  </ItemGroup>
</Project>