<?xml version="1.0" encoding="utf-8"?>
<Project ToolsVersion="4.0" xmlns="http://schemas.microsoft.com/developer/msbuild/2003">
  <ItemGroup>
    <Filter Include="源文件">
      <UniqueIdentifier>{4FC737F1-C7A5-4376-A066-2A32D752A2FF}</UniqueIdentifier>
      <Extensions>cpp;c;cc;cxx;def;odl;idl;hpj;bat;asm;asmx</Extensions>
    </Filter>
    <Filter Include="头文件">
      <UniqueIdentifier>{93995380-89BD-4b04-88EB-625FBE52EBFB}</UniqueIdentifier>
      <Extensions>h;hh;hpp;hxx;hm;inl;inc;ipp;xsd</Extensions>
    </Filter>
    <Filter Include="资源文件">
      <UniqueIdentifier>{67DA6AB6-F800-4c08-8B7A-83BB121AAD01}</UniqueIdentifier>
      <Extensions>rc;ico;cur;bmp;dlg;rc2;rct;bin;rgs;gif;jpg;jpeg;jpe;resx;tiff;tif;png;wav;mfcribbon-ms</Extensions>
    </Filter>
    <Filter Include="Code">
      <UniqueIdentifier>{07062e94-1b9c-4ca4-846f-d0ec23f1edb6}</UniqueIdentifier>
    </Filter>
    <Filter Include="ShareMemNet">
      <UniqueIdentifier>{f361b909-2a2f-402b-9632-8f5d419d2a58}</UniqueIdentifier>
    </Filter>
  </ItemGroup>
  <ItemGroup>
    <ClInclude Include="Code\mDBRecordShareMemoryPool.h">
      <Filter>Code</Filter>
    </ClInclude>
    <ClInclude Include="Code\mNewCreateShareMemFieldIndex.h">
      <Filter>Code</Filter>
    </ClInclude>
    <ClInclude Include="Code\mShareMemDBManager.h">
      <Filter>Code</Filter>
    </ClInclude>
    <ClInclude Include="Code\mShareMemMsgEvent.h">
      <Filter>Code</Filter>
    </ClInclude>
    <ClInclude Include="Code\ShareMemNet.h">
      <Filter>Code</Filter>
    </ClInclude>
    <ClInclude Include="Code\ShareDBLib.h">
      <Filter>头文件</Filter>
    </ClInclude>
    <ClInclude Include="Code\mShareMemTableData.h">
      <Filter>Code</Filter>
    </ClInclude>
  </ItemGroup>
  <ItemGroup>
    <ClCompile Include="Code\mDBRecordShareMemoryPool.cpp">
      <Filter>Code</Filter>
    </ClCompile>
    <ClCompile Include="Code\mNewCreateShareMemFieldIndex.cpp">
      <Filter>Code</Filter>
    </ClCompile>
    <ClCompile Include="Code\mShareMemDBManager.cpp">
      <Filter>Code</Filter>
    </ClCompile>
    <ClCompile Include="Code\mShareMemTableData.cpp">
      <Filter>Code</Filter>
    </ClCompile>
    <ClCompile Include="Code\ShareMemNet.cpp">
      <Filter>Code</Filter>
    </ClCompile>
  </ItemGroup>
</Project>