<?xml version="1.0" encoding="utf-8"?>
<Project ToolsVersion="4.0" xmlns="http://schemas.microsoft.com/developer/msbuild/2003">
  <ItemGroup>
    <ClCompile Include="main.cpp" />
  </ItemGroup>
  <ItemGroup>
    <Filter Include="Include">
      <UniqueIdentifier>{035067cd-3b44-4d8f-8143-d057de2bf66b}</UniqueIdentifier>
    </Filter>
  </ItemGroup>
  <ItemGroup>
    <ClInclude Include="..\..\BaseCommon\BaseCommon.h">
      <Filter>Include</Filter>
    </ClInclude>
    <ClInclude Include="..\..\BaseCommon\CoroutineTool.h">
      <Filter>Include</Filter>
    </ClInclude>
    <ClInclude Include="..\..\BaseCommon\AsyncAutoFunction.h">
      <Filter>Include</Filter>
    </ClInclude>
    <ClInclude Include="..\..\BaseCommon\AsyncFunction.h">
      <Filter>Include</Filter>
    </ClInclude>
    <ClInclude Include="..\..\BaseCommon\Task.h">
      <Filter>Include</Filter>
    </ClInclude>
    <ClInclude Include="..\..\BaseCommon\coroutine.h">
      <Filter>Include</Filter>
    </ClInclude>
    <ClInclude Include="..\..\BaseCommon\EasyMap.h">
      <Filter>Include</Filter>
    </ClInclude>
    <ClInclude Include="..\..\BaseCommon\TableManager.h">
      <Filter>Include</Filter>
    </ClInclude>
    <ClInclude Include="..\..\BaseCommon\NiceData.h">
      <Filter>Include</Filter>
    </ClInclude>
    <ClInclude Include="..\..\BaseCommon\AData.h">
      <Filter>Include</Filter>
    </ClInclude>
    <ClInclude Include="..\..\BaseCommon\Array.h">
      <Filter>Include</Filter>
    </ClInclude>
    <ClInclude Include="..\..\BaseCommon\EasyList.h">
      <Filter>Include</Filter>
    </ClInclude>
    <ClInclude Include="..\..\BaseCommon\EasyHash.h">
      <Filter>Include</Filter>
    </ClInclude>
    <ClInclude Include="..\..\BaseCommon\WorkThread.h">
      <Filter>Include</Filter>
    </ClInclude>
    <ClInclude Include="..\..\BaseCommon\FieldTypeDefine.h">
      <Filter>Include</Filter>
    </ClInclude>
    <ClInclude Include="..\..\BaseCommon\ExtFieldInfo.h">
      <Filter>Include</Filter>
    </ClInclude>
    <ClInclude Include="..\..\BaseCommon\Common.h">
      <Filter>Include</Filter>
    </ClInclude>
    <ClInclude Include="..\..\BaseCommon\PoolList.h">
      <Filter>Include</Filter>
    </ClInclude>
    <ClInclude Include="..\..\BaseCommon\MemBase.h">
      <Filter>Include</Filter>
    </ClInclude>
    <ClInclude Include="..\..\BaseCommon\Timer.h">
      <Filter>Include</Filter>
    </ClInclude>
    <ClInclude Include="..\..\BaseCommon\Auto.h">
      <Filter>Include</Filter>
    </ClInclude>
    <ClInclude Include="..\..\BaseCommon\RandTool.h">
      <Filter>Include</Filter>
    </ClInclude>
    <ClInclude Include="..\..\BaseCommon\ArrayIndex.h">
      <Filter>Include</Filter>
    </ClInclude>
    <ClInclude Include="..\..\BaseCommon\LoopDataStream.h">
      <Filter>Include</Filter>
    </ClInclude>
    <ClInclude Include="..\..\BaseCommon\DataBuffer.h">
      <Filter>Include</Filter>
    </ClInclude>
    <ClInclude Include="..\..\BaseCommon\Zip\zutil.h">
      <Filter>Include</Filter>
    </ClInclude>
    <ClInclude Include="..\..\BaseCommon\Zip\zlib.h">
      <Filter>Include</Filter>
    </ClInclude>
    <ClInclude Include="..\..\BaseCommon\Zip\trees.h">
      <Filter>Include</Filter>
    </ClInclude>
    <ClInclude Include="..\..\BaseCommon\Zip\inftrees.h">
      <Filter>Include</Filter>
    </ClInclude>
    <ClInclude Include="..\..\BaseCommon\Zip\inflate.h">
      <Filter>Include</Filter>
    </ClInclude>
    <ClInclude Include="..\..\BaseCommon\Zip\inffixed.h">
      <Filter>Include</Filter>
    </ClInclude>
    <ClInclude Include="..\..\BaseCommon\Zip\inffast.h">
      <Filter>Include</Filter>
    </ClInclude>
    <ClInclude Include="..\..\BaseCommon\Zip\deflate.h">
      <Filter>Include</Filter>
    </ClInclude>
    <ClInclude Include="..\..\BaseCommon\Zip\crc32.h">
      <Filter>Include</Filter>
    </ClInclude>
    <ClInclude Include="..\..\BaseCommon\Zip\zconf.in.h">
      <Filter>Include</Filter>
    </ClInclude>
    <ClInclude Include="..\..\BaseCommon\Zip\zconf.h">
      <Filter>Include</Filter>
    </ClInclude>
    <ClInclude Include="..\..\BaseCommon\FileDataStream.h">
      <Filter>Include</Filter>
    </ClInclude>
    <ClInclude Include="..\..\BaseCommon\LogThread.h">
      <Filter>Include</Filter>
    </ClInclude>
    <ClInclude Include="..\..\BaseCommon\CSVTableLoader.h">
      <Filter>Include</Filter>
    </ClInclude>
    <ClInclude Include="..\..\BaseCommon\IntEasyMapIndex.h">
      <Filter>Include</Filter>
    </ClInclude>
    <ClInclude Include="..\..\BaseCommon\Int64HashIndex.h">
      <Filter>Include</Filter>
    </ClInclude>
    <ClInclude Include="..\..\BaseCommon\AutoString.h">
      <Filter>Include</Filter>
    </ClInclude>
    <ClInclude Include="..\..\BaseCommon\Lock.h">
      <Filter>Include</Filter>
    </ClInclude>
    <ClInclude Include="..\..\BaseCommon\Data.h">
      <Filter>Include</Filter>
    </ClInclude>
    <ClInclude Include="..\..\BaseCommon\Md5Tool.h">
      <Filter>Include</Filter>
    </ClInclude>
    <ClInclude Include="..\..\BaseCommon\DataStream.h">
      <Filter>Include</Filter>
    </ClInclude>
    <ClInclude Include="..\..\BaseCommon\MemoryTableFieldIndex.h">
      <Filter>Include</Filter>
    </ClInclude>
    <ClInclude Include="..\..\BaseCommon\FieldIndex.h">
      <Filter>Include</Filter>
    </ClInclude>
    <ClInclude Include="..\..\BaseCommon\IndexBaseTable.h">
      <Filter>Include</Filter>
    </ClInclude>
    <ClInclude Include="..\..\BaseCommon\IndexDBRecord.h">
      <Filter>Include</Filter>
    </ClInclude>
    <ClInclude Include="..\..\BaseCommon\ShareMemAO.h">
      <Filter>Include</Filter>
    </ClInclude>
    <ClInclude Include="..\..\BaseCommon\DBNice.h">
      <Filter>Include</Filter>
    </ClInclude>
    <ClInclude Include="..\..\BaseCommon\FieldInfo.h">
      <Filter>Include</Filter>
    </ClInclude>
    <ClInclude Include="..\..\BaseCommon\GenerateCodeTool.h">
      <Filter>Include</Filter>
    </ClInclude>
    <ClInclude Include="..\..\BaseCommon\BaseRecord.h">
      <Filter>Include</Filter>
    </ClInclude>
    <ClInclude Include="..\..\BaseCommon\NiceDataFieldInfo.h">
      <Filter>Include</Filter>
    </ClInclude>
    <ClInclude Include="..\..\BaseCommon\IDNiceData.h">
      <Filter>Include</Filter>
    </ClInclude>
    <ClInclude Include="..\..\BaseCommon\BaseFieldInfo.h">
      <Filter>Include</Filter>
    </ClInclude>
    <ClInclude Include="..\..\BaseCommon\ShareMemoryPool.h">
      <Filter>Include</Filter>
    </ClInclude>
    <ClInclude Include="..\..\BaseCommon\Assertx.h">
      <Filter>Include</Filter>
    </ClInclude>
    <ClInclude Include="..\..\BaseCommon\BaseTable.h">
      <Filter>Include</Filter>
    </ClInclude>
    <ClInclude Include="..\..\BaseCommon\RecordMemPool.h">
      <Filter>Include</Filter>
    </ClInclude>
    <ClInclude Include="..\..\BaseCommon\ShareMemAPI.h">
      <Filter>Include</Filter>
    </ClInclude>
    <ClInclude Include="..\..\BaseCommon\AutoPtr.h">
      <Filter>Include</Filter>
    </ClInclude>
    <ClInclude Include="..\..\BaseCommon\TimeManager.h">
      <Filter>Include</Filter>
    </ClInclude>
    <ClInclude Include="..\..\BaseCommon\AutoDebug.h">
      <Filter>Include</Filter>
    </ClInclude>
    <ClInclude Include="..\..\BaseCommon\StringTool.h">
      <Filter>Include</Filter>
    </ClInclude>
    <ClInclude Include="..\..\BaseCommon\CallBack.h">
      <Filter>Include</Filter>
    </ClInclude>
    <ClInclude Include="..\..\BaseCommon\EasyStack.h">
      <Filter>Include</Filter>
    </ClInclude>
    <ClInclude Include="..\..\BaseCommon\ArrayList.h">
      <Filter>Include</Filter>
    </ClInclude>
    <ClInclude Include="..\..\BaseCommon\LoopList.h">
      <Filter>Include</Filter>
    </ClInclude>
    <ClInclude Include="..\..\BaseCommon\StringEasyHashIndex.h">
      <Filter>Include</Filter>
    </ClInclude>
    <ClInclude Include="..\..\BaseCommon\RecordIndex.h">
      <Filter>Include</Filter>
    </ClInclude>
    <ClInclude Include="..\..\BaseCommon\RecordTool.h">
      <Filter>Include</Filter>
    </ClInclude>
    <ClInclude Include="..\..\BaseCommon\StringHashIndex.h">
      <Filter>Include</Filter>
    </ClInclude>
    <ClInclude Include="..\..\BaseCommon\Dump.h">
      <Filter>Include</Filter>
    </ClInclude>
    <ClInclude Include="..\..\BaseCommon\EasyHashEx.h">
      <Filter>Include</Filter>
    </ClInclude>
    <ClInclude Include="..\..\BaseCommon\CFileAPI.h">
      <Filter>Include</Filter>
    </ClInclude>
    <ClInclude Include="..\..\BaseCommon\Int64MapIndex.h">
      <Filter>Include</Filter>
    </ClInclude>
    <ClInclude Include="..\..\BaseCommon\MultipleInt64MapIndex.h">
      <Filter>Include</Filter>
    </ClInclude>
    <ClInclude Include="..\..\BaseCommon\MultipleStringIndex.h">
      <Filter>Include</Filter>
    </ClInclude>
    <ClInclude Include="..\..\BaseCommon\IntEasyHashIndex.h">
      <Filter>Include</Filter>
    </ClInclude>
    <ClInclude Include="..\..\BaseCommon\ListRecordIndex.h">
      <Filter>Include</Filter>
    </ClInclude>
    <ClInclude Include="..\..\BaseCommon\AutoObjectFieldInfo.h">
      <Filter>Include</Filter>
    </ClInclude>
    <ClInclude Include="..\..\BaseCommon\LoadDBCallBack.h">
      <Filter>Include</Filter>
    </ClInclude>
    <ClInclude Include="..\..\BaseCommon\DBFieldTable.h">
      <Filter>Include</Filter>
    </ClInclude>
    <ClInclude Include="..\..\BaseCommon\SqlDataFieldInfo.h">
      <Filter>Include</Filter>
    </ClInclude>
    <ClInclude Include="..\..\BaseCommon\FieldSubTable.h">
      <Filter>Include</Filter>
    </ClInclude>
    <ClInclude Include="..\..\BaseCommon\LogEvent.h">
      <Filter>Include</Filter>
    </ClInclude>
    <ClInclude Include="..\..\BaseCommon\DBTool.h">
      <Filter>Include</Filter>
    </ClInclude>
    <ClInclude Include="..\..\BaseCommon\TableFieldInfo.h">
      <Filter>Include</Filter>
    </ClInclude>
    <ClInclude Include="..\..\BaseCommon\RecordFieldInfo.h">
      <Filter>Include</Filter>
    </ClInclude>
    <ClInclude Include="..\..\BaseCommon\ConfigTable.h">
      <Filter>Include</Filter>
    </ClInclude>
    <ClInclude Include="..\..\BaseCommon\FactoryTemplate.h">
      <Filter>Include</Filter>
    </ClInclude>
    <ClInclude Include="..\..\BaseCommon\Hand.h">
      <Filter>Include</Filter>
    </ClInclude>
    <ClInclude Include="..\..\BaseCommon\TableUpdateLoader.h">
      <Filter>Include</Filter>
    </ClInclude>
    <ClInclude Include="..\..\BaseCommon\ResoursePack.h">
      <Filter>Include</Filter>
    </ClInclude>
    <ClInclude Include="..\..\BaseCommon\CSVReader.h">
      <Filter>Include</Filter>
    </ClInclude>
    <ClInclude Include="..\..\BaseCommon\DataProtocol.h">
      <Filter>Include</Filter>
    </ClInclude>
    <ClInclude Include="..\..\BaseCommon\AES.h">
      <Filter>Include</Filter>
    </ClInclude>
    <ClInclude Include="..\..\BaseCommon\AnyData.h">
      <Filter>Include</Filter>
    </ClInclude>
    <ClInclude Include="..\..\BaseCommon\AutoKey.h">
      <Filter>Include</Filter>
    </ClInclude>
    <ClInclude Include="..\..\BaseCommon\DBCallBack.h">
      <Filter>Include</Filter>
    </ClInclude>
    <ClInclude Include="..\..\BaseCommon\DBResultCallBack.h">
      <Filter>Include</Filter>
    </ClInclude>
    <ClInclude Include="..\..\BaseCommon\DBSqlManager.h">
      <Filter>Include</Filter>
    </ClInclude>
    <ClInclude Include="..\..\BaseCommon\EasySet.h">
      <Filter>Include</Filter>
    </ClInclude>
    <ClInclude Include="..\..\BaseCommon\IFunction.h">
      <Filter>Include</Filter>
    </ClInclude>
    <ClInclude Include="..\..\BaseCommon\LoadDataCallBack.h">
      <Filter>Include</Filter>
    </ClInclude>
    <ClInclude Include="..\..\BaseCommon\StringDataStream.h">
      <Filter>Include</Filter>
    </ClInclude>
    <ClInclude Include="..\..\BaseCommon\TableLog.h">
      <Filter>Include</Filter>
    </ClInclude>
    <ClInclude Include="..\..\BaseCommon\TaskFactory.h">
      <Filter>Include</Filter>
    </ClInclude>
    <ClInclude Include="..\..\BaseCommon\TaskManager.h">
      <Filter>Include</Filter>
    </ClInclude>
    <ClInclude Include="..\..\BaseCommon\ThreadEvent.h">
      <Filter>Include</Filter>
    </ClInclude>
    <ClInclude Include="..\..\BaseCommon\FastHash.h">
      <Filter>Include</Filter>
    </ClInclude>
  </ItemGroup>
  <ItemGroup>
    <None Include="..\..\BaseCommon\DataStream.inl">
      <Filter>Include</Filter>
    </None>
  </ItemGroup>
</Project>